// !$*UTF8*$!
{
	archiveVersion = 1;
	classes = {
	};
	objectVersion = 46;
	objects = {

/* Begin PBXBuildFile section */
		F31F2CC91E2C4B710034F8F7 /* main.m in Sources */ = {isa = PBXBuildFile; fileRef = F31F2CC81E2C4B710034F8F7 /* main.m */; };
		F31F2CCC1E2C4B710034F8F7 /* AppDelegate.m in Sources */ = {isa = PBXBuildFile; fileRef = F31F2CCB1E2C4B710034F8F7 /* AppDelegate.m */; };
		F31F2CCF1E2C4B710034F8F7 /* ViewController.m in Sources */ = {isa = PBXBuildFile; fileRef = F31F2CCE1E2C4B710034F8F7 /* ViewController.m */; };
		F31F2CD21E2C4B710034F8F7 /* Main.storyboard in Resources */ = {isa = PBXBuildFile; fileRef = F31F2CD01E2C4B710034F8F7 /* Main.storyboard */; };
		F31F2CD41E2C4B710034F8F7 /* Assets.xcassets in Resources */ = {isa = PBXBuildFile; fileRef = F31F2CD31E2C4B710034F8F7 /* Assets.xcassets */; };
		F31F2CD71E2C4B710034F8F7 /* LaunchScreen.storyboard in Resources */ = {isa = PBXBuildFile; fileRef = F31F2CD51E2C4B710034F8F7 /* LaunchScreen.storyboard */; };
		F31F2CE21E2C4B710034F8F7 /* VinylScrobblerTests.m in Sources */ = {isa = PBXBuildFile; fileRef = F31F2CE11E2C4B710034F8F7 /* VinylScrobblerTests.m */; };
		F31F2D011E2C55EA0034F8F7 /* AVFoundation.framework in Frameworks */ = {isa = PBXBuildFile; fileRef = F31F2D001E2C55EA0034F8F7 /* AVFoundation.framework */; };
		F31F2D221E2C72A30034F8F7 /* libchromaprint.1.4.2.dylib in Frameworks */ = {isa = PBXBuildFile; fileRef = F31F2D211E2C72A30034F8F7 /* libchromaprint.1.4.2.dylib */; };
/* End PBXBuildFile section */

/* Begin PBXContainerItemProxy section */
		F31F2CDE1E2C4B710034F8F7 /* PBXContainerItemProxy */ = {
			isa = PBXContainerItemProxy;
			containerPortal = F31F2CBC1E2C4B710034F8F7 /* Project object */;
			proxyType = 1;
			remoteGlobalIDString = F31F2CC31E2C4B710034F8F7;
			remoteInfo = VinylScrobbler;
		};
/* End PBXContainerItemProxy section */

/* Begin PBXFileReference section */
		F31F2CC41E2C4B710034F8F7 /* VinylScrobbler.app */ = {isa = PBXFileReference; explicitFileType = wrapper.application; includeInIndex = 0; path = VinylScrobbler.app; sourceTree = BUILT_PRODUCTS_DIR; };
		F31F2CC81E2C4B710034F8F7 /* main.m */ = {isa = PBXFileReference; lastKnownFileType = sourcecode.c.objc; path = main.m; sourceTree = "<group>"; };
		F31F2CCA1E2C4B710034F8F7 /* AppDelegate.h */ = {isa = PBXFileReference; lastKnownFileType = sourcecode.c.h; path = AppDelegate.h; sourceTree = "<group>"; };
		F31F2CCB1E2C4B710034F8F7 /* AppDelegate.m */ = {isa = PBXFileReference; lastKnownFileType = sourcecode.c.objc; path = AppDelegate.m; sourceTree = "<group>"; };
		F31F2CCD1E2C4B710034F8F7 /* ViewController.h */ = {isa = PBXFileReference; lastKnownFileType = sourcecode.c.h; path = ViewController.h; sourceTree = "<group>"; };
		F31F2CCE1E2C4B710034F8F7 /* ViewController.m */ = {isa = PBXFileReference; lastKnownFileType = sourcecode.c.objc; path = ViewController.m; sourceTree = "<group>"; };
		F31F2CD11E2C4B710034F8F7 /* Base */ = {isa = PBXFileReference; lastKnownFileType = file.storyboard; name = Base; path = Base.lproj/Main.storyboard; sourceTree = "<group>"; };
		F31F2CD31E2C4B710034F8F7 /* Assets.xcassets */ = {isa = PBXFileReference; lastKnownFileType = folder.assetcatalog; path = Assets.xcassets; sourceTree = "<group>"; };
		F31F2CD61E2C4B710034F8F7 /* Base */ = {isa = PBXFileReference; lastKnownFileType = file.storyboard; name = Base; path = Base.lproj/LaunchScreen.storyboard; sourceTree = "<group>"; };
		F31F2CD81E2C4B710034F8F7 /* Info.plist */ = {isa = PBXFileReference; lastKnownFileType = text.plist.xml; path = Info.plist; sourceTree = "<group>"; };
		F31F2CDD1E2C4B710034F8F7 /* VinylScrobblerTests.xctest */ = {isa = PBXFileReference; explicitFileType = wrapper.cfbundle; includeInIndex = 0; path = VinylScrobblerTests.xctest; sourceTree = BUILT_PRODUCTS_DIR; };
		F31F2CE11E2C4B710034F8F7 /* VinylScrobblerTests.m */ = {isa = PBXFileReference; lastKnownFileType = sourcecode.c.objc; path = VinylScrobblerTests.m; sourceTree = "<group>"; };
		F31F2CE31E2C4B710034F8F7 /* Info.plist */ = {isa = PBXFileReference; lastKnownFileType = text.plist.xml; path = Info.plist; sourceTree = "<group>"; };
		F31F2D001E2C55EA0034F8F7 /* AVFoundation.framework */ = {isa = PBXFileReference; lastKnownFileType = wrapper.framework; name = AVFoundation.framework; path = System/Library/Frameworks/AVFoundation.framework; sourceTree = SDKROOT; };
		F31F2D211E2C72A30034F8F7 /* libchromaprint.1.4.2.dylib */ = {isa = PBXFileReference; lastKnownFileType = "compiled.mach-o.dylib"; name = libchromaprint.1.4.2.dylib; path = "chromaprint/src/Debug-iphoneos/libchromaprint.1.4.2.dylib"; sourceTree = "<group>"; };
/* End PBXFileReference section */

/* Begin PBXFrameworksBuildPhase section */
		F31F2CC11E2C4B710034F8F7 /* Frameworks */ = {
			isa = PBXFrameworksBuildPhase;
			buildActionMask = 2147483647;
			files = (
				F31F2D221E2C72A30034F8F7 /* libchromaprint.1.4.2.dylib in Frameworks */,
				F31F2D011E2C55EA0034F8F7 /* AVFoundation.framework in Frameworks */,
			);
			runOnlyForDeploymentPostprocessing = 0;
		};
		F31F2CDA1E2C4B710034F8F7 /* Frameworks */ = {
			isa = PBXFrameworksBuildPhase;
			buildActionMask = 2147483647;
			files = (
			);
			runOnlyForDeploymentPostprocessing = 0;
		};
/* End PBXFrameworksBuildPhase section */

/* Begin PBXGroup section */
		F31F2CBB1E2C4B710034F8F7 = {
			isa = PBXGroup;
			children = (
				F31F2CC61E2C4B710034F8F7 /* VinylScrobbler */,
				F31F2CE01E2C4B710034F8F7 /* VinylScrobblerTests */,
				F31F2CC51E2C4B710034F8F7 /* Products */,
				F31F2CFF1E2C55EA0034F8F7 /* Frameworks */,
			);
			sourceTree = "<group>";
		};
		F31F2CC51E2C4B710034F8F7 /* Products */ = {
			isa = PBXGroup;
			children = (
				F31F2CC41E2C4B710034F8F7 /* VinylScrobbler.app */,
				F31F2CDD1E2C4B710034F8F7 /* VinylScrobblerTests.xctest */,
			);
			name = Products;
			sourceTree = "<group>";
		};
		F31F2CC61E2C4B710034F8F7 /* VinylScrobbler */ = {
			isa = PBXGroup;
			children = (
				F31F2CCA1E2C4B710034F8F7 /* AppDelegate.h */,
				F31F2CCB1E2C4B710034F8F7 /* AppDelegate.m */,
				F31F2CCD1E2C4B710034F8F7 /* ViewController.h */,
				F31F2CCE1E2C4B710034F8F7 /* ViewController.m */,
				F31F2CD01E2C4B710034F8F7 /* Main.storyboard */,
				F31F2CD31E2C4B710034F8F7 /* Assets.xcassets */,
				F31F2CD51E2C4B710034F8F7 /* LaunchScreen.storyboard */,
				F31F2CD81E2C4B710034F8F7 /* Info.plist */,
				F31F2CC71E2C4B710034F8F7 /* Supporting Files */,
			);
			path = VinylScrobbler;
			sourceTree = "<group>";
		};
		F31F2CC71E2C4B710034F8F7 /* Supporting Files */ = {
			isa = PBXGroup;
			children = (
				F31F2CC81E2C4B710034F8F7 /* main.m */,
			);
			name = "Supporting Files";
			sourceTree = "<group>";
		};
		F31F2CE01E2C4B710034F8F7 /* VinylScrobblerTests */ = {
			isa = PBXGroup;
			children = (
				F31F2CE11E2C4B710034F8F7 /* VinylScrobblerTests.m */,
				F31F2CE31E2C4B710034F8F7 /* Info.plist */,
			);
			path = VinylScrobblerTests;
			sourceTree = "<group>";
		};
		F31F2CFF1E2C55EA0034F8F7 /* Frameworks */ = {
			isa = PBXGroup;
			children = (
				F31F2D211E2C72A30034F8F7 /* libchromaprint.1.4.2.dylib */,
				F31F2D001E2C55EA0034F8F7 /* AVFoundation.framework */,
			);
			name = Frameworks;
			sourceTree = "<group>";
		};
/* End PBXGroup section */

/* Begin PBXNativeTarget section */
		F31F2CC31E2C4B710034F8F7 /* VinylScrobbler */ = {
			isa = PBXNativeTarget;
			buildConfigurationList = F31F2CE61E2C4B710034F8F7 /* Build configuration list for PBXNativeTarget "VinylScrobbler" */;
			buildPhases = (
				F31F2CC01E2C4B710034F8F7 /* Sources */,
				F31F2CC11E2C4B710034F8F7 /* Frameworks */,
				F31F2CC21E2C4B710034F8F7 /* Resources */,
				F31F2D281E2C75CC0034F8F7 /* ShellScript */,
			);
			buildRules = (
			);
			dependencies = (
			);
			name = VinylScrobbler;
			productName = VinylScrobbler;
			productReference = F31F2CC41E2C4B710034F8F7 /* VinylScrobbler.app */;
			productType = "com.apple.product-type.application";
		};
		F31F2CDC1E2C4B710034F8F7 /* VinylScrobblerTests */ = {
			isa = PBXNativeTarget;
			buildConfigurationList = F31F2CE91E2C4B710034F8F7 /* Build configuration list for PBXNativeTarget "VinylScrobblerTests" */;
			buildPhases = (
				F31F2CD91E2C4B710034F8F7 /* Sources */,
				F31F2CDA1E2C4B710034F8F7 /* Frameworks */,
				F31F2CDB1E2C4B710034F8F7 /* Resources */,
			);
			buildRules = (
			);
			dependencies = (
				F31F2CDF1E2C4B710034F8F7 /* PBXTargetDependency */,
			);
			name = VinylScrobblerTests;
			productName = VinylScrobblerTests;
			productReference = F31F2CDD1E2C4B710034F8F7 /* VinylScrobblerTests.xctest */;
			productType = "com.apple.product-type.bundle.unit-test";
		};
/* End PBXNativeTarget section */

/* Begin PBXProject section */
		F31F2CBC1E2C4B710034F8F7 /* Project object */ = {
			isa = PBXProject;
			attributes = {
				LastUpgradeCheck = 0820;
				ORGANIZATIONNAME = "Jesse Ditson";
				TargetAttributes = {
					F31F2CC31E2C4B710034F8F7 = {
						CreatedOnToolsVersion = 8.2.1;
						DevelopmentTeam = 9E22QU7D5A;
						ProvisioningStyle = Automatic;
					};
					F31F2CDC1E2C4B710034F8F7 = {
						CreatedOnToolsVersion = 8.2.1;
						DevelopmentTeam = 9E22QU7D5A;
						ProvisioningStyle = Automatic;
						TestTargetID = F31F2CC31E2C4B710034F8F7;
					};
				};
			};
			buildConfigurationList = F31F2CBF1E2C4B710034F8F7 /* Build configuration list for PBXProject "VinylScrobbler" */;
			compatibilityVersion = "Xcode 3.2";
			developmentRegion = English;
			hasScannedForEncodings = 0;
			knownRegions = (
				en,
				Base,
			);
			mainGroup = F31F2CBB1E2C4B710034F8F7;
			productRefGroup = F31F2CC51E2C4B710034F8F7 /* Products */;
			projectDirPath = "";
			projectRoot = "";
			targets = (
				F31F2CC31E2C4B710034F8F7 /* VinylScrobbler */,
				F31F2CDC1E2C4B710034F8F7 /* VinylScrobblerTests */,
			);
		};
/* End PBXProject section */

/* Begin PBXResourcesBuildPhase section */
		F31F2CC21E2C4B710034F8F7 /* Resources */ = {
			isa = PBXResourcesBuildPhase;
			buildActionMask = 2147483647;
			files = (
				F31F2CD71E2C4B710034F8F7 /* LaunchScreen.storyboard in Resources */,
				F31F2CD41E2C4B710034F8F7 /* Assets.xcassets in Resources */,
				F31F2CD21E2C4B710034F8F7 /* Main.storyboard in Resources */,
			);
			runOnlyForDeploymentPostprocessing = 0;
		};
		F31F2CDB1E2C4B710034F8F7 /* Resources */ = {
			isa = PBXResourcesBuildPhase;
			buildActionMask = 2147483647;
			files = (
			);
			runOnlyForDeploymentPostprocessing = 0;
		};
/* End PBXResourcesBuildPhase section */

/* Begin PBXShellScriptBuildPhase section */
		F31F2D281E2C75CC0034F8F7 /* ShellScript */ = {
			isa = PBXShellScriptBuildPhase;
			buildActionMask = 2147483647;
			files = (
			);
			inputPaths = (
			);
			outputPaths = (
			);
			runOnlyForDeploymentPostprocessing = 0;
			shellPath = /bin/sh;
			shellScript = "export DYLIB=libchromaprint.1.dylib\n\nmkdir -p \"$TARGET_BUILD_DIR/$TARGET_NAME.app/Frameworks\"\n\ncp -f \"$SRCROOT/chromaprint/src/Debug-iphoneos/$DYLIB\" \"$TARGET_BUILD_DIR/$TARGET_NAME.app/Frameworks\"\n\ninstall_name_tool -change /Users/jesseditson/code/jesseditson/VinylScrobbler/chromaprint/src/Debug-iphoneos/$DYLIB @rpath/$DYLIB \"$TARGET_BUILD_DIR/$TARGET_NAME.app/$PRODUCT_NAME\"";
		};
/* End PBXShellScriptBuildPhase section */

/* Begin PBXSourcesBuildPhase section */
		F31F2CC01E2C4B710034F8F7 /* Sources */ = {
			isa = PBXSourcesBuildPhase;
			buildActionMask = 2147483647;
			files = (
				F31F2CCF1E2C4B710034F8F7 /* ViewController.m in Sources */,
				F31F2CCC1E2C4B710034F8F7 /* AppDelegate.m in Sources */,
				F31F2CC91E2C4B710034F8F7 /* main.m in Sources */,
			);
			runOnlyForDeploymentPostprocessing = 0;
		};
		F31F2CD91E2C4B710034F8F7 /* Sources */ = {
			isa = PBXSourcesBuildPhase;
			buildActionMask = 2147483647;
			files = (
				F31F2CE21E2C4B710034F8F7 /* VinylScrobblerTests.m in Sources */,
			);
			runOnlyForDeploymentPostprocessing = 0;
		};
/* End PBXSourcesBuildPhase section */

/* Begin PBXTargetDependency section */
		F31F2CDF1E2C4B710034F8F7 /* PBXTargetDependency */ = {
			isa = PBXTargetDependency;
			target = F31F2CC31E2C4B710034F8F7 /* VinylScrobbler */;
			targetProxy = F31F2CDE1E2C4B710034F8F7 /* PBXContainerItemProxy */;
		};
/* End PBXTargetDependency section */

/* Begin PBXVariantGroup section */
		F31F2CD01E2C4B710034F8F7 /* Main.storyboard */ = {
			isa = PBXVariantGroup;
			children = (
				F31F2CD11E2C4B710034F8F7 /* Base */,
			);
			name = Main.storyboard;
			sourceTree = "<group>";
		};
		F31F2CD51E2C4B710034F8F7 /* LaunchScreen.storyboard */ = {
			isa = PBXVariantGroup;
			children = (
				F31F2CD61E2C4B710034F8F7 /* Base */,
			);
			name = LaunchScreen.storyboard;
			sourceTree = "<group>";
		};
/* End PBXVariantGroup section */

/* Begin XCBuildConfiguration section */
		F31F2CE41E2C4B710034F8F7 /* Debug */ = {
			isa = XCBuildConfiguration;
			buildSettings = {
				ALWAYS_SEARCH_USER_PATHS = NO;
				ARCHS = armv7;
				CLANG_ANALYZER_NONNULL = YES;
				CLANG_CXX_LANGUAGE_STANDARD = "gnu++0x";
				CLANG_CXX_LIBRARY = "libc++";
				CLANG_ENABLE_MODULES = YES;
				CLANG_ENABLE_OBJC_ARC = YES;
				CLANG_WARN_BOOL_CONVERSION = YES;
				CLANG_WARN_CONSTANT_CONVERSION = YES;
				CLANG_WARN_DIRECT_OBJC_ISA_USAGE = YES_ERROR;
				CLANG_WARN_DOCUMENTATION_COMMENTS = YES;
				CLANG_WARN_EMPTY_BODY = YES;
				CLANG_WARN_ENUM_CONVERSION = YES;
				CLANG_WARN_INFINITE_RECURSION = YES;
				CLANG_WARN_INT_CONVERSION = YES;
				CLANG_WARN_OBJC_ROOT_CLASS = YES_ERROR;
				CLANG_WARN_SUSPICIOUS_MOVE = YES;
				CLANG_WARN_UNREACHABLE_CODE = YES;
				CLANG_WARN__DUPLICATE_METHOD_MATCH = YES;
				"CODE_SIGN_IDENTITY[sdk=iphoneos*]" = "iPhone Developer";
				COPY_PHASE_STRIP = NO;
				DEBUG_INFORMATION_FORMAT = dwarf;
				ENABLE_STRICT_OBJC_MSGSEND = YES;
				ENABLE_TESTABILITY = YES;
				GCC_C_LANGUAGE_STANDARD = gnu99;
				GCC_DYNAMIC_NO_PIC = NO;
				GCC_NO_COMMON_BLOCKS = YES;
				GCC_OPTIMIZATION_LEVEL = 0;
				GCC_PREPROCESSOR_DEFINITIONS = (
					"DEBUG=1",
					"$(inherited)",
				);
				GCC_WARN_64_TO_32_BIT_CONVERSION = YES;
				GCC_WARN_ABOUT_RETURN_TYPE = YES_ERROR;
				GCC_WARN_UNDECLARED_SELECTOR = YES;
				GCC_WARN_UNINITIALIZED_AUTOS = YES_AGGRESSIVE;
				GCC_WARN_UNUSED_FUNCTION = YES;
				GCC_WARN_UNUSED_VARIABLE = YES;
				HEADER_SEARCH_PATHS = "/Users/jesseditson/code/acoustid/chromaprint/**";
				IPHONEOS_DEPLOYMENT_TARGET = 10.2;
				MTL_ENABLE_DEBUG_INFO = YES;
				ONLY_ACTIVE_ARCH = YES;
				SDKROOT = iphoneos;
				TARGETED_DEVICE_FAMILY = "1,2";
				VALID_ARCHS = "armv7 armv7s";
			};
			name = Debug;
		};
		F31F2CE51E2C4B710034F8F7 /* Release */ = {
			isa = XCBuildConfiguration;
			buildSettings = {
				ALWAYS_SEARCH_USER_PATHS = NO;
				ARCHS = armv7;
				CLANG_ANALYZER_NONNULL = YES;
				CLANG_CXX_LANGUAGE_STANDARD = "gnu++0x";
				CLANG_CXX_LIBRARY = "libc++";
				CLANG_ENABLE_MODULES = YES;
				CLANG_ENABLE_OBJC_ARC = YES;
				CLANG_WARN_BOOL_CONVERSION = YES;
				CLANG_WARN_CONSTANT_CONVERSION = YES;
				CLANG_WARN_DIRECT_OBJC_ISA_USAGE = YES_ERROR;
				CLANG_WARN_DOCUMENTATION_COMMENTS = YES;
				CLANG_WARN_EMPTY_BODY = YES;
				CLANG_WARN_ENUM_CONVERSION = YES;
				CLANG_WARN_INFINITE_RECURSION = YES;
				CLANG_WARN_INT_CONVERSION = YES;
				CLANG_WARN_OBJC_ROOT_CLASS = YES_ERROR;
				CLANG_WARN_SUSPICIOUS_MOVE = YES;
				CLANG_WARN_UNREACHABLE_CODE = YES;
				CLANG_WARN__DUPLICATE_METHOD_MATCH = YES;
				"CODE_SIGN_IDENTITY[sdk=iphoneos*]" = "iPhone Developer";
				COPY_PHASE_STRIP = NO;
				DEBUG_INFORMATION_FORMAT = "dwarf-with-dsym";
				ENABLE_NS_ASSERTIONS = NO;
				ENABLE_STRICT_OBJC_MSGSEND = YES;
				GCC_C_LANGUAGE_STANDARD = gnu99;
				GCC_NO_COMMON_BLOCKS = YES;
				GCC_WARN_64_TO_32_BIT_CONVERSION = YES;
				GCC_WARN_ABOUT_RETURN_TYPE = YES_ERROR;
				GCC_WARN_UNDECLARED_SELECTOR = YES;
				GCC_WARN_UNINITIALIZED_AUTOS = YES_AGGRESSIVE;
				GCC_WARN_UNUSED_FUNCTION = YES;
				GCC_WARN_UNUSED_VARIABLE = YES;
				HEADER_SEARCH_PATHS = "/Users/jesseditson/code/acoustid/chromaprint/**";
				IPHONEOS_DEPLOYMENT_TARGET = 10.2;
				MTL_ENABLE_DEBUG_INFO = NO;
				SDKROOT = iphoneos;
				TARGETED_DEVICE_FAMILY = "1,2";
				VALIDATE_PRODUCT = YES;
				VALID_ARCHS = "armv7 armv7s";
			};
			name = Release;
		};
		F31F2CE71E2C4B710034F8F7 /* Debug */ = {
			isa = XCBuildConfiguration;
			buildSettings = {
				ASSETCATALOG_COMPILER_APPICON_NAME = AppIcon;
				DEVELOPMENT_TEAM = 9E22QU7D5A;
				INFOPLIST_FILE = VinylScrobbler/Info.plist;
				LD_RUNPATH_SEARCH_PATHS = "$(inherited) @executable_path/Frameworks";
				LIBRARY_SEARCH_PATHS = (
					"$(inherited)",
					"$(PROJECT_DIR)/chromaprint/src/Debug-iphoneos",
				);
				PRODUCT_BUNDLE_IDENTIFIER = com.jesseditson.VinylScrobbler;
				PRODUCT_NAME = "$(TARGET_NAME)";
			};
			name = Debug;
		};
		F31F2CE81E2C4B710034F8F7 /* Release */ = {
			isa = XCBuildConfiguration;
			buildSettings = {
				ASSETCATALOG_COMPILER_APPICON_NAME = AppIcon;
				DEVELOPMENT_TEAM = 9E22QU7D5A;
				INFOPLIST_FILE = VinylScrobbler/Info.plist;
				LD_RUNPATH_SEARCH_PATHS = "$(inherited) @executable_path/Frameworks";
				LIBRARY_SEARCH_PATHS = (
					"$(inherited)",
					"$(PROJECT_DIR)/chromaprint/src/Debug-iphoneos",
				);
				PRODUCT_BUNDLE_IDENTIFIER = com.jesseditson.VinylScrobbler;
				PRODUCT_NAME = "$(TARGET_NAME)";
			};
			name = Release;
		};
		F31F2CEA1E2C4B710034F8F7 /* Debug */ = {
			isa = XCBuildConfiguration;
			buildSettings = {
				BUNDLE_LOADER = "$(TEST_HOST)";
				DEVELOPMENT_TEAM = 9E22QU7D5A;
				INFOPLIST_FILE = VinylScrobblerTests/Info.plist;
				LD_RUNPATH_SEARCH_PATHS = "$(inherited) @executable_path/Frameworks @loader_path/Frameworks";
				PRODUCT_BUNDLE_IDENTIFIER = com.jesseditson.VinylScrobblerTests;
				PRODUCT_NAME = "$(TARGET_NAME)";
				TEST_HOST = "$(BUILT_PRODUCTS_DIR)/VinylScrobbler.app/VinylScrobbler";
			};
			name = Debug;
		};
		F31F2CEB1E2C4B710034F8F7 /* Release */ = {
			isa = XCBuildConfiguration;
			buildSettings = {
				BUNDLE_LOADER = "$(TEST_HOST)";
				DEVELOPMENT_TEAM = 9E22QU7D5A;
				INFOPLIST_FILE = VinylScrobblerTests/Info.plist;
				LD_RUNPATH_SEARCH_PATHS = "$(inherited) @executable_path/Frameworks @loader_path/Frameworks";
				PRODUCT_BUNDLE_IDENTIFIER = com.jesseditson.VinylScrobblerTests;
				PRODUCT_NAME = "$(TARGET_NAME)";
				TEST_HOST = "$(BUILT_PRODUCTS_DIR)/VinylScrobbler.app/VinylScrobbler";
			};
			name = Release;
		};
/* End XCBuildConfiguration section */

/* Begin XCConfigurationList section */
		F31F2CBF1E2C4B710034F8F7 /* Build configuration list for PBXProject "VinylScrobbler" */ = {
			isa = XCConfigurationList;
			buildConfigurations = (
				F31F2CE41E2C4B710034F8F7 /* Debug */,
				F31F2CE51E2C4B710034F8F7 /* Release */,
			);
			defaultConfigurationIsVisible = 0;
			defaultConfigurationName = Release;
		};
		F31F2CE61E2C4B710034F8F7 /* Build configuration list for PBXNativeTarget "VinylScrobbler" */ = {
			isa = XCConfigurationList;
			buildConfigurations = (
				F31F2CE71E2C4B710034F8F7 /* Debug */,
				F31F2CE81E2C4B710034F8F7 /* Release */,
			);
			defaultConfigurationIsVisible = 0;
		};
		F31F2CE91E2C4B710034F8F7 /* Build configuration list for PBXNativeTarget "VinylScrobblerTests" */ = {
			isa = XCConfigurationList;
			buildConfigurations = (
				F31F2CEA1E2C4B710034F8F7 /* Debug */,
				F31F2CEB1E2C4B710034F8F7 /* Release */,
			);
			defaultConfigurationIsVisible = 0;
		};
/* End XCConfigurationList section */
	};
	rootObject = F31F2CBC1E2C4B710034F8F7 /* Project object */;
}
