// !$*UTF8*$!
{
	archiveVersion = 1;
	classes = {
	};
	objectVersion = 46;
	objects = {

/* Begin PBXBuildFile section */
		F31F2D361E305E800034F8F7 /* AppDelegate.swift in Sources */ = {isa = PBXBuildFile; fileRef = F31F2D351E305E800034F8F7 /* AppDelegate.swift */; };
		F31F2D381E305E800034F8F7 /* ViewController.swift in Sources */ = {isa = PBXBuildFile; fileRef = F31F2D371E305E800034F8F7 /* ViewController.swift */; };
		F31F2D3B1E305E800034F8F7 /* Main.storyboard in Resources */ = {isa = PBXBuildFile; fileRef = F31F2D391E305E800034F8F7 /* Main.storyboard */; };
		F31F2D3D1E305E800034F8F7 /* Assets.xcassets in Resources */ = {isa = PBXBuildFile; fileRef = F31F2D3C1E305E800034F8F7 /* Assets.xcassets */; };
		F31F2D401E305E800034F8F7 /* LaunchScreen.storyboard in Resources */ = {isa = PBXBuildFile; fileRef = F31F2D3E1E305E800034F8F7 /* LaunchScreen.storyboard */; };
		F31F2D4B1E305E800034F8F7 /* VinylScrobblerTests.swift in Sources */ = {isa = PBXBuildFile; fileRef = F31F2D4A1E305E800034F8F7 /* VinylScrobblerTests.swift */; };
		F31F2D571E305FE10034F8F7 /* AVFoundation.framework in Frameworks */ = {isa = PBXBuildFile; fileRef = F31F2D561E305FE10034F8F7 /* AVFoundation.framework */; };
		F31F2D591E3077670034F8F7 /* GnSDKObjC.framework in Frameworks */ = {isa = PBXBuildFile; fileRef = F31F2D581E3077670034F8F7 /* GnSDKObjC.framework */; };
/* End PBXBuildFile section */

/* Begin PBXContainerItemProxy section */
		F31F2D471E305E800034F8F7 /* PBXContainerItemProxy */ = {
			isa = PBXContainerItemProxy;
			containerPortal = F31F2D2A1E305E800034F8F7 /* Project object */;
			proxyType = 1;
			remoteGlobalIDString = F31F2D311E305E800034F8F7;
			remoteInfo = VinylScrobbler;
		};
/* End PBXContainerItemProxy section */

/* Begin PBXFileReference section */
		F31F2D321E305E800034F8F7 /* VinylScrobbler.app */ = {isa = PBXFileReference; explicitFileType = wrapper.application; includeInIndex = 0; path = VinylScrobbler.app; sourceTree = BUILT_PRODUCTS_DIR; };
		F31F2D351E305E800034F8F7 /* AppDelegate.swift */ = {isa = PBXFileReference; lastKnownFileType = sourcecode.swift; path = AppDelegate.swift; sourceTree = "<group>"; };
		F31F2D371E305E800034F8F7 /* ViewController.swift */ = {isa = PBXFileReference; lastKnownFileType = sourcecode.swift; path = ViewController.swift; sourceTree = "<group>"; };
		F31F2D3A1E305E800034F8F7 /* Base */ = {isa = PBXFileReference; lastKnownFileType = file.storyboard; name = Base; path = Base.lproj/Main.storyboard; sourceTree = "<group>"; };
		F31F2D3C1E305E800034F8F7 /* Assets.xcassets */ = {isa = PBXFileReference; lastKnownFileType = folder.assetcatalog; path = Assets.xcassets; sourceTree = "<group>"; };
		F31F2D3F1E305E800034F8F7 /* Base */ = {isa = PBXFileReference; lastKnownFileType = file.storyboard; name = Base; path = Base.lproj/LaunchScreen.storyboard; sourceTree = "<group>"; };
		F31F2D411E305E800034F8F7 /* Info.plist */ = {isa = PBXFileReference; lastKnownFileType = text.plist.xml; path = Info.plist; sourceTree = "<group>"; };
		F31F2D461E305E800034F8F7 /* VinylScrobblerTests.xctest */ = {isa = PBXFileReference; explicitFileType = wrapper.cfbundle; includeInIndex = 0; path = VinylScrobblerTests.xctest; sourceTree = BUILT_PRODUCTS_DIR; };
		F31F2D4A1E305E800034F8F7 /* VinylScrobblerTests.swift */ = {isa = PBXFileReference; lastKnownFileType = sourcecode.swift; path = VinylScrobblerTests.swift; sourceTree = "<group>"; };
		F31F2D4C1E305E800034F8F7 /* Info.plist */ = {isa = PBXFileReference; lastKnownFileType = text.plist.xml; path = Info.plist; sourceTree = "<group>"; };
		F31F2D561E305FE10034F8F7 /* AVFoundation.framework */ = {isa = PBXFileReference; lastKnownFileType = wrapper.framework; name = AVFoundation.framework; path = System/Library/Frameworks/AVFoundation.framework; sourceTree = SDKROOT; };
		F31F2D581E3077670034F8F7 /* GnSDKObjC.framework */ = {isa = PBXFileReference; lastKnownFileType = wrapper.framework; name = GnSDKObjC.framework; path = "gn-mobile-ios-1.2.1.4576/mmid/GnSDKObjC.framework"; sourceTree = "<group>"; };
		F31F2D5A1E3077870034F8F7 /* VinylScrobbler-Bridging-Header.h */ = {isa = PBXFileReference; lastKnownFileType = sourcecode.c.h; path = "VinylScrobbler-Bridging-Header.h"; sourceTree = "<group>"; };
/* End PBXFileReference section */

/* Begin PBXFrameworksBuildPhase section */
		F31F2D2F1E305E800034F8F7 /* Frameworks */ = {
			isa = PBXFrameworksBuildPhase;
			buildActionMask = 2147483647;
			files = (
				F31F2D591E3077670034F8F7 /* GnSDKObjC.framework in Frameworks */,
				F31F2D571E305FE10034F8F7 /* AVFoundation.framework in Frameworks */,
			);
			runOnlyForDeploymentPostprocessing = 0;
		};
		F31F2D431E305E800034F8F7 /* Frameworks */ = {
			isa = PBXFrameworksBuildPhase;
			buildActionMask = 2147483647;
			files = (
			);
			runOnlyForDeploymentPostprocessing = 0;
		};
/* End PBXFrameworksBuildPhase section */

/* Begin PBXGroup section */
		F31F2D291E305E800034F8F7 = {
			isa = PBXGroup;
			children = (
				F31F2D341E305E800034F8F7 /* VinylScrobbler */,
				F31F2D491E305E800034F8F7 /* VinylScrobblerTests */,
				F31F2D331E305E800034F8F7 /* Products */,
				F31F2D551E305FE10034F8F7 /* Frameworks */,
				F31F2D5A1E3077870034F8F7 /* VinylScrobbler-Bridging-Header.h */,
			);
			sourceTree = "<group>";
		};
		F31F2D331E305E800034F8F7 /* Products */ = {
			isa = PBXGroup;
			children = (
				F31F2D321E305E800034F8F7 /* VinylScrobbler.app */,
				F31F2D461E305E800034F8F7 /* VinylScrobblerTests.xctest */,
			);
			name = Products;
			sourceTree = "<group>";
		};
		F31F2D341E305E800034F8F7 /* VinylScrobbler */ = {
			isa = PBXGroup;
			children = (
				F31F2D351E305E800034F8F7 /* AppDelegate.swift */,
				F31F2D371E305E800034F8F7 /* ViewController.swift */,
				F31F2D391E305E800034F8F7 /* Main.storyboard */,
				F31F2D3C1E305E800034F8F7 /* Assets.xcassets */,
				F31F2D3E1E305E800034F8F7 /* LaunchScreen.storyboard */,
				F31F2D411E305E800034F8F7 /* Info.plist */,
			);
			path = VinylScrobbler;
			sourceTree = "<group>";
		};
		F31F2D491E305E800034F8F7 /* VinylScrobblerTests */ = {
			isa = PBXGroup;
			children = (
				F31F2D4A1E305E800034F8F7 /* VinylScrobblerTests.swift */,
				F31F2D4C1E305E800034F8F7 /* Info.plist */,
			);
			path = VinylScrobblerTests;
			sourceTree = "<group>";
		};
		F31F2D551E305FE10034F8F7 /* Frameworks */ = {
			isa = PBXGroup;
			children = (
				F31F2D581E3077670034F8F7 /* GnSDKObjC.framework */,
				F31F2D561E305FE10034F8F7 /* AVFoundation.framework */,
			);
			name = Frameworks;
			sourceTree = "<group>";
		};
/* End PBXGroup section */

/* Begin PBXNativeTarget section */
		F31F2D311E305E800034F8F7 /* VinylScrobbler */ = {
			isa = PBXNativeTarget;
			buildConfigurationList = F31F2D4F1E305E800034F8F7 /* Build configuration list for PBXNativeTarget "VinylScrobbler" */;
			buildPhases = (
				F31F2D2E1E305E800034F8F7 /* Sources */,
				F31F2D2F1E305E800034F8F7 /* Frameworks */,
				F31F2D301E305E800034F8F7 /* Resources */,
			);
			buildRules = (
			);
			dependencies = (
			);
			name = VinylScrobbler;
			productName = VinylScrobbler;
			productReference = F31F2D321E305E800034F8F7 /* VinylScrobbler.app */;
			productType = "com.apple.product-type.application";
		};
		F31F2D451E305E800034F8F7 /* VinylScrobblerTests */ = {
			isa = PBXNativeTarget;
			buildConfigurationList = F31F2D521E305E800034F8F7 /* Build configuration list for PBXNativeTarget "VinylScrobblerTests" */;
			buildPhases = (
				F31F2D421E305E800034F8F7 /* Sources */,
				F31F2D431E305E800034F8F7 /* Frameworks */,
				F31F2D441E305E800034F8F7 /* Resources */,
			);
			buildRules = (
			);
			dependencies = (
				F31F2D481E305E800034F8F7 /* PBXTargetDependency */,
			);
			name = VinylScrobblerTests;
			productName = VinylScrobblerTests;
			productReference = F31F2D461E305E800034F8F7 /* VinylScrobblerTests.xctest */;
			productType = "com.apple.product-type.bundle.unit-test";
		};
/* End PBXNativeTarget section */

/* Begin PBXProject section */
		F31F2D2A1E305E800034F8F7 /* Project object */ = {
			isa = PBXProject;
			attributes = {
				LastSwiftUpdateCheck = 0820;
				LastUpgradeCheck = 0820;
				ORGANIZATIONNAME = "Jesse Ditson";
				TargetAttributes = {
					F31F2D311E305E800034F8F7 = {
						CreatedOnToolsVersion = 8.2.1;
						DevelopmentTeam = 9E22QU7D5A;
						LastSwiftMigration = 0820;
						ProvisioningStyle = Automatic;
					};
					F31F2D451E305E800034F8F7 = {
						CreatedOnToolsVersion = 8.2.1;
						DevelopmentTeam = 9E22QU7D5A;
						ProvisioningStyle = Automatic;
						TestTargetID = F31F2D311E305E800034F8F7;
					};
				};
			};
			buildConfigurationList = F31F2D2D1E305E800034F8F7 /* Build configuration list for PBXProject "VinylScrobbler" */;
			compatibilityVersion = "Xcode 3.2";
			developmentRegion = English;
			hasScannedForEncodings = 0;
			knownRegions = (
				en,
				Base,
			);
			mainGroup = F31F2D291E305E800034F8F7;
			productRefGroup = F31F2D331E305E800034F8F7 /* Products */;
			projectDirPath = "";
			projectRoot = "";
			targets = (
				F31F2D311E305E800034F8F7 /* VinylScrobbler */,
				F31F2D451E305E800034F8F7 /* VinylScrobblerTests */,
			);
		};
/* End PBXProject section */

/* Begin PBXResourcesBuildPhase section */
		F31F2D301E305E800034F8F7 /* Resources */ = {
			isa = PBXResourcesBuildPhase;
			buildActionMask = 2147483647;
			files = (
				F31F2D401E305E800034F8F7 /* LaunchScreen.storyboard in Resources */,
				F31F2D3D1E305E800034F8F7 /* Assets.xcassets in Resources */,
				F31F2D3B1E305E800034F8F7 /* Main.storyboard in Resources */,
			);
			runOnlyForDeploymentPostprocessing = 0;
		};
		F31F2D441E305E800034F8F7 /* Resources */ = {
			isa = PBXResourcesBuildPhase;
			buildActionMask = 2147483647;
			files = (
			);
			runOnlyForDeploymentPostprocessing = 0;
		};
/* End PBXResourcesBuildPhase section */

/* Begin PBXSourcesBuildPhase section */
		F31F2D2E1E305E800034F8F7 /* Sources */ = {
			isa = PBXSourcesBuildPhase;
			buildActionMask = 2147483647;
			files = (
				F31F2D381E305E800034F8F7 /* ViewController.swift in Sources */,
				F31F2D361E305E800034F8F7 /* AppDelegate.swift in Sources */,
			);
			runOnlyForDeploymentPostprocessing = 0;
		};
		F31F2D421E305E800034F8F7 /* Sources */ = {
			isa = PBXSourcesBuildPhase;
			buildActionMask = 2147483647;
			files = (
				F31F2D4B1E305E800034F8F7 /* VinylScrobblerTests.swift in Sources */,
			);
			runOnlyForDeploymentPostprocessing = 0;
		};
/* End PBXSourcesBuildPhase section */

/* Begin PBXTargetDependency section */
		F31F2D481E305E800034F8F7 /* PBXTargetDependency */ = {
			isa = PBXTargetDependency;
			target = F31F2D311E305E800034F8F7 /* VinylScrobbler */;
			targetProxy = F31F2D471E305E800034F8F7 /* PBXContainerItemProxy */;
		};
/* End PBXTargetDependency section */

/* Begin PBXVariantGroup section */
		F31F2D391E305E800034F8F7 /* Main.storyboard */ = {
			isa = PBXVariantGroup;
			children = (
				F31F2D3A1E305E800034F8F7 /* Base */,
			);
			name = Main.storyboard;
			sourceTree = "<group>";
		};
		F31F2D3E1E305E800034F8F7 /* LaunchScreen.storyboard */ = {
			isa = PBXVariantGroup;
			children = (
				F31F2D3F1E305E800034F8F7 /* Base */,
			);
			name = LaunchScreen.storyboard;
			sourceTree = "<group>";
		};
/* End PBXVariantGroup section */

/* Begin XCBuildConfiguration section */
		F31F2D4D1E305E800034F8F7 /* Debug */ = {
			isa = XCBuildConfiguration;
			buildSettings = {
				ALWAYS_SEARCH_USER_PATHS = NO;
				ARCHS = (
					"$(ARCHS_STANDARD)",
					armv7,
				);
				CLANG_ANALYZER_NONNULL = YES;
				CLANG_CXX_LANGUAGE_STANDARD = "gnu++0x";
				CLANG_CXX_LIBRARY = "libc++";
				CLANG_ENABLE_MODULES = YES;
				CLANG_ENABLE_OBJC_ARC = YES;
				CLANG_WARN_BOOL_CONVERSION = YES;
				CLANG_WARN_CONSTANT_CONVERSION = YES;
				CLANG_WARN_DIRECT_OBJC_ISA_USAGE = YES_ERROR;
				CLANG_WARN_DOCUMENTATION_COMMENTS = YES;
				CLANG_WARN_EMPTY_BODY = YES;
				CLANG_WARN_ENUM_CONVERSION = YES;
				CLANG_WARN_INFINITE_RECURSION = YES;
				CLANG_WARN_INT_CONVERSION = YES;
				CLANG_WARN_OBJC_ROOT_CLASS = YES_ERROR;
				CLANG_WARN_SUSPICIOUS_MOVE = YES;
				CLANG_WARN_UNREACHABLE_CODE = YES;
				CLANG_WARN__DUPLICATE_METHOD_MATCH = YES;
				"CODE_SIGN_IDENTITY[sdk=iphoneos*]" = "iPhone Developer";
				COPY_PHASE_STRIP = NO;
				DEBUG_INFORMATION_FORMAT = dwarf;
				ENABLE_STRICT_OBJC_MSGSEND = YES;
				ENABLE_TESTABILITY = YES;
				GCC_C_LANGUAGE_STANDARD = gnu99;
				GCC_DYNAMIC_NO_PIC = NO;
				GCC_NO_COMMON_BLOCKS = YES;
				GCC_OPTIMIZATION_LEVEL = 0;
				GCC_PREPROCESSOR_DEFINITIONS = (
					"DEBUG=1",
					"$(inherited)",
				);
				GCC_WARN_64_TO_32_BIT_CONVERSION = YES;
				GCC_WARN_ABOUT_RETURN_TYPE = YES_ERROR;
				GCC_WARN_UNDECLARED_SELECTOR = YES;
				GCC_WARN_UNINITIALIZED_AUTOS = YES_AGGRESSIVE;
				GCC_WARN_UNUSED_FUNCTION = YES;
				GCC_WARN_UNUSED_VARIABLE = YES;
				IPHONEOS_DEPLOYMENT_TARGET = 10.2;
				MTL_ENABLE_DEBUG_INFO = YES;
				ONLY_ACTIVE_ARCH = YES;
				SDKROOT = iphoneos;
				SWIFT_ACTIVE_COMPILATION_CONDITIONS = DEBUG;
				SWIFT_OPTIMIZATION_LEVEL = "-Onone";
				TARGETED_DEVICE_FAMILY = "1,2";
				VALID_ARCHS = "armv7 armv7s";
			};
			name = Debug;
		};
		F31F2D4E1E305E800034F8F7 /* Release */ = {
			isa = XCBuildConfiguration;
			buildSettings = {
				ALWAYS_SEARCH_USER_PATHS = NO;
				ARCHS = (
					"$(ARCHS_STANDARD)",
					armv7,
				);
				CLANG_ANALYZER_NONNULL = YES;
				CLANG_CXX_LANGUAGE_STANDARD = "gnu++0x";
				CLANG_CXX_LIBRARY = "libc++";
				CLANG_ENABLE_MODULES = YES;
				CLANG_ENABLE_OBJC_ARC = YES;
				CLANG_WARN_BOOL_CONVERSION = YES;
				CLANG_WARN_CONSTANT_CONVERSION = YES;
				CLANG_WARN_DIRECT_OBJC_ISA_USAGE = YES_ERROR;
				CLANG_WARN_DOCUMENTATION_COMMENTS = YES;
				CLANG_WARN_EMPTY_BODY = YES;
				CLANG_WARN_ENUM_CONVERSION = YES;
				CLANG_WARN_INFINITE_RECURSION = YES;
				CLANG_WARN_INT_CONVERSION = YES;
				CLANG_WARN_OBJC_ROOT_CLASS = YES_ERROR;
				CLANG_WARN_SUSPICIOUS_MOVE = YES;
				CLANG_WARN_UNREACHABLE_CODE = YES;
				CLANG_WARN__DUPLICATE_METHOD_MATCH = YES;
				"CODE_SIGN_IDENTITY[sdk=iphoneos*]" = "iPhone Developer";
				COPY_PHASE_STRIP = NO;
				DEBUG_INFORMATION_FORMAT = "dwarf-with-dsym";
				ENABLE_NS_ASSERTIONS = NO;
				ENABLE_STRICT_OBJC_MSGSEND = YES;
				GCC_C_LANGUAGE_STANDARD = gnu99;
				GCC_NO_COMMON_BLOCKS = YES;
				GCC_WARN_64_TO_32_BIT_CONVERSION = YES;
				GCC_WARN_ABOUT_RETURN_TYPE = YES_ERROR;
				GCC_WARN_UNDECLARED_SELECTOR = YES;
				GCC_WARN_UNINITIALIZED_AUTOS = YES_AGGRESSIVE;
				GCC_WARN_UNUSED_FUNCTION = YES;
				GCC_WARN_UNUSED_VARIABLE = YES;
				IPHONEOS_DEPLOYMENT_TARGET = 10.2;
				MTL_ENABLE_DEBUG_INFO = NO;
				SDKROOT = iphoneos;
				SWIFT_OPTIMIZATION_LEVEL = "-Owholemodule";
				TARGETED_DEVICE_FAMILY = "1,2";
				VALIDATE_PRODUCT = YES;
				VALID_ARCHS = "armv7 armv7s";
			};
			name = Release;
		};
		F31F2D501E305E800034F8F7 /* Debug */ = {
			isa = XCBuildConfiguration;
			buildSettings = {
				ASSETCATALOG_COMPILER_APPICON_NAME = AppIcon;
				CLANG_ENABLE_MODULES = YES;
				DEVELOPMENT_TEAM = 9E22QU7D5A;
				FRAMEWORK_SEARCH_PATHS = (
					"$(inherited)",
					"$(PROJECT_DIR)/gn-mobile-ios-1.2.1.4576/mmid",
				);
				INFOPLIST_FILE = VinylScrobbler/Info.plist;
				LD_RUNPATH_SEARCH_PATHS = "$(inherited) @executable_path/Frameworks";
				PRODUCT_BUNDLE_IDENTIFIER = com.jesseditson.VinylScrobbler;
				PRODUCT_NAME = "$(TARGET_NAME)";
				SWIFT_OBJC_BRIDGING_HEADER = "VinylScrobbler-Bridging-Header.h";
				SWIFT_OPTIMIZATION_LEVEL = "-Onone";
				SWIFT_VERSION = 3.0;
			};
			name = Debug;
		};
		F31F2D511E305E800034F8F7 /* Release */ = {
			isa = XCBuildConfiguration;
			buildSettings = {
				ASSETCATALOG_COMPILER_APPICON_NAME = AppIcon;
				CLANG_ENABLE_MODULES = YES;
				DEVELOPMENT_TEAM = 9E22QU7D5A;
				FRAMEWORK_SEARCH_PATHS = (
					"$(inherited)",
					"$(PROJECT_DIR)/gn-mobile-ios-1.2.1.4576/mmid",
				);
				INFOPLIST_FILE = VinylScrobbler/Info.plist;
				LD_RUNPATH_SEARCH_PATHS = "$(inherited) @executable_path/Frameworks";
				PRODUCT_BUNDLE_IDENTIFIER = com.jesseditson.VinylScrobbler;
				PRODUCT_NAME = "$(TARGET_NAME)";
				SWIFT_OBJC_BRIDGING_HEADER = "VinylScrobbler-Bridging-Header.h";
				SWIFT_VERSION = 3.0;
			};
			name = Release;
		};
		F31F2D531E305E800034F8F7 /* Debug */ = {
			isa = XCBuildConfiguration;
			buildSettings = {
				ALWAYS_EMBED_SWIFT_STANDARD_LIBRARIES = YES;
				BUNDLE_LOADER = "$(TEST_HOST)";
				DEVELOPMENT_TEAM = 9E22QU7D5A;
				INFOPLIST_FILE = VinylScrobblerTests/Info.plist;
				LD_RUNPATH_SEARCH_PATHS = "$(inherited) @executable_path/Frameworks @loader_path/Frameworks";
				PRODUCT_BUNDLE_IDENTIFIER = com.jesseditson.VinylScrobblerTests;
				PRODUCT_NAME = "$(TARGET_NAME)";
				SWIFT_VERSION = 3.0;
				TEST_HOST = "$(BUILT_PRODUCTS_DIR)/VinylScrobbler.app/VinylScrobbler";
			};
			name = Debug;
		};
		F31F2D541E305E800034F8F7 /* Release */ = {
			isa = XCBuildConfiguration;
			buildSettings = {
				ALWAYS_EMBED_SWIFT_STANDARD_LIBRARIES = YES;
				BUNDLE_LOADER = "$(TEST_HOST)";
				DEVELOPMENT_TEAM = 9E22QU7D5A;
				INFOPLIST_FILE = VinylScrobblerTests/Info.plist;
				LD_RUNPATH_SEARCH_PATHS = "$(inherited) @executable_path/Frameworks @loader_path/Frameworks";
				PRODUCT_BUNDLE_IDENTIFIER = com.jesseditson.VinylScrobblerTests;
				PRODUCT_NAME = "$(TARGET_NAME)";
				SWIFT_VERSION = 3.0;
				TEST_HOST = "$(BUILT_PRODUCTS_DIR)/VinylScrobbler.app/VinylScrobbler";
			};
			name = Release;
		};
/* End XCBuildConfiguration section */

/* Begin XCConfigurationList section */
		F31F2D2D1E305E800034F8F7 /* Build configuration list for PBXProject "VinylScrobbler" */ = {
			isa = XCConfigurationList;
			buildConfigurations = (
				F31F2D4D1E305E800034F8F7 /* Debug */,
				F31F2D4E1E305E800034F8F7 /* Release */,
			);
			defaultConfigurationIsVisible = 0;
			defaultConfigurationName = Release;
		};
		F31F2D4F1E305E800034F8F7 /* Build configuration list for PBXNativeTarget "VinylScrobbler" */ = {
			isa = XCConfigurationList;
			buildConfigurations = (
				F31F2D501E305E800034F8F7 /* Debug */,
				F31F2D511E305E800034F8F7 /* Release */,
			);
			defaultConfigurationIsVisible = 0;
			defaultConfigurationName = Release;
		};
		F31F2D521E305E800034F8F7 /* Build configuration list for PBXNativeTarget "VinylScrobblerTests" */ = {
			isa = XCConfigurationList;
			buildConfigurations = (
				F31F2D531E305E800034F8F7 /* Debug */,
				F31F2D541E305E800034F8F7 /* Release */,
			);
			defaultConfigurationIsVisible = 0;
			defaultConfigurationName = Release;
		};
/* End XCConfigurationList section */
	};
	rootObject = F31F2D2A1E305E800034F8F7 /* Project object */;
}
