// !$*UTF8*$!
{
	archiveVersion = 1;
	classes = {
	};
	objectVersion = 46;
	objects = {

/* Begin PBXAggregateTarget section */
		2CE2113B11F04F10A6EDE4EC /* ZERO_CHECK */ = {
			isa = PBXAggregateTarget;
			buildConfigurationList = 9EA98DF065CF410CAC9A4802 /* Build configuration list for PBXAggregateTarget "ZERO_CHECK" */;
			buildPhases = (
				49618D0C68BC45C3B947549E /* CMake Rules */,
			);
			dependencies = (
			);
			name = ZERO_CHECK;
			productName = ZERO_CHECK;
		};
		4B521906C3E44EDC9D90224B /* ALL_BUILD */ = {
			isa = PBXAggregateTarget;
			buildConfigurationList = BCDE57CAB3114607A3CE474E /* Build configuration list for PBXAggregateTarget "ALL_BUILD" */;
			buildPhases = (
				28F178EBA03A4B33AE87ABDC /* CMake Rules */,
			);
			dependencies = (
				64503833DA0F4F4EB168AD44 /* PBXTargetDependency */,
				764080FE03CF4FEE9F4C7183 /* PBXTargetDependency */,
				99D2076DEE0A4260801A73B7 /* PBXTargetDependency */,
			);
			name = ALL_BUILD;
			productName = ALL_BUILD;
		};
		A5AC1F7EA97B4D7AB3E7BB5C /* install */ = {
			isa = PBXAggregateTarget;
			buildConfigurationList = C514E04839944061A997CFCC /* Build configuration list for PBXAggregateTarget "install" */;
			buildPhases = (
				937533BD255C490FA929F8A7 /* CMake PostBuild Rules */,
			);
			dependencies = (
				BA26A980279E4BB485FAF8D3 /* PBXTargetDependency */,
			);
			name = install;
			productName = install;
		};
		BADA60136EC54AE2ABC2D16C /* uninstall */ = {
			isa = PBXAggregateTarget;
			buildConfigurationList = D7C247F339A14C8693E3E906 /* Build configuration list for PBXAggregateTarget "uninstall" */;
			buildPhases = (
				7190CE57147148968364FB04 /* CMake Rules */,
			);
			dependencies = (
				11B56834FD134A438C0D0354 /* PBXTargetDependency */,
			);
			name = uninstall;
			productName = uninstall;
		};
		D13A84E50158455690E3B96E /* docs */ = {
			isa = PBXAggregateTarget;
			buildConfigurationList = 28105D4F2877461EB958C670 /* Build configuration list for PBXAggregateTarget "docs" */;
			buildPhases = (
				61D1A10D26F241AB8087805A /* CMake Rules */,
			);
			dependencies = (
				C76328440EF44D87BF3165FB /* PBXTargetDependency */,
			);
			name = docs;
			productName = docs;
		};
/* End PBXAggregateTarget section */

/* Begin PBXBuildFile section */
		10797C84A16640B59A9F819F /* chroma_resampler.cpp in Sources */ = {isa = PBXBuildFile; fileRef = 89350A33D02C4CDEB10902F1 /* chroma_resampler.cpp */; };
		188B8E08861C4411BE56EA14 /* audio_processor.cpp in Sources */ = {isa = PBXBuildFile; fileRef = EB8C8B7F9E534D5FB6160F32 /* audio_processor.cpp */; };
		1AE423549F2D4BC785C8B411 /* fingerprint_matcher.cpp in Sources */ = {isa = PBXBuildFile; fileRef = 5ACB1A6AFDC947EFA2E50B26 /* fingerprint_matcher.cpp */; };
		2094FB43FDBF4C998F9DE279 /* fingerprint_compressor.cpp in Sources */ = {isa = PBXBuildFile; fileRef = 07ED85A2EBBC433396BE1DD0 /* fingerprint_compressor.cpp */; };
		29A282B4FA024929A751E383 /* base64.cpp in Sources */ = {isa = PBXBuildFile; fileRef = C82AC7D7BCA241F3ACB68419 /* base64.cpp */; };
		4B29CED679404176A723AF99 /* simhash.cpp in Sources */ = {isa = PBXBuildFile; fileRef = 360D34FC89B848CF9577326F /* simhash.cpp */; };
		4EFA0B334ED94A3B95090F85 /* spectrum.cpp in Sources */ = {isa = PBXBuildFile; fileRef = 6AB572D923814D03901877FC /* spectrum.cpp */; };
		53222454EE2F49FC88A71655 /* chromaprint.cpp in Sources */ = {isa = PBXBuildFile; fileRef = C6CD361916F74B069218ECDD /* chromaprint.cpp */; };
		6530F4EFEA9D473C9D453CDA /* chroma.cpp in Sources */ = {isa = PBXBuildFile; fileRef = 9D4A7EE0521C49A191DA6F70 /* chroma.cpp */; };
		7630070C301744679099EA66 /* silence_remover.cpp in Sources */ = {isa = PBXBuildFile; fileRef = 8780A3F0C3BE433EAC3171B1 /* silence_remover.cpp */; };
		808DC6A359314A5A8166FB91 /* fingerprint_calculator.cpp in Sources */ = {isa = PBXBuildFile; fileRef = 5801FD3D06DA431C926D0F75 /* fingerprint_calculator.cpp */; };
		85745C192F8841F0816BA1E2 /* fft.cpp in Sources */ = {isa = PBXBuildFile; fileRef = A25A30AC47C74D2388E3E828 /* fft.cpp */; };
		8EF3143C9FFC4A0C99FCF51F /* chroma_filter.cpp in Sources */ = {isa = PBXBuildFile; fileRef = 571D529BB6734BE6AD6FAB5C /* chroma_filter.cpp */; };
		92EEA605097E41D19CA9E1D0 /* fingerprint_decompressor.cpp in Sources */ = {isa = PBXBuildFile; fileRef = E5E17F459005469AA5B6180B /* fingerprint_decompressor.cpp */; };
		C2624FF1907B4FA1B9CDB2FE /* image_builder.cpp in Sources */ = {isa = PBXBuildFile; fileRef = 5971CE4D7FE1402BB1D67A0F /* image_builder.cpp */; };
		C3B319D3A8324F52AC24BB9E /* fft_lib_vdsp.cpp in Sources */ = {isa = PBXBuildFile; fileRef = E236B1999407445D89D25744 /* fft_lib_vdsp.cpp */; };
		D9E972E3B3444FABAE50F48E /* resample2.c in Sources */ = {isa = PBXBuildFile; fileRef = 0BA06BC78FF445E4A951B0CF /* resample2.c */; };
		EA8A27B12DAB42DE8D6182F8 /* fingerprinter.cpp in Sources */ = {isa = PBXBuildFile; fileRef = 007D8BF2A2094D8B987C37D2 /* fingerprinter.cpp */; };
		F8911E4C15C546A19259AA9E /* fingerprinter_configuration.cpp in Sources */ = {isa = PBXBuildFile; fileRef = 1D246033EF5742A1860D4721 /* fingerprinter_configuration.cpp */; };
/* End PBXBuildFile section */

/* Begin PBXContainerItemProxy section */
		27DD69E2D8484B98BD3D2AA9 /* PBXContainerItemProxy */ = {
			isa = PBXContainerItemProxy;
			containerPortal = E38A908B0D5646DBBF3F3206 /* Project object */;
			proxyType = 1;
			remoteGlobalIDString = 25CCFCC5D7C24071BB80D254;
			remoteInfo = chromaprint_objs;
		};
		3681C87773FF479189FC7DAE /* PBXContainerItemProxy */ = {
			isa = PBXContainerItemProxy;
			containerPortal = E38A908B0D5646DBBF3F3206 /* Project object */;
			proxyType = 1;
			remoteGlobalIDString = 2CE2113B11F04F10A6EDE4EC;
			remoteInfo = ZERO_CHECK;
		};
		7405D84EDEE24327B12BF3E9 /* PBXContainerItemProxy */ = {
			isa = PBXContainerItemProxy;
			containerPortal = E38A908B0D5646DBBF3F3206 /* Project object */;
			proxyType = 1;
			remoteGlobalIDString = 25CCFCC5D7C24071BB80D254;
			remoteInfo = chromaprint_objs;
		};
		7D3D230294774F70AC9F5B82 /* PBXContainerItemProxy */ = {
			isa = PBXContainerItemProxy;
			containerPortal = E38A908B0D5646DBBF3F3206 /* Project object */;
			proxyType = 1;
			remoteGlobalIDString = 2CE2113B11F04F10A6EDE4EC;
			remoteInfo = ZERO_CHECK;
		};
		8B053FF1F06F4C56A5F63208 /* PBXContainerItemProxy */ = {
			isa = PBXContainerItemProxy;
			containerPortal = E38A908B0D5646DBBF3F3206 /* Project object */;
			proxyType = 1;
			remoteGlobalIDString = 2CE2113B11F04F10A6EDE4EC;
			remoteInfo = ZERO_CHECK;
		};
		9D06A4D8A95C4AF89D9EC034 /* PBXContainerItemProxy */ = {
			isa = PBXContainerItemProxy;
			containerPortal = E38A908B0D5646DBBF3F3206 /* Project object */;
			proxyType = 1;
			remoteGlobalIDString = 4B521906C3E44EDC9D90224B;
			remoteInfo = ALL_BUILD;
		};
		CB1FECD822B34A5E9B2164DA /* PBXContainerItemProxy */ = {
			isa = PBXContainerItemProxy;
			containerPortal = E38A908B0D5646DBBF3F3206 /* Project object */;
			proxyType = 1;
			remoteGlobalIDString = 2CE2113B11F04F10A6EDE4EC;
			remoteInfo = ZERO_CHECK;
		};
		DE32713228394477ADDAD94A /* PBXContainerItemProxy */ = {
			isa = PBXContainerItemProxy;
			containerPortal = E38A908B0D5646DBBF3F3206 /* Project object */;
			proxyType = 1;
			remoteGlobalIDString = 7D4402B9D24F4FCAA1C18032;
			remoteInfo = chromaprint;
		};
		EF9A54D404884756BA4482FD /* PBXContainerItemProxy */ = {
			isa = PBXContainerItemProxy;
			containerPortal = E38A908B0D5646DBBF3F3206 /* Project object */;
			proxyType = 1;
			remoteGlobalIDString = 2CE2113B11F04F10A6EDE4EC;
			remoteInfo = ZERO_CHECK;
		};
/* End PBXContainerItemProxy section */

/* Begin PBXFileReference section */
		007D8BF2A2094D8B987C37D2 /* fingerprinter.cpp */ = {isa = PBXFileReference; explicitFileType = sourcecode.cpp.cpp; fileEncoding = 4; name = fingerprinter.cpp; path = src/fingerprinter.cpp; sourceTree = SOURCE_ROOT; };
		07ED85A2EBBC433396BE1DD0 /* fingerprint_compressor.cpp */ = {isa = PBXFileReference; explicitFileType = sourcecode.cpp.cpp; fileEncoding = 4; name = fingerprint_compressor.cpp; path = src/fingerprint_compressor.cpp; sourceTree = SOURCE_ROOT; };
		0BA06BC78FF445E4A951B0CF /* resample2.c */ = {isa = PBXFileReference; explicitFileType = sourcecode.c.c; fileEncoding = 4; name = resample2.c; path = src/avresample/resample2.c; sourceTree = SOURCE_ROOT; };
		1A42315EE9444D1BA20D2252 /* silence_remover.o */ = {isa = PBXFileReference; explicitFileType = "compiled.mach-o.objfile"; fileEncoding = 4; name = silence_remover.o; path = "../../jesseditson/VinylScrobbler/chromaprint/src/$(PROJECT_NAME).build/$(CONFIGURATION)$(EFFECTIVE_PLATFORM_NAME)/chromaprint_objs.build/Objects-normal/$(CURRENT_ARCH)/silence_remover.o"; sourceTree = SOURCE_ROOT; };
		1BE2ADA1C67D41F391E05CC0 /* simhash.o */ = {isa = PBXFileReference; explicitFileType = "compiled.mach-o.objfile"; fileEncoding = 4; name = simhash.o; path = "../../jesseditson/VinylScrobbler/chromaprint/src/$(PROJECT_NAME).build/$(CONFIGURATION)$(EFFECTIVE_PLATFORM_NAME)/chromaprint_objs.build/Objects-normal/$(CURRENT_ARCH)/simhash.o"; sourceTree = SOURCE_ROOT; };
		1D246033EF5742A1860D4721 /* fingerprinter_configuration.cpp */ = {isa = PBXFileReference; explicitFileType = sourcecode.cpp.cpp; fileEncoding = 4; name = fingerprinter_configuration.cpp; path = src/fingerprinter_configuration.cpp; sourceTree = SOURCE_ROOT; };
		1D9A591265F14A46832BE918 /* fingerprint_calculator.o */ = {isa = PBXFileReference; explicitFileType = "compiled.mach-o.objfile"; fileEncoding = 4; name = fingerprint_calculator.o; path = "../../jesseditson/VinylScrobbler/chromaprint/src/$(PROJECT_NAME).build/$(CONFIGURATION)$(EFFECTIVE_PLATFORM_NAME)/chromaprint_objs.build/Objects-normal/$(CURRENT_ARCH)/fingerprint_calculator.o"; sourceTree = SOURCE_ROOT; };
		1E76EEB23570402D96F24CDD /* simhash.h */ = {isa = PBXFileReference; explicitFileType = sourcecode.c.h; fileEncoding = 4; name = simhash.h; path = src/simhash.h; sourceTree = SOURCE_ROOT; };
		2240A36D55F541A6814BA48F /* chromaprint.h */ = {isa = PBXFileReference; explicitFileType = sourcecode.c.h; fileEncoding = 4; name = chromaprint.h; path = src/chromaprint.h; sourceTree = SOURCE_ROOT; };
		360D34FC89B848CF9577326F /* simhash.cpp */ = {isa = PBXFileReference; explicitFileType = sourcecode.cpp.cpp; fileEncoding = 4; name = simhash.cpp; path = src/simhash.cpp; sourceTree = SOURCE_ROOT; };
		38B22F20AFCA4AE1AFD0B15E /* scope_exit.h */ = {isa = PBXFileReference; explicitFileType = sourcecode.c.h; fileEncoding = 4; name = scope_exit.h; path = src/utils/scope_exit.h; sourceTree = SOURCE_ROOT; };
		3F71355305E84D0DB46019B4 /* CMakeLists.txt */ = {isa = PBXFileReference; explicitFileType = sourcecode.text; fileEncoding = 4; lastKnownFileType = text; path = CMakeLists.txt; sourceTree = SOURCE_ROOT; };
		4F9F405312BC441EA126DAE7 /* CMakeLists.txt */ = {isa = PBXFileReference; explicitFileType = sourcecode.text; fileEncoding = 4; lastKnownFileType = text; name = CMakeLists.txt; path = src/CMakeLists.txt; sourceTree = SOURCE_ROOT; };
		528B002E7E6D40F7B74142A4 /* fingerprint_decompressor.o */ = {isa = PBXFileReference; explicitFileType = "compiled.mach-o.objfile"; fileEncoding = 4; name = fingerprint_decompressor.o; path = "../../jesseditson/VinylScrobbler/chromaprint/src/$(PROJECT_NAME).build/$(CONFIGURATION)$(EFFECTIVE_PLATFORM_NAME)/chromaprint_objs.build/Objects-normal/$(CURRENT_ARCH)/fingerprint_decompressor.o"; sourceTree = SOURCE_ROOT; };
		571D529BB6734BE6AD6FAB5C /* chroma_filter.cpp */ = {isa = PBXFileReference; explicitFileType = sourcecode.cpp.cpp; fileEncoding = 4; name = chroma_filter.cpp; path = src/chroma_filter.cpp; sourceTree = SOURCE_ROOT; };
		5801FD3D06DA431C926D0F75 /* fingerprint_calculator.cpp */ = {isa = PBXFileReference; explicitFileType = sourcecode.cpp.cpp; fileEncoding = 4; name = fingerprint_calculator.cpp; path = src/fingerprint_calculator.cpp; sourceTree = SOURCE_ROOT; };
		5971CE4D7FE1402BB1D67A0F /* image_builder.cpp */ = {isa = PBXFileReference; explicitFileType = sourcecode.cpp.cpp; fileEncoding = 4; name = image_builder.cpp; path = src/image_builder.cpp; sourceTree = SOURCE_ROOT; };
		5ACB1A6AFDC947EFA2E50B26 /* fingerprint_matcher.cpp */ = {isa = PBXFileReference; explicitFileType = sourcecode.cpp.cpp; fileEncoding = 4; name = fingerprint_matcher.cpp; path = src/fingerprint_matcher.cpp; sourceTree = SOURCE_ROOT; };
		5FAB448572C34AC68A27C0EC /* chroma.o */ = {isa = PBXFileReference; explicitFileType = "compiled.mach-o.objfile"; fileEncoding = 4; name = chroma.o; path = "../../jesseditson/VinylScrobbler/chromaprint/src/$(PROJECT_NAME).build/$(CONFIGURATION)$(EFFECTIVE_PLATFORM_NAME)/chromaprint_objs.build/Objects-normal/$(CURRENT_ARCH)/chroma.o"; sourceTree = SOURCE_ROOT; };
		68613046EA2442B2802C6625 /* CMakeLists.txt */ = {isa = PBXFileReference; explicitFileType = sourcecode.text; fileEncoding = 4; lastKnownFileType = text; name = CMakeLists.txt; path = src/CMakeLists.txt; sourceTree = SOURCE_ROOT; };
		6AB572D923814D03901877FC /* spectrum.cpp */ = {isa = PBXFileReference; explicitFileType = sourcecode.cpp.cpp; fileEncoding = 4; name = spectrum.cpp; path = src/spectrum.cpp; sourceTree = SOURCE_ROOT; };
		6E38F81154344A26914C0F1B /* CMakeLists.txt */ = {isa = PBXFileReference; explicitFileType = sourcecode.text; fileEncoding = 4; lastKnownFileType = text; path = CMakeLists.txt; sourceTree = SOURCE_ROOT; };
		7EC0F562B048445BB7F5BDB9 /* libchromaprint_objs.a */ = {isa = PBXFileReference; explicitFileType = archive.ar; path = libchromaprint_objs.a; sourceTree = BUILT_PRODUCTS_DIR; };
		8162ACA4180A40CEB414E17B /* audio_processor.o */ = {isa = PBXFileReference; explicitFileType = "compiled.mach-o.objfile"; fileEncoding = 4; name = audio_processor.o; path = "../../jesseditson/VinylScrobbler/chromaprint/src/$(PROJECT_NAME).build/$(CONFIGURATION)$(EFFECTIVE_PLATFORM_NAME)/chromaprint_objs.build/Objects-normal/$(CURRENT_ARCH)/audio_processor.o"; sourceTree = SOURCE_ROOT; };
		82D1FC9699DE445791990126 /* image_builder.o */ = {isa = PBXFileReference; explicitFileType = "compiled.mach-o.objfile"; fileEncoding = 4; name = image_builder.o; path = "../../jesseditson/VinylScrobbler/chromaprint/src/$(PROJECT_NAME).build/$(CONFIGURATION)$(EFFECTIVE_PLATFORM_NAME)/chromaprint_objs.build/Objects-normal/$(CURRENT_ARCH)/image_builder.o"; sourceTree = SOURCE_ROOT; };
		8780A3F0C3BE433EAC3171B1 /* silence_remover.cpp */ = {isa = PBXFileReference; explicitFileType = sourcecode.cpp.cpp; fileEncoding = 4; name = silence_remover.cpp; path = src/silence_remover.cpp; sourceTree = SOURCE_ROOT; };
		89350A33D02C4CDEB10902F1 /* chroma_resampler.cpp */ = {isa = PBXFileReference; explicitFileType = sourcecode.cpp.cpp; fileEncoding = 4; name = chroma_resampler.cpp; path = src/chroma_resampler.cpp; sourceTree = SOURCE_ROOT; };
		8BC4A2758A184AEFB2072AE2 /* CMakeLists.txt */ = {isa = PBXFileReference; explicitFileType = sourcecode.text; fileEncoding = 4; lastKnownFileType = text; path = CMakeLists.txt; sourceTree = SOURCE_ROOT; };
		90B44CE6C2E24A6AAD891C41 /* libchromaprint.1.4.2.dylib */ = {isa = PBXFileReference; explicitFileType = "compiled.mach-o.dylib"; path = libchromaprint.1.4.2.dylib; sourceTree = BUILT_PRODUCTS_DIR; };
		93F94BF80FBC4F06819AAC6D /* chroma_resampler.o */ = {isa = PBXFileReference; explicitFileType = "compiled.mach-o.objfile"; fileEncoding = 4; name = chroma_resampler.o; path = "../../jesseditson/VinylScrobbler/chromaprint/src/$(PROJECT_NAME).build/$(CONFIGURATION)$(EFFECTIVE_PLATFORM_NAME)/chromaprint_objs.build/Objects-normal/$(CURRENT_ARCH)/chroma_resampler.o"; sourceTree = SOURCE_ROOT; };
		98935BCCC2FE4E55A45A21FA /* fingerprinter_configuration.o */ = {isa = PBXFileReference; explicitFileType = "compiled.mach-o.objfile"; fileEncoding = 4; name = fingerprinter_configuration.o; path = "../../jesseditson/VinylScrobbler/chromaprint/src/$(PROJECT_NAME).build/$(CONFIGURATION)$(EFFECTIVE_PLATFORM_NAME)/chromaprint_objs.build/Objects-normal/$(CURRENT_ARCH)/fingerprinter_configuration.o"; sourceTree = SOURCE_ROOT; };
		9B31D8C756F74F1E870B1646 /* fingerprint_matcher.h */ = {isa = PBXFileReference; explicitFileType = sourcecode.c.h; fileEncoding = 4; name = fingerprint_matcher.h; path = src/fingerprint_matcher.h; sourceTree = SOURCE_ROOT; };
		9D4A7EE0521C49A191DA6F70 /* chroma.cpp */ = {isa = PBXFileReference; explicitFileType = sourcecode.cpp.cpp; fileEncoding = 4; name = chroma.cpp; path = src/chroma.cpp; sourceTree = SOURCE_ROOT; };
		A25A30AC47C74D2388E3E828 /* fft.cpp */ = {isa = PBXFileReference; explicitFileType = sourcecode.cpp.cpp; fileEncoding = 4; name = fft.cpp; path = src/fft.cpp; sourceTree = SOURCE_ROOT; };
		A37C2D992FBB4A24A7540829 /* resample2.o */ = {isa = PBXFileReference; explicitFileType = "compiled.mach-o.objfile"; fileEncoding = 4; name = resample2.o; path = "../../jesseditson/VinylScrobbler/chromaprint/src/$(PROJECT_NAME).build/$(CONFIGURATION)$(EFFECTIVE_PLATFORM_NAME)/chromaprint_objs.build/Objects-normal/$(CURRENT_ARCH)/resample2.o"; sourceTree = SOURCE_ROOT; };
		ADA91DD6ABD949308D5BCD47 /* gaussian_filter.h */ = {isa = PBXFileReference; explicitFileType = sourcecode.c.h; fileEncoding = 4; name = gaussian_filter.h; path = src/utils/gaussian_filter.h; sourceTree = SOURCE_ROOT; };
		B1D769D6854B4D8BBB669315 /* fingerprint_compressor.o */ = {isa = PBXFileReference; explicitFileType = "compiled.mach-o.objfile"; fileEncoding = 4; name = fingerprint_compressor.o; path = "../../jesseditson/VinylScrobbler/chromaprint/src/$(PROJECT_NAME).build/$(CONFIGURATION)$(EFFECTIVE_PLATFORM_NAME)/chromaprint_objs.build/Objects-normal/$(CURRENT_ARCH)/fingerprint_compressor.o"; sourceTree = SOURCE_ROOT; };
		BB3C364D682747B1AB4924EE /* audio_slicer.h */ = {isa = PBXFileReference; explicitFileType = sourcecode.c.h; fileEncoding = 4; name = audio_slicer.h; path = src/audio/audio_slicer.h; sourceTree = SOURCE_ROOT; };
		C20C16765EF6420AB08D2821 /* fft.o */ = {isa = PBXFileReference; explicitFileType = "compiled.mach-o.objfile"; fileEncoding = 4; name = fft.o; path = "../../jesseditson/VinylScrobbler/chromaprint/src/$(PROJECT_NAME).build/$(CONFIGURATION)$(EFFECTIVE_PLATFORM_NAME)/chromaprint_objs.build/Objects-normal/$(CURRENT_ARCH)/fft.o"; sourceTree = SOURCE_ROOT; };
		C4892E893FA74A329B54B9AB /* rolling_integral_image.h */ = {isa = PBXFileReference; explicitFileType = sourcecode.c.h; fileEncoding = 4; name = rolling_integral_image.h; path = src/utils/rolling_integral_image.h; sourceTree = SOURCE_ROOT; };
		C6CD361916F74B069218ECDD /* chromaprint.cpp */ = {isa = PBXFileReference; explicitFileType = sourcecode.cpp.cpp; fileEncoding = 4; name = chromaprint.cpp; path = src/chromaprint.cpp; sourceTree = SOURCE_ROOT; };
		C82AC7D7BCA241F3ACB68419 /* base64.cpp */ = {isa = PBXFileReference; explicitFileType = sourcecode.cpp.cpp; fileEncoding = 4; name = base64.cpp; path = src/utils/base64.cpp; sourceTree = SOURCE_ROOT; };
		C9304B31E56940C6987A8D5D /* fingerprint_matcher.o */ = {isa = PBXFileReference; explicitFileType = "compiled.mach-o.objfile"; fileEncoding = 4; name = fingerprint_matcher.o; path = "../../jesseditson/VinylScrobbler/chromaprint/src/$(PROJECT_NAME).build/$(CONFIGURATION)$(EFFECTIVE_PLATFORM_NAME)/chromaprint_objs.build/Objects-normal/$(CURRENT_ARCH)/fingerprint_matcher.o"; sourceTree = SOURCE_ROOT; };
		CC58DB923F80423C96C1BCF3 /* CMakeLists.txt */ = {isa = PBXFileReference; explicitFileType = sourcecode.text; fileEncoding = 4; lastKnownFileType = text; path = CMakeLists.txt; sourceTree = SOURCE_ROOT; };
		CEEA1FC6B2CD4580BC1FEBBF /* fft_lib_vdsp.o */ = {isa = PBXFileReference; explicitFileType = "compiled.mach-o.objfile"; fileEncoding = 4; name = fft_lib_vdsp.o; path = "../../jesseditson/VinylScrobbler/chromaprint/src/$(PROJECT_NAME).build/$(CONFIGURATION)$(EFFECTIVE_PLATFORM_NAME)/chromaprint_objs.build/Objects-normal/$(CURRENT_ARCH)/fft_lib_vdsp.o"; sourceTree = SOURCE_ROOT; };
		D3DF1B887DE647C89EFD7C5C /* base64.h */ = {isa = PBXFileReference; explicitFileType = sourcecode.c.h; fileEncoding = 4; name = base64.h; path = src/utils/base64.h; sourceTree = SOURCE_ROOT; };
		D59CDDD50E7440E9BE6164A6 /* fingerprinter.o */ = {isa = PBXFileReference; explicitFileType = "compiled.mach-o.objfile"; fileEncoding = 4; name = fingerprinter.o; path = "../../jesseditson/VinylScrobbler/chromaprint/src/$(PROJECT_NAME).build/$(CONFIGURATION)$(EFFECTIVE_PLATFORM_NAME)/chromaprint_objs.build/Objects-normal/$(CURRENT_ARCH)/fingerprinter.o"; sourceTree = SOURCE_ROOT; };
		E236B1999407445D89D25744 /* fft_lib_vdsp.cpp */ = {isa = PBXFileReference; explicitFileType = sourcecode.cpp.cpp; fileEncoding = 4; name = fft_lib_vdsp.cpp; path = src/fft_lib_vdsp.cpp; sourceTree = SOURCE_ROOT; };
		E5E17F459005469AA5B6180B /* fingerprint_decompressor.cpp */ = {isa = PBXFileReference; explicitFileType = sourcecode.cpp.cpp; fileEncoding = 4; name = fingerprint_decompressor.cpp; path = src/fingerprint_decompressor.cpp; sourceTree = SOURCE_ROOT; };
		EB8C8B7F9E534D5FB6160F32 /* audio_processor.cpp */ = {isa = PBXFileReference; explicitFileType = sourcecode.cpp.cpp; fileEncoding = 4; name = audio_processor.cpp; path = src/audio_processor.cpp; sourceTree = SOURCE_ROOT; };
		F1113F4A452547238DD0ED84 /* base64.o */ = {isa = PBXFileReference; explicitFileType = "compiled.mach-o.objfile"; fileEncoding = 4; name = base64.o; path = "../../jesseditson/VinylScrobbler/chromaprint/src/$(PROJECT_NAME).build/$(CONFIGURATION)$(EFFECTIVE_PLATFORM_NAME)/chromaprint_objs.build/Objects-normal/$(CURRENT_ARCH)/base64.o"; sourceTree = SOURCE_ROOT; };
		F213025C34D0450D94F50EFE /* spectrum.o */ = {isa = PBXFileReference; explicitFileType = "compiled.mach-o.objfile"; fileEncoding = 4; name = spectrum.o; path = "../../jesseditson/VinylScrobbler/chromaprint/src/$(PROJECT_NAME).build/$(CONFIGURATION)$(EFFECTIVE_PLATFORM_NAME)/chromaprint_objs.build/Objects-normal/$(CURRENT_ARCH)/spectrum.o"; sourceTree = SOURCE_ROOT; };
		F7CDBB6752934F58BA632E0E /* gradient.h */ = {isa = PBXFileReference; explicitFileType = sourcecode.c.h; fileEncoding = 4; name = gradient.h; path = src/utils/gradient.h; sourceTree = SOURCE_ROOT; };
		FBB2A2590963484DB660CE9B /* chroma_filter.o */ = {isa = PBXFileReference; explicitFileType = "compiled.mach-o.objfile"; fileEncoding = 4; name = chroma_filter.o; path = "../../jesseditson/VinylScrobbler/chromaprint/src/$(PROJECT_NAME).build/$(CONFIGURATION)$(EFFECTIVE_PLATFORM_NAME)/chromaprint_objs.build/Objects-normal/$(CURRENT_ARCH)/chroma_filter.o"; sourceTree = SOURCE_ROOT; };
/* End PBXFileReference section */

/* Begin PBXGroup section */
		0545E13B5E6842B392EECF66 /* Header Files */ = {
			isa = PBXGroup;
			children = (
				2240A36D55F541A6814BA48F /* chromaprint.h */,
			);
			name = "Header Files";
			sourceTree = "<group>";
		};
		0FB2DD6579684AE9895C8948 = {
			isa = PBXGroup;
			children = (
				C9BDD08CDC50498A86B05A5B /* Sources */,
				2922FF7575CF4728B4E24D45 /* Resources */,
				977E4D55290245439411EED7 /* Products */,
			);
			sourceTree = "<group>";
		};
		281B99FAD6D047CDB19920D8 /* Header Files */ = {
			isa = PBXGroup;
			children = (
				BB3C364D682747B1AB4924EE /* audio_slicer.h */,
				9B31D8C756F74F1E870B1646 /* fingerprint_matcher.h */,
				1E76EEB23570402D96F24CDD /* simhash.h */,
				D3DF1B887DE647C89EFD7C5C /* base64.h */,
				ADA91DD6ABD949308D5BCD47 /* gaussian_filter.h */,
				F7CDBB6752934F58BA632E0E /* gradient.h */,
				C4892E893FA74A329B54B9AB /* rolling_integral_image.h */,
				38B22F20AFCA4AE1AFD0B15E /* scope_exit.h */,
			);
			name = "Header Files";
			sourceTree = "<group>";
		};
		2922FF7575CF4728B4E24D45 /* Resources */ = {
			isa = PBXGroup;
			children = (
			);
			name = Resources;
			sourceTree = "<group>";
		};
		440DC5B5B71C41FDB95FFFD7 /* ZERO_CHECK */ = {
			isa = PBXGroup;
			children = (
				9BBCFE3315684ADE8130AF12 /* CMake Rules */,
				6E38F81154344A26914C0F1B /* CMakeLists.txt */,
			);
			name = ZERO_CHECK;
			sourceTree = "<group>";
		};
		4A24320B86B243829275534F /* uninstall */ = {
			isa = PBXGroup;
			children = (
				AB239586DFCD44ADA0988DFE /* CMake Rules */,
				CC58DB923F80423C96C1BCF3 /* CMakeLists.txt */,
			);
			name = uninstall;
			sourceTree = "<group>";
		};
		4B94F4C7C80A45D2A5E27A62 /* CMake Rules */ = {
			isa = PBXGroup;
			children = (
			);
			name = "CMake Rules";
			sourceTree = "<group>";
		};
		510090E3017843F3B51F7C25 /* chromaprint */ = {
			isa = PBXGroup;
			children = (
				F0D59EB982D1472ABAE6767B /* Source Files */,
				0545E13B5E6842B392EECF66 /* Header Files */,
				D0DE12F3E90C41F7997F0FBB /* Object Files */,
				4F9F405312BC441EA126DAE7 /* CMakeLists.txt */,
			);
			name = chromaprint;
			sourceTree = "<group>";
		};
		659A560EE5254B5FA8DBFCCC /* docs */ = {
			isa = PBXGroup;
			children = (
				6D3C54F798294AA89BFA138E /* CMake Rules */,
				8BC4A2758A184AEFB2072AE2 /* CMakeLists.txt */,
			);
			name = docs;
			sourceTree = "<group>";
		};
		6D3C54F798294AA89BFA138E /* CMake Rules */ = {
			isa = PBXGroup;
			children = (
			);
			name = "CMake Rules";
			sourceTree = "<group>";
		};
		8407E5DAD65745FE83326C21 /* ALL_BUILD */ = {
			isa = PBXGroup;
			children = (
				4B94F4C7C80A45D2A5E27A62 /* CMake Rules */,
				3F71355305E84D0DB46019B4 /* CMakeLists.txt */,
			);
			name = ALL_BUILD;
			sourceTree = "<group>";
		};
		977E4D55290245439411EED7 /* Products */ = {
			isa = PBXGroup;
			children = (
				90B44CE6C2E24A6AAD891C41 /* libchromaprint.1.4.2.dylib */,
				7EC0F562B048445BB7F5BDB9 /* libchromaprint_objs.a */,
			);
			name = Products;
			sourceTree = "<group>";
		};
		9BBCFE3315684ADE8130AF12 /* CMake Rules */ = {
			isa = PBXGroup;
			children = (
			);
			name = "CMake Rules";
			sourceTree = "<group>";
		};
		AB239586DFCD44ADA0988DFE /* CMake Rules */ = {
			isa = PBXGroup;
			children = (
			);
			name = "CMake Rules";
			sourceTree = "<group>";
		};
		AC8D84C19B40481EA6E41D48 /* Source Files */ = {
			isa = PBXGroup;
			children = (
				EB8C8B7F9E534D5FB6160F32 /* audio_processor.cpp */,
				0BA06BC78FF445E4A951B0CF /* resample2.c */,
				9D4A7EE0521C49A191DA6F70 /* chroma.cpp */,
				571D529BB6734BE6AD6FAB5C /* chroma_filter.cpp */,
				89350A33D02C4CDEB10902F1 /* chroma_resampler.cpp */,
				A25A30AC47C74D2388E3E828 /* fft.cpp */,
				E236B1999407445D89D25744 /* fft_lib_vdsp.cpp */,
				5801FD3D06DA431C926D0F75 /* fingerprint_calculator.cpp */,
				07ED85A2EBBC433396BE1DD0 /* fingerprint_compressor.cpp */,
				E5E17F459005469AA5B6180B /* fingerprint_decompressor.cpp */,
				5ACB1A6AFDC947EFA2E50B26 /* fingerprint_matcher.cpp */,
				007D8BF2A2094D8B987C37D2 /* fingerprinter.cpp */,
				1D246033EF5742A1860D4721 /* fingerprinter_configuration.cpp */,
				5971CE4D7FE1402BB1D67A0F /* image_builder.cpp */,
				8780A3F0C3BE433EAC3171B1 /* silence_remover.cpp */,
				360D34FC89B848CF9577326F /* simhash.cpp */,
				6AB572D923814D03901877FC /* spectrum.cpp */,
				C82AC7D7BCA241F3ACB68419 /* base64.cpp */,
			);
			name = "Source Files";
			sourceTree = "<group>";
		};
		ADEBDCADA7D24944AB27E32F /* chromaprint_objs */ = {
			isa = PBXGroup;
			children = (
				AC8D84C19B40481EA6E41D48 /* Source Files */,
				281B99FAD6D047CDB19920D8 /* Header Files */,
				68613046EA2442B2802C6625 /* CMakeLists.txt */,
			);
			name = chromaprint_objs;
			sourceTree = "<group>";
		};
		C9BDD08CDC50498A86B05A5B /* Sources */ = {
			isa = PBXGroup;
			children = (
				659A560EE5254B5FA8DBFCCC /* docs */,
				4A24320B86B243829275534F /* uninstall */,
				8407E5DAD65745FE83326C21 /* ALL_BUILD */,
				440DC5B5B71C41FDB95FFFD7 /* ZERO_CHECK */,
				510090E3017843F3B51F7C25 /* chromaprint */,
				ADEBDCADA7D24944AB27E32F /* chromaprint_objs */,
			);
			name = Sources;
			sourceTree = "<group>";
		};
		D0DE12F3E90C41F7997F0FBB /* Object Files */ = {
			isa = PBXGroup;
			children = (
				8162ACA4180A40CEB414E17B /* audio_processor.o */,
				F1113F4A452547238DD0ED84 /* base64.o */,
				5FAB448572C34AC68A27C0EC /* chroma.o */,
				FBB2A2590963484DB660CE9B /* chroma_filter.o */,
				93F94BF80FBC4F06819AAC6D /* chroma_resampler.o */,
				C20C16765EF6420AB08D2821 /* fft.o */,
				CEEA1FC6B2CD4580BC1FEBBF /* fft_lib_vdsp.o */,
				1D9A591265F14A46832BE918 /* fingerprint_calculator.o */,
				B1D769D6854B4D8BBB669315 /* fingerprint_compressor.o */,
				528B002E7E6D40F7B74142A4 /* fingerprint_decompressor.o */,
				C9304B31E56940C6987A8D5D /* fingerprint_matcher.o */,
				D59CDDD50E7440E9BE6164A6 /* fingerprinter.o */,
				98935BCCC2FE4E55A45A21FA /* fingerprinter_configuration.o */,
				82D1FC9699DE445791990126 /* image_builder.o */,
				A37C2D992FBB4A24A7540829 /* resample2.o */,
				1A42315EE9444D1BA20D2252 /* silence_remover.o */,
				1BE2ADA1C67D41F391E05CC0 /* simhash.o */,
				F213025C34D0450D94F50EFE /* spectrum.o */,
			);
			name = "Object Files";
			sourceTree = "<group>";
		};
		F0D59EB982D1472ABAE6767B /* Source Files */ = {
			isa = PBXGroup;
			children = (
				C6CD361916F74B069218ECDD /* chromaprint.cpp */,
			);
			name = "Source Files";
			sourceTree = "<group>";
		};
/* End PBXGroup section */

/* Begin PBXNativeTarget section */
		25CCFCC5D7C24071BB80D254 /* chromaprint_objs */ = {
			isa = PBXNativeTarget;
			buildConfigurationList = DC398D69BAC24824BE0A65E4 /* Build configuration list for PBXNativeTarget "chromaprint_objs" */;
			buildPhases = (
				9470B930AAAC4BC4837B5489 /* Sources */,
			);
			buildRules = (
			);
			dependencies = (
				7081713A63444F8398869E19 /* PBXTargetDependency */,
			);
			name = chromaprint_objs;
			productName = chromaprint_objs;
			productReference = 7EC0F562B048445BB7F5BDB9 /* libchromaprint_objs.a */;
			productType = "com.apple.product-type.library.static";
		};
		7D4402B9D24F4FCAA1C18032 /* chromaprint */ = {
			isa = PBXNativeTarget;
			buildConfigurationList = 64B07A98F32348CE952FCCC4 /* Build configuration list for PBXNativeTarget "chromaprint" */;
			buildPhases = (
				A0CA98CB16B744C7BD5974B3 /* Sources */,
				A76944001F764BFCB583B212 /* CMake PostBuild Rules */,
			);
			buildRules = (
			);
			dependencies = (
				D8B4675353E54041A4CBCE64 /* PBXTargetDependency */,
				6210E9A265E54234982799CB /* PBXTargetDependency */,
			);
			name = chromaprint;
			productName = chromaprint;
			productReference = 90B44CE6C2E24A6AAD891C41 /* libchromaprint.1.4.2.dylib */;
			productType = "com.apple.product-type.library.dynamic";
		};
/* End PBXNativeTarget section */

/* Begin PBXProject section */
		E38A908B0D5646DBBF3F3206 /* Project object */ = {
			isa = PBXProject;
			attributes = {
				BuildIndependentTargetsInParallel = YES;
				LastUpgradeCheck = 0820;
				TargetAttributes = {
					7D4402B9D24F4FCAA1C18032 = {
						DevelopmentTeam = 9E22QU7D5A;
						ProvisioningStyle = Automatic;
					};
				};
			};
			buildConfigurationList = A596723B24804E518F852EA0 /* Build configuration list for PBXProject "chromaprint" */;
			compatibilityVersion = "Xcode 3.2";
			developmentRegion = English;
			hasScannedForEncodings = 0;
			knownRegions = (
				en,
			);
			mainGroup = 0FB2DD6579684AE9895C8948;
			projectDirPath = /Users/jesseditson/code/acoustid/chromaprint;
			projectRoot = "";
			targets = (
				4B521906C3E44EDC9D90224B /* ALL_BUILD */,
				2CE2113B11F04F10A6EDE4EC /* ZERO_CHECK */,
				D13A84E50158455690E3B96E /* docs */,
				A5AC1F7EA97B4D7AB3E7BB5C /* install */,
				BADA60136EC54AE2ABC2D16C /* uninstall */,
				7D4402B9D24F4FCAA1C18032 /* chromaprint */,
				25CCFCC5D7C24071BB80D254 /* chromaprint_objs */,
			);
		};
/* End PBXProject section */

/* Begin PBXShellScriptBuildPhase section */
		28F178EBA03A4B33AE87ABDC /* CMake Rules */ = {
			isa = PBXShellScriptBuildPhase;
			buildActionMask = 2147483647;
			files = (
			);
			name = "CMake Rules";
			runOnlyForDeploymentPostprocessing = 0;
			shellPath = /bin/sh;
			shellScript = "make -C /Users/jesseditson/code/jesseditson/VinylScrobbler/chromaprint -f /Users/jesseditson/code/jesseditson/VinylScrobbler/chromaprint/CMakeScripts/ALL_BUILD_cmakeRulesBuildPhase.make$CONFIGURATION all";
			showEnvVarsInLog = 0;
		};
		49618D0C68BC45C3B947549E /* CMake Rules */ = {
			isa = PBXShellScriptBuildPhase;
			buildActionMask = 2147483647;
			files = (
			);
			name = "CMake Rules";
			runOnlyForDeploymentPostprocessing = 0;
			shellPath = /bin/sh;
			shellScript = "make -C /Users/jesseditson/code/jesseditson/VinylScrobbler/chromaprint -f /Users/jesseditson/code/jesseditson/VinylScrobbler/chromaprint/CMakeScripts/ZERO_CHECK_cmakeRulesBuildPhase.make$CONFIGURATION all";
			showEnvVarsInLog = 0;
		};
		61D1A10D26F241AB8087805A /* CMake Rules */ = {
			isa = PBXShellScriptBuildPhase;
			buildActionMask = 2147483647;
			files = (
			);
			name = "CMake Rules";
			runOnlyForDeploymentPostprocessing = 0;
			shellPath = /bin/sh;
			shellScript = "make -C /Users/jesseditson/code/jesseditson/VinylScrobbler/chromaprint -f /Users/jesseditson/code/jesseditson/VinylScrobbler/chromaprint/CMakeScripts/docs_cmakeRulesBuildPhase.make$CONFIGURATION all";
			showEnvVarsInLog = 0;
		};
		7190CE57147148968364FB04 /* CMake Rules */ = {
			isa = PBXShellScriptBuildPhase;
			buildActionMask = 2147483647;
			files = (
			);
			name = "CMake Rules";
			runOnlyForDeploymentPostprocessing = 0;
			shellPath = /bin/sh;
			shellScript = "make -C /Users/jesseditson/code/jesseditson/VinylScrobbler/chromaprint -f /Users/jesseditson/code/jesseditson/VinylScrobbler/chromaprint/CMakeScripts/uninstall_cmakeRulesBuildPhase.make$CONFIGURATION all";
			showEnvVarsInLog = 0;
		};
		937533BD255C490FA929F8A7 /* CMake PostBuild Rules */ = {
			isa = PBXShellScriptBuildPhase;
			buildActionMask = 2147483647;
			files = (
			);
			name = "CMake PostBuild Rules";
			runOnlyForDeploymentPostprocessing = 0;
			shellPath = /bin/sh;
			shellScript = "make -C /Users/jesseditson/code/jesseditson/VinylScrobbler/chromaprint -f /Users/jesseditson/code/jesseditson/VinylScrobbler/chromaprint/CMakeScripts/install_postBuildPhase.make$CONFIGURATION all";
			showEnvVarsInLog = 0;
		};
		A76944001F764BFCB583B212 /* CMake PostBuild Rules */ = {
			isa = PBXShellScriptBuildPhase;
			buildActionMask = 2147483647;
			files = (
			);
			name = "CMake PostBuild Rules";
			runOnlyForDeploymentPostprocessing = 0;
			shellPath = /bin/sh;
			shellScript = "make -C /Users/jesseditson/code/jesseditson/VinylScrobbler/chromaprint/src -f /Users/jesseditson/code/jesseditson/VinylScrobbler/chromaprint/src/CMakeScripts/chromaprint_postBuildPhase.make$CONFIGURATION all";
			showEnvVarsInLog = 0;
		};
/* End PBXShellScriptBuildPhase section */

/* Begin PBXSourcesBuildPhase section */
		9470B930AAAC4BC4837B5489 /* Sources */ = {
			isa = PBXSourcesBuildPhase;
			buildActionMask = 2147483647;
			files = (
				188B8E08861C4411BE56EA14 /* audio_processor.cpp in Sources */,
				D9E972E3B3444FABAE50F48E /* resample2.c in Sources */,
				6530F4EFEA9D473C9D453CDA /* chroma.cpp in Sources */,
				8EF3143C9FFC4A0C99FCF51F /* chroma_filter.cpp in Sources */,
				10797C84A16640B59A9F819F /* chroma_resampler.cpp in Sources */,
				85745C192F8841F0816BA1E2 /* fft.cpp in Sources */,
				C3B319D3A8324F52AC24BB9E /* fft_lib_vdsp.cpp in Sources */,
				808DC6A359314A5A8166FB91 /* fingerprint_calculator.cpp in Sources */,
				2094FB43FDBF4C998F9DE279 /* fingerprint_compressor.cpp in Sources */,
				92EEA605097E41D19CA9E1D0 /* fingerprint_decompressor.cpp in Sources */,
				1AE423549F2D4BC785C8B411 /* fingerprint_matcher.cpp in Sources */,
				EA8A27B12DAB42DE8D6182F8 /* fingerprinter.cpp in Sources */,
				F8911E4C15C546A19259AA9E /* fingerprinter_configuration.cpp in Sources */,
				C2624FF1907B4FA1B9CDB2FE /* image_builder.cpp in Sources */,
				7630070C301744679099EA66 /* silence_remover.cpp in Sources */,
				4B29CED679404176A723AF99 /* simhash.cpp in Sources */,
				4EFA0B334ED94A3B95090F85 /* spectrum.cpp in Sources */,
				29A282B4FA024929A751E383 /* base64.cpp in Sources */,
			);
			runOnlyForDeploymentPostprocessing = 0;
		};
		A0CA98CB16B744C7BD5974B3 /* Sources */ = {
			isa = PBXSourcesBuildPhase;
			buildActionMask = 2147483647;
			files = (
				53222454EE2F49FC88A71655 /* chromaprint.cpp in Sources */,
			);
			runOnlyForDeploymentPostprocessing = 0;
		};
/* End PBXSourcesBuildPhase section */

/* Begin PBXTargetDependency section */
		11B56834FD134A438C0D0354 /* PBXTargetDependency */ = {
			isa = PBXTargetDependency;
			target = 2CE2113B11F04F10A6EDE4EC /* ZERO_CHECK */;
			targetProxy = EF9A54D404884756BA4482FD /* PBXContainerItemProxy */;
		};
		6210E9A265E54234982799CB /* PBXTargetDependency */ = {
			isa = PBXTargetDependency;
			target = 2CE2113B11F04F10A6EDE4EC /* ZERO_CHECK */;
			targetProxy = 8B053FF1F06F4C56A5F63208 /* PBXContainerItemProxy */;
		};
		64503833DA0F4F4EB168AD44 /* PBXTargetDependency */ = {
			isa = PBXTargetDependency;
			target = 7D4402B9D24F4FCAA1C18032 /* chromaprint */;
			targetProxy = DE32713228394477ADDAD94A /* PBXContainerItemProxy */;
		};
		7081713A63444F8398869E19 /* PBXTargetDependency */ = {
			isa = PBXTargetDependency;
			target = 2CE2113B11F04F10A6EDE4EC /* ZERO_CHECK */;
			targetProxy = 7D3D230294774F70AC9F5B82 /* PBXContainerItemProxy */;
		};
		764080FE03CF4FEE9F4C7183 /* PBXTargetDependency */ = {
			isa = PBXTargetDependency;
			target = 25CCFCC5D7C24071BB80D254 /* chromaprint_objs */;
			targetProxy = 7405D84EDEE24327B12BF3E9 /* PBXContainerItemProxy */;
		};
		99D2076DEE0A4260801A73B7 /* PBXTargetDependency */ = {
			isa = PBXTargetDependency;
			target = 2CE2113B11F04F10A6EDE4EC /* ZERO_CHECK */;
			targetProxy = 3681C87773FF479189FC7DAE /* PBXContainerItemProxy */;
		};
		BA26A980279E4BB485FAF8D3 /* PBXTargetDependency */ = {
			isa = PBXTargetDependency;
			target = 4B521906C3E44EDC9D90224B /* ALL_BUILD */;
			targetProxy = 9D06A4D8A95C4AF89D9EC034 /* PBXContainerItemProxy */;
		};
		C76328440EF44D87BF3165FB /* PBXTargetDependency */ = {
			isa = PBXTargetDependency;
			target = 2CE2113B11F04F10A6EDE4EC /* ZERO_CHECK */;
			targetProxy = CB1FECD822B34A5E9B2164DA /* PBXContainerItemProxy */;
		};
		D8B4675353E54041A4CBCE64 /* PBXTargetDependency */ = {
			isa = PBXTargetDependency;
			target = 25CCFCC5D7C24071BB80D254 /* chromaprint_objs */;
			targetProxy = 27DD69E2D8484B98BD3D2AA9 /* PBXContainerItemProxy */;
		};
/* End PBXTargetDependency section */

/* Begin XCBuildConfiguration section */
		00E2D38A711141ABB02DE753 /* RelWithDebInfo */ = {
			isa = XCBuildConfiguration;
			buildSettings = {
				COMBINE_HIDPI_IMAGES = YES;
				GCC_GENERATE_DEBUGGING_SYMBOLS = YES;
				GCC_INLINES_ARE_PRIVATE_EXTERN = NO;
				GCC_OPTIMIZATION_LEVEL = 0;
				GCC_PREPROCESSOR_DEFINITIONS = (
					"'CMAKE_INTDIR=\"$(CONFIGURATION)$(EFFECTIVE_PLATFORM_NAME)\"'",
					HAVE_CONFIG_H,
					_SCL_SECURE_NO_WARNINGS,
					_USE_MATH_DEFINES,
					__STDC_LIMIT_MACROS,
					__STDC_CONSTANT_MACROS,
				);
				GCC_SYMBOLS_PRIVATE_EXTERN = NO;
				HEADER_SEARCH_PATHS = (
					/Users/jesseditson/code/jesseditson/VinylScrobbler/chromaprint,
					/Users/jesseditson/code/acoustid/chromaprint/src,
				);
				INSTALL_PATH = "";
				OTHER_LDFLAGS = " ";
				OTHER_REZFLAGS = "";
				PRODUCT_NAME = docs;
				SECTORDER_FLAGS = "";
				SYMROOT = /Users/jesseditson/code/jesseditson/VinylScrobbler/chromaprint;
				USE_HEADERMAP = NO;
				WARNING_CFLAGS = (
					"-Wmost",
					"-Wno-four-char-constants",
					"-Wno-unknown-pragmas",
					"$(inherited)",
				);
			};
			name = RelWithDebInfo;
		};
		111391C864394C3FA2EA92B0 /* Release */ = {
			isa = XCBuildConfiguration;
			buildSettings = {
				COMBINE_HIDPI_IMAGES = YES;
				GCC_GENERATE_DEBUGGING_SYMBOLS = YES;
				GCC_INLINES_ARE_PRIVATE_EXTERN = NO;
				GCC_OPTIMIZATION_LEVEL = 0;
				GCC_PREPROCESSOR_DEFINITIONS = (
					"'CMAKE_INTDIR=\"$(CONFIGURATION)$(EFFECTIVE_PLATFORM_NAME)\"'",
					HAVE_CONFIG_H,
					_SCL_SECURE_NO_WARNINGS,
					_USE_MATH_DEFINES,
					__STDC_LIMIT_MACROS,
					__STDC_CONSTANT_MACROS,
				);
				GCC_SYMBOLS_PRIVATE_EXTERN = NO;
				HEADER_SEARCH_PATHS = (
					/Users/jesseditson/code/jesseditson/VinylScrobbler/chromaprint,
					/Users/jesseditson/code/acoustid/chromaprint/src,
				);
				INSTALL_PATH = "";
				OTHER_LDFLAGS = " ";
				OTHER_REZFLAGS = "";
				PRODUCT_NAME = docs;
				SECTORDER_FLAGS = "";
				SYMROOT = /Users/jesseditson/code/jesseditson/VinylScrobbler/chromaprint;
				USE_HEADERMAP = NO;
				WARNING_CFLAGS = (
					"-Wmost",
					"-Wno-four-char-constants",
					"-Wno-unknown-pragmas",
					"$(inherited)",
				);
			};
			name = Release;
		};
		2B2F564FC4B342AD8D197344 /* Release */ = {
			isa = XCBuildConfiguration;
			buildSettings = {
				ARCHS = "$(ARCHS_STANDARD_32_BIT)";
				"CODE_SIGN_IDENTITY[sdk=iphoneos*]" = "iPhone Developer";
				COMBINE_HIDPI_IMAGES = YES;
				DEVELOPMENT_TEAM = 9E22QU7D5A;
				DYLIB_COMPATIBILITY_VERSION = 1.0.0;
				DYLIB_CURRENT_VERSION = 1.4.2;
				EXECUTABLE_PREFIX = lib;
				EXECUTABLE_SUFFIX = .dylib;
				GCC_GENERATE_DEBUGGING_SYMBOLS = NO;
				GCC_INLINES_ARE_PRIVATE_EXTERN = NO;
				GCC_OPTIMIZATION_LEVEL = 3;
				GCC_PREPROCESSOR_DEFINITIONS = (
					"'CMAKE_INTDIR=\"$(CONFIGURATION)$(EFFECTIVE_PLATFORM_NAME)\"'",
					CHROMAPRINT_API_EXPORTS,
					HAVE_CONFIG_H,
					_SCL_SECURE_NO_WARNINGS,
					_USE_MATH_DEFINES,
					__STDC_LIMIT_MACROS,
					__STDC_CONSTANT_MACROS,
				);
				GCC_SYMBOLS_PRIVATE_EXTERN = NO;
				HEADER_SEARCH_PATHS = (
					/Users/jesseditson/code/jesseditson/VinylScrobbler/chromaprint,
					/Users/jesseditson/code/acoustid/chromaprint/src,
				);
				INSTALL_PATH = "";
				LIBRARY_SEARCH_PATHS = "";
				LIBRARY_STYLE = DYNAMIC;
				ONLY_ACTIVE_ARCH = NO;
				OTHER_CFLAGS = (
					"-DNDEBUG",
					"-fPIC",
				);
				OTHER_CPLUSPLUSFLAGS = (
					"-DNDEBUG",
					"-fPIC",
				);
				OTHER_LDFLAGS = (
					"-dynamiclib",
					"-Wl,-headerpad_max_install_names",
					"-install_name",
					"/Users/jesseditson/code/jesseditson/VinylScrobbler/chromaprint/src/Release${EFFECTIVE_PLATFORM_NAME}/libchromaprint.1.dylib",
					"/Users/jesseditson/code/jesseditson/VinylScrobbler/chromaprint/src/$(PROJECT_NAME).build/$(CONFIGURATION)$(EFFECTIVE_PLATFORM_NAME)/chromaprint_objs.build/Objects-normal/$(CURRENT_ARCH)/fft_lib_vdsp.o",
					"/Users/jesseditson/code/jesseditson/VinylScrobbler/chromaprint/src/$(PROJECT_NAME).build/$(CONFIGURATION)$(EFFECTIVE_PLATFORM_NAME)/chromaprint_objs.build/Objects-normal/$(CURRENT_ARCH)/audio_processor.o",
					"/Users/jesseditson/code/jesseditson/VinylScrobbler/chromaprint/src/$(PROJECT_NAME).build/$(CONFIGURATION)$(EFFECTIVE_PLATFORM_NAME)/chromaprint_objs.build/Objects-normal/$(CURRENT_ARCH)/chroma.o",
					"/Users/jesseditson/code/jesseditson/VinylScrobbler/chromaprint/src/$(PROJECT_NAME).build/$(CONFIGURATION)$(EFFECTIVE_PLATFORM_NAME)/chromaprint_objs.build/Objects-normal/$(CURRENT_ARCH)/chroma_resampler.o",
					"/Users/jesseditson/code/jesseditson/VinylScrobbler/chromaprint/src/$(PROJECT_NAME).build/$(CONFIGURATION)$(EFFECTIVE_PLATFORM_NAME)/chromaprint_objs.build/Objects-normal/$(CURRENT_ARCH)/chroma_filter.o",
					"/Users/jesseditson/code/jesseditson/VinylScrobbler/chromaprint/src/$(PROJECT_NAME).build/$(CONFIGURATION)$(EFFECTIVE_PLATFORM_NAME)/chromaprint_objs.build/Objects-normal/$(CURRENT_ARCH)/spectrum.o",
					"/Users/jesseditson/code/jesseditson/VinylScrobbler/chromaprint/src/$(PROJECT_NAME).build/$(CONFIGURATION)$(EFFECTIVE_PLATFORM_NAME)/chromaprint_objs.build/Objects-normal/$(CURRENT_ARCH)/fft.o",
					"/Users/jesseditson/code/jesseditson/VinylScrobbler/chromaprint/src/$(PROJECT_NAME).build/$(CONFIGURATION)$(EFFECTIVE_PLATFORM_NAME)/chromaprint_objs.build/Objects-normal/$(CURRENT_ARCH)/fingerprinter.o",
					"/Users/jesseditson/code/jesseditson/VinylScrobbler/chromaprint/src/$(PROJECT_NAME).build/$(CONFIGURATION)$(EFFECTIVE_PLATFORM_NAME)/chromaprint_objs.build/Objects-normal/$(CURRENT_ARCH)/image_builder.o",
					"/Users/jesseditson/code/jesseditson/VinylScrobbler/chromaprint/src/$(PROJECT_NAME).build/$(CONFIGURATION)$(EFFECTIVE_PLATFORM_NAME)/chromaprint_objs.build/Objects-normal/$(CURRENT_ARCH)/simhash.o",
					"/Users/jesseditson/code/jesseditson/VinylScrobbler/chromaprint/src/$(PROJECT_NAME).build/$(CONFIGURATION)$(EFFECTIVE_PLATFORM_NAME)/chromaprint_objs.build/Objects-normal/$(CURRENT_ARCH)/silence_remover.o",
					"/Users/jesseditson/code/jesseditson/VinylScrobbler/chromaprint/src/$(PROJECT_NAME).build/$(CONFIGURATION)$(EFFECTIVE_PLATFORM_NAME)/chromaprint_objs.build/Objects-normal/$(CURRENT_ARCH)/fingerprint_calculator.o",
					"/Users/jesseditson/code/jesseditson/VinylScrobbler/chromaprint/src/$(PROJECT_NAME).build/$(CONFIGURATION)$(EFFECTIVE_PLATFORM_NAME)/chromaprint_objs.build/Objects-normal/$(CURRENT_ARCH)/fingerprint_compressor.o",
					"/Users/jesseditson/code/jesseditson/VinylScrobbler/chromaprint/src/$(PROJECT_NAME).build/$(CONFIGURATION)$(EFFECTIVE_PLATFORM_NAME)/chromaprint_objs.build/Objects-normal/$(CURRENT_ARCH)/fingerprint_decompressor.o",
					"/Users/jesseditson/code/jesseditson/VinylScrobbler/chromaprint/src/$(PROJECT_NAME).build/$(CONFIGURATION)$(EFFECTIVE_PLATFORM_NAME)/chromaprint_objs.build/Objects-normal/$(CURRENT_ARCH)/fingerprinter_configuration.o",
					"/Users/jesseditson/code/jesseditson/VinylScrobbler/chromaprint/src/$(PROJECT_NAME).build/$(CONFIGURATION)$(EFFECTIVE_PLATFORM_NAME)/chromaprint_objs.build/Objects-normal/$(CURRENT_ARCH)/fingerprint_matcher.o",
					"/Users/jesseditson/code/jesseditson/VinylScrobbler/chromaprint/src/$(PROJECT_NAME).build/$(CONFIGURATION)$(EFFECTIVE_PLATFORM_NAME)/chromaprint_objs.build/Objects-normal/$(CURRENT_ARCH)/base64.o",
					"/Users/jesseditson/code/jesseditson/VinylScrobbler/chromaprint/src/$(PROJECT_NAME).build/$(CONFIGURATION)$(EFFECTIVE_PLATFORM_NAME)/chromaprint_objs.build/Objects-normal/$(CURRENT_ARCH)/resample2.o",
					"-lm",
					"-framework",
					Accelerate,
				);
				OTHER_REZFLAGS = "";
				PRODUCT_NAME = chromaprint.1.4.2;
				SECTORDER_FLAGS = "";
				SYMROOT = /Users/jesseditson/code/jesseditson/VinylScrobbler/chromaprint/src;
				USE_HEADERMAP = NO;
				WARNING_CFLAGS = (
					"-Wmost",
					"-Wno-four-char-constants",
					"-Wno-unknown-pragmas",
					"$(inherited)",
				);
			};
			name = Release;
		};
		32C18BFA899A45BEB6B9A64C /* Release */ = {
			isa = XCBuildConfiguration;
			buildSettings = {
				ARCHS = "$(ARCHS_STANDARD_32_BIT)";
				CLANG_CXX_LANGUAGE_STANDARD = "c++0x";
				CLANG_CXX_LIBRARY = "libc++";
				INSTALL_PATH = "@rpath";
				SDKROOT = /Applications/Xcode.app/Contents/Developer/Platforms/iPhoneOS.platform/Developer/SDKs/iPhoneOS10.2.sdk;
				SYMROOT = /Users/jesseditson/code/jesseditson/VinylScrobbler/chromaprint/build;
			};
			name = Release;
		};
		3478DE8A20084EBE821F900A /* RelWithDebInfo */ = {
			isa = XCBuildConfiguration;
			buildSettings = {
				COMBINE_HIDPI_IMAGES = YES;
				GCC_GENERATE_DEBUGGING_SYMBOLS = YES;
				GCC_INLINES_ARE_PRIVATE_EXTERN = NO;
				GCC_OPTIMIZATION_LEVEL = 0;
				GCC_PREPROCESSOR_DEFINITIONS = (
					"'CMAKE_INTDIR=\"$(CONFIGURATION)$(EFFECTIVE_PLATFORM_NAME)\"'",
					HAVE_CONFIG_H,
					_SCL_SECURE_NO_WARNINGS,
					_USE_MATH_DEFINES,
					__STDC_LIMIT_MACROS,
					__STDC_CONSTANT_MACROS,
				);
				GCC_SYMBOLS_PRIVATE_EXTERN = NO;
				HEADER_SEARCH_PATHS = (
					/Users/jesseditson/code/jesseditson/VinylScrobbler/chromaprint,
					/Users/jesseditson/code/acoustid/chromaprint/src,
				);
				INSTALL_PATH = "";
				OTHER_LDFLAGS = " ";
				OTHER_REZFLAGS = "";
				PRODUCT_NAME = uninstall;
				SECTORDER_FLAGS = "";
				SYMROOT = /Users/jesseditson/code/jesseditson/VinylScrobbler/chromaprint;
				USE_HEADERMAP = NO;
				WARNING_CFLAGS = (
					"-Wmost",
					"-Wno-four-char-constants",
					"-Wno-unknown-pragmas",
					"$(inherited)",
				);
			};
			name = RelWithDebInfo;
		};
		375E257B66084B35897ECE1C /* RelWithDebInfo */ = {
			isa = XCBuildConfiguration;
			buildSettings = {
				COMBINE_HIDPI_IMAGES = YES;
				GCC_GENERATE_DEBUGGING_SYMBOLS = YES;
				GCC_INLINES_ARE_PRIVATE_EXTERN = NO;
				GCC_OPTIMIZATION_LEVEL = 0;
				GCC_PREPROCESSOR_DEFINITIONS = "'CMAKE_INTDIR=\"$(CONFIGURATION)$(EFFECTIVE_PLATFORM_NAME)\"'";
				GCC_SYMBOLS_PRIVATE_EXTERN = NO;
				HEADER_SEARCH_PATHS = (
					/Users/jesseditson/code/jesseditson/VinylScrobbler/chromaprint,
					/Users/jesseditson/code/acoustid/chromaprint/src,
				);
				INSTALL_PATH = "";
				OTHER_LDFLAGS = " ";
				OTHER_REZFLAGS = "";
				PRODUCT_NAME = ALL_BUILD;
				SECTORDER_FLAGS = "";
				SYMROOT = /Users/jesseditson/code/jesseditson/VinylScrobbler/chromaprint;
				USE_HEADERMAP = NO;
				WARNING_CFLAGS = (
					"-Wmost",
					"-Wno-four-char-constants",
					"-Wno-unknown-pragmas",
					"$(inherited)",
				);
			};
			name = RelWithDebInfo;
		};
		3808BDBF73744147A4D47A56 /* Debug */ = {
			isa = XCBuildConfiguration;
			buildSettings = {
				ARCHS = "$(ARCHS_STANDARD_32_BIT)";
				COMBINE_HIDPI_IMAGES = YES;
				CONFIGURATION_BUILD_DIR = "/Users/jesseditson/code/jesseditson/VinylScrobbler/chromaprint/src/chromaprint.build/Debug/chromaprint_objs.build/Objects-normal/";
				GCC_GENERATE_DEBUGGING_SYMBOLS = YES;
				GCC_INLINES_ARE_PRIVATE_EXTERN = NO;
				GCC_OPTIMIZATION_LEVEL = 0;
				GCC_PREPROCESSOR_DEFINITIONS = (
					"'CMAKE_INTDIR=\"$(CONFIGURATION)$(EFFECTIVE_PLATFORM_NAME)\"'",
					HAVE_CONFIG_H,
					_SCL_SECURE_NO_WARNINGS,
					_USE_MATH_DEFINES,
					__STDC_LIMIT_MACROS,
					__STDC_CONSTANT_MACROS,
				);
				GCC_SYMBOLS_PRIVATE_EXTERN = NO;
				HEADER_SEARCH_PATHS = (
					/Users/jesseditson/code/jesseditson/VinylScrobbler/chromaprint,
					/Users/jesseditson/code/acoustid/chromaprint/src,
				);
				INSTALL_PATH = "";
				LIBRARY_STYLE = STATIC;
				ONLY_ACTIVE_ARCH = NO;
				OTHER_CFLAGS = "   -fPIC  ";
				OTHER_CPLUSPLUSFLAGS = "   -fPIC  ";
				OTHER_LIBTOOLFLAGS = " ";
				OTHER_REZFLAGS = "";
				PRODUCT_NAME = chromaprint_objs;
				SECTORDER_FLAGS = "";
				SYMROOT = /Users/jesseditson/code/jesseditson/VinylScrobbler/chromaprint/src;
				USE_HEADERMAP = NO;
				WARNING_CFLAGS = (
					"-Wmost",
					"-Wno-four-char-constants",
					"-Wno-unknown-pragmas",
					"$(inherited)",
				);
			};
			name = Debug;
		};
		4A2A714A1EA64A3B9FEE081D /* Release */ = {
			isa = XCBuildConfiguration;
			buildSettings = {
				COMBINE_HIDPI_IMAGES = YES;
				GCC_GENERATE_DEBUGGING_SYMBOLS = YES;
				GCC_INLINES_ARE_PRIVATE_EXTERN = NO;
				GCC_OPTIMIZATION_LEVEL = 0;
				GCC_PREPROCESSOR_DEFINITIONS = "'CMAKE_INTDIR=\"$(CONFIGURATION)$(EFFECTIVE_PLATFORM_NAME)\"'";
				GCC_SYMBOLS_PRIVATE_EXTERN = NO;
				HEADER_SEARCH_PATHS = (
					/Users/jesseditson/code/jesseditson/VinylScrobbler/chromaprint,
					/Users/jesseditson/code/acoustid/chromaprint/src,
				);
				INSTALL_PATH = "";
				OTHER_LDFLAGS = " ";
				OTHER_REZFLAGS = "";
				PRODUCT_NAME = ALL_BUILD;
				SECTORDER_FLAGS = "";
				SYMROOT = /Users/jesseditson/code/jesseditson/VinylScrobbler/chromaprint;
				USE_HEADERMAP = NO;
				WARNING_CFLAGS = (
					"-Wmost",
					"-Wno-four-char-constants",
					"-Wno-unknown-pragmas",
					"$(inherited)",
				);
			};
			name = Release;
		};
		4E6CA6FA6BC14E5885DAB1BB /* Release */ = {
			isa = XCBuildConfiguration;
			buildSettings = {
				ARCHS = "$(ARCHS_STANDARD_32_BIT)";
				COMBINE_HIDPI_IMAGES = YES;
				CONFIGURATION_BUILD_DIR = "/Users/jesseditson/code/jesseditson/VinylScrobbler/chromaprint/src/chromaprint.build/Release/chromaprint_objs.build/Objects-normal/";
				GCC_GENERATE_DEBUGGING_SYMBOLS = NO;
				GCC_INLINES_ARE_PRIVATE_EXTERN = NO;
				GCC_OPTIMIZATION_LEVEL = 3;
				GCC_PREPROCESSOR_DEFINITIONS = (
					"'CMAKE_INTDIR=\"$(CONFIGURATION)$(EFFECTIVE_PLATFORM_NAME)\"'",
					HAVE_CONFIG_H,
					_SCL_SECURE_NO_WARNINGS,
					_USE_MATH_DEFINES,
					__STDC_LIMIT_MACROS,
					__STDC_CONSTANT_MACROS,
				);
				GCC_SYMBOLS_PRIVATE_EXTERN = NO;
				HEADER_SEARCH_PATHS = (
					/Users/jesseditson/code/jesseditson/VinylScrobbler/chromaprint,
					/Users/jesseditson/code/acoustid/chromaprint/src,
				);
				INSTALL_PATH = "";
				LIBRARY_STYLE = STATIC;
				ONLY_ACTIVE_ARCH = NO;
				OTHER_CFLAGS = (
					"-DNDEBUG",
					"-fPIC",
				);
				OTHER_CPLUSPLUSFLAGS = (
					"-DNDEBUG",
					"-fPIC",
				);
				OTHER_LIBTOOLFLAGS = " ";
				OTHER_REZFLAGS = "";
				PRODUCT_NAME = chromaprint_objs;
				SECTORDER_FLAGS = "";
				SYMROOT = /Users/jesseditson/code/jesseditson/VinylScrobbler/chromaprint/src;
				USE_HEADERMAP = NO;
				WARNING_CFLAGS = (
					"-Wmost",
					"-Wno-four-char-constants",
					"-Wno-unknown-pragmas",
					"$(inherited)",
				);
			};
			name = Release;
		};
		523D75CA84FC4E598C402E2B /* MinSizeRel */ = {
			isa = XCBuildConfiguration;
			buildSettings = {
				COMBINE_HIDPI_IMAGES = YES;
				GCC_GENERATE_DEBUGGING_SYMBOLS = YES;
				GCC_INLINES_ARE_PRIVATE_EXTERN = NO;
				GCC_OPTIMIZATION_LEVEL = 0;
				GCC_PREPROCESSOR_DEFINITIONS = (
					"'CMAKE_INTDIR=\"$(CONFIGURATION)$(EFFECTIVE_PLATFORM_NAME)\"'",
					HAVE_CONFIG_H,
					_SCL_SECURE_NO_WARNINGS,
					_USE_MATH_DEFINES,
					__STDC_LIMIT_MACROS,
					__STDC_CONSTANT_MACROS,
				);
				GCC_SYMBOLS_PRIVATE_EXTERN = NO;
				HEADER_SEARCH_PATHS = (
					/Users/jesseditson/code/jesseditson/VinylScrobbler/chromaprint,
					/Users/jesseditson/code/acoustid/chromaprint/src,
				);
				INSTALL_PATH = "";
				OTHER_LDFLAGS = " ";
				OTHER_REZFLAGS = "";
				PRODUCT_NAME = docs;
				SECTORDER_FLAGS = "";
				SYMROOT = /Users/jesseditson/code/jesseditson/VinylScrobbler/chromaprint;
				USE_HEADERMAP = NO;
				WARNING_CFLAGS = (
					"-Wmost",
					"-Wno-four-char-constants",
					"-Wno-unknown-pragmas",
					"$(inherited)",
				);
			};
			name = MinSizeRel;
		};
		55426E53D0B44C43BA98983F /* Release */ = {
			isa = XCBuildConfiguration;
			buildSettings = {
				ARCHS = "$(ARCHS_STANDARD_32_BIT)";
				COMBINE_HIDPI_IMAGES = YES;
				GCC_GENERATE_DEBUGGING_SYMBOLS = YES;
				GCC_INLINES_ARE_PRIVATE_EXTERN = NO;
				GCC_OPTIMIZATION_LEVEL = 0;
				GCC_PREPROCESSOR_DEFINITIONS = "'CMAKE_INTDIR=\"$(CONFIGURATION)$(EFFECTIVE_PLATFORM_NAME)\"'";
				GCC_SYMBOLS_PRIVATE_EXTERN = NO;
				HEADER_SEARCH_PATHS = (
					/Users/jesseditson/code/jesseditson/VinylScrobbler/chromaprint,
					/Users/jesseditson/code/acoustid/chromaprint/src,
				);
				INSTALL_PATH = "";
				ONLY_ACTIVE_ARCH = NO;
				OTHER_LDFLAGS = " ";
				OTHER_REZFLAGS = "";
				PRODUCT_NAME = install;
				SECTORDER_FLAGS = "";
				SYMROOT = /Users/jesseditson/code/jesseditson/VinylScrobbler/chromaprint;
				USE_HEADERMAP = NO;
				WARNING_CFLAGS = (
					"-Wmost",
					"-Wno-four-char-constants",
					"-Wno-unknown-pragmas",
					"$(inherited)",
				);
			};
			name = Release;
		};
		5575FC742D6E4CCCAE266BDF /* Debug */ = {
			isa = XCBuildConfiguration;
			buildSettings = {
				ARCHS = "$(ARCHS_STANDARD_32_BIT)";
				"CODE_SIGN_IDENTITY[sdk=iphoneos*]" = "iPhone Developer";
				COMBINE_HIDPI_IMAGES = YES;
				DEVELOPMENT_TEAM = 9E22QU7D5A;
				DYLIB_COMPATIBILITY_VERSION = 1.0.0;
				DYLIB_CURRENT_VERSION = 1.4.2;
				EXECUTABLE_PREFIX = lib;
				EXECUTABLE_SUFFIX = .dylib;
				GCC_GENERATE_DEBUGGING_SYMBOLS = YES;
				GCC_INLINES_ARE_PRIVATE_EXTERN = NO;
				GCC_OPTIMIZATION_LEVEL = 0;
				GCC_PREPROCESSOR_DEFINITIONS = (
					"'CMAKE_INTDIR=\"$(CONFIGURATION)$(EFFECTIVE_PLATFORM_NAME)\"'",
					CHROMAPRINT_API_EXPORTS,
					HAVE_CONFIG_H,
					_SCL_SECURE_NO_WARNINGS,
					_USE_MATH_DEFINES,
					__STDC_LIMIT_MACROS,
					__STDC_CONSTANT_MACROS,
				);
				GCC_SYMBOLS_PRIVATE_EXTERN = NO;
				HEADER_SEARCH_PATHS = (
					/Users/jesseditson/code/jesseditson/VinylScrobbler/chromaprint,
					/Users/jesseditson/code/acoustid/chromaprint/src,
				);
				INSTALL_PATH = "";
				LIBRARY_SEARCH_PATHS = "";
				LIBRARY_STYLE = DYNAMIC;
				ONLY_ACTIVE_ARCH = NO;
				OTHER_CFLAGS = "   -fPIC  ";
				OTHER_CPLUSPLUSFLAGS = "   -fPIC  ";
				OTHER_LDFLAGS = (
					"-dynamiclib",
					"-Wl,-headerpad_max_install_names",
					"-install_name",
					"/Users/jesseditson/code/jesseditson/VinylScrobbler/chromaprint/src/Debug${EFFECTIVE_PLATFORM_NAME}/libchromaprint.1.dylib",
					"/Users/jesseditson/code/jesseditson/VinylScrobbler/chromaprint/src/$(PROJECT_NAME).build/$(CONFIGURATION)$(EFFECTIVE_PLATFORM_NAME)/chromaprint_objs.build/Objects-normal/$(CURRENT_ARCH)/fft_lib_vdsp.o",
					"/Users/jesseditson/code/jesseditson/VinylScrobbler/chromaprint/src/$(PROJECT_NAME).build/$(CONFIGURATION)$(EFFECTIVE_PLATFORM_NAME)/chromaprint_objs.build/Objects-normal/$(CURRENT_ARCH)/audio_processor.o",
					"/Users/jesseditson/code/jesseditson/VinylScrobbler/chromaprint/src/$(PROJECT_NAME).build/$(CONFIGURATION)$(EFFECTIVE_PLATFORM_NAME)/chromaprint_objs.build/Objects-normal/$(CURRENT_ARCH)/chroma.o",
					"/Users/jesseditson/code/jesseditson/VinylScrobbler/chromaprint/src/$(PROJECT_NAME).build/$(CONFIGURATION)$(EFFECTIVE_PLATFORM_NAME)/chromaprint_objs.build/Objects-normal/$(CURRENT_ARCH)/chroma_resampler.o",
					"/Users/jesseditson/code/jesseditson/VinylScrobbler/chromaprint/src/$(PROJECT_NAME).build/$(CONFIGURATION)$(EFFECTIVE_PLATFORM_NAME)/chromaprint_objs.build/Objects-normal/$(CURRENT_ARCH)/chroma_filter.o",
					"/Users/jesseditson/code/jesseditson/VinylScrobbler/chromaprint/src/$(PROJECT_NAME).build/$(CONFIGURATION)$(EFFECTIVE_PLATFORM_NAME)/chromaprint_objs.build/Objects-normal/$(CURRENT_ARCH)/spectrum.o",
					"/Users/jesseditson/code/jesseditson/VinylScrobbler/chromaprint/src/$(PROJECT_NAME).build/$(CONFIGURATION)$(EFFECTIVE_PLATFORM_NAME)/chromaprint_objs.build/Objects-normal/$(CURRENT_ARCH)/fft.o",
					"/Users/jesseditson/code/jesseditson/VinylScrobbler/chromaprint/src/$(PROJECT_NAME).build/$(CONFIGURATION)$(EFFECTIVE_PLATFORM_NAME)/chromaprint_objs.build/Objects-normal/$(CURRENT_ARCH)/fingerprinter.o",
					"/Users/jesseditson/code/jesseditson/VinylScrobbler/chromaprint/src/$(PROJECT_NAME).build/$(CONFIGURATION)$(EFFECTIVE_PLATFORM_NAME)/chromaprint_objs.build/Objects-normal/$(CURRENT_ARCH)/image_builder.o",
					"/Users/jesseditson/code/jesseditson/VinylScrobbler/chromaprint/src/$(PROJECT_NAME).build/$(CONFIGURATION)$(EFFECTIVE_PLATFORM_NAME)/chromaprint_objs.build/Objects-normal/$(CURRENT_ARCH)/simhash.o",
					"/Users/jesseditson/code/jesseditson/VinylScrobbler/chromaprint/src/$(PROJECT_NAME).build/$(CONFIGURATION)$(EFFECTIVE_PLATFORM_NAME)/chromaprint_objs.build/Objects-normal/$(CURRENT_ARCH)/silence_remover.o",
					"/Users/jesseditson/code/jesseditson/VinylScrobbler/chromaprint/src/$(PROJECT_NAME).build/$(CONFIGURATION)$(EFFECTIVE_PLATFORM_NAME)/chromaprint_objs.build/Objects-normal/$(CURRENT_ARCH)/fingerprint_calculator.o",
					"/Users/jesseditson/code/jesseditson/VinylScrobbler/chromaprint/src/$(PROJECT_NAME).build/$(CONFIGURATION)$(EFFECTIVE_PLATFORM_NAME)/chromaprint_objs.build/Objects-normal/$(CURRENT_ARCH)/fingerprint_compressor.o",
					"/Users/jesseditson/code/jesseditson/VinylScrobbler/chromaprint/src/$(PROJECT_NAME).build/$(CONFIGURATION)$(EFFECTIVE_PLATFORM_NAME)/chromaprint_objs.build/Objects-normal/$(CURRENT_ARCH)/fingerprint_decompressor.o",
					"/Users/jesseditson/code/jesseditson/VinylScrobbler/chromaprint/src/$(PROJECT_NAME).build/$(CONFIGURATION)$(EFFECTIVE_PLATFORM_NAME)/chromaprint_objs.build/Objects-normal/$(CURRENT_ARCH)/fingerprinter_configuration.o",
					"/Users/jesseditson/code/jesseditson/VinylScrobbler/chromaprint/src/$(PROJECT_NAME).build/$(CONFIGURATION)$(EFFECTIVE_PLATFORM_NAME)/chromaprint_objs.build/Objects-normal/$(CURRENT_ARCH)/fingerprint_matcher.o",
					"/Users/jesseditson/code/jesseditson/VinylScrobbler/chromaprint/src/$(PROJECT_NAME).build/$(CONFIGURATION)$(EFFECTIVE_PLATFORM_NAME)/chromaprint_objs.build/Objects-normal/$(CURRENT_ARCH)/base64.o",
					"/Users/jesseditson/code/jesseditson/VinylScrobbler/chromaprint/src/$(PROJECT_NAME).build/$(CONFIGURATION)$(EFFECTIVE_PLATFORM_NAME)/chromaprint_objs.build/Objects-normal/$(CURRENT_ARCH)/resample2.o",
					"-lm",
					"-framework",
					Accelerate,
				);
				OTHER_REZFLAGS = "";
				PRODUCT_NAME = chromaprint.1.4.2;
				SECTORDER_FLAGS = "";
				SYMROOT = /Users/jesseditson/code/jesseditson/VinylScrobbler/chromaprint/src;
				USE_HEADERMAP = NO;
				WARNING_CFLAGS = (
					"-Wmost",
					"-Wno-four-char-constants",
					"-Wno-unknown-pragmas",
					"$(inherited)",
				);
			};
			name = Debug;
		};
		65F47BA54AE8428B97C01269 /* MinSizeRel */ = {
			isa = XCBuildConfiguration;
			buildSettings = {
				COMBINE_HIDPI_IMAGES = YES;
				GCC_GENERATE_DEBUGGING_SYMBOLS = YES;
				GCC_INLINES_ARE_PRIVATE_EXTERN = NO;
				GCC_OPTIMIZATION_LEVEL = 0;
				GCC_PREPROCESSOR_DEFINITIONS = (
					"'CMAKE_INTDIR=\"$(CONFIGURATION)$(EFFECTIVE_PLATFORM_NAME)\"'",
					HAVE_CONFIG_H,
					_SCL_SECURE_NO_WARNINGS,
					_USE_MATH_DEFINES,
					__STDC_LIMIT_MACROS,
					__STDC_CONSTANT_MACROS,
				);
				GCC_SYMBOLS_PRIVATE_EXTERN = NO;
				HEADER_SEARCH_PATHS = (
					/Users/jesseditson/code/jesseditson/VinylScrobbler/chromaprint,
					/Users/jesseditson/code/acoustid/chromaprint/src,
				);
				INSTALL_PATH = "";
				OTHER_LDFLAGS = " ";
				OTHER_REZFLAGS = "";
				PRODUCT_NAME = uninstall;
				SECTORDER_FLAGS = "";
				SYMROOT = /Users/jesseditson/code/jesseditson/VinylScrobbler/chromaprint;
				USE_HEADERMAP = NO;
				WARNING_CFLAGS = (
					"-Wmost",
					"-Wno-four-char-constants",
					"-Wno-unknown-pragmas",
					"$(inherited)",
				);
			};
			name = MinSizeRel;
		};
		680AF880CC684757AB7E6195 /* Debug */ = {
			isa = XCBuildConfiguration;
			buildSettings = {
				ARCHS = "$(ARCHS_STANDARD_32_BIT)";
				CLANG_CXX_LANGUAGE_STANDARD = "c++0x";
				CLANG_CXX_LIBRARY = "libc++";
				INSTALL_PATH = "@rpath";
				SDKROOT = /Applications/Xcode.app/Contents/Developer/Platforms/iPhoneOS.platform/Developer/SDKs/iPhoneOS10.2.sdk;
				SYMROOT = /Users/jesseditson/code/jesseditson/VinylScrobbler/chromaprint/build;
			};
			name = Debug;
		};
		8155CC53499A498FBF25EA90 /* RelWithDebInfo */ = {
			isa = XCBuildConfiguration;
			buildSettings = {
				ARCHS = "$(ARCHS_STANDARD_32_BIT)";
				"CODE_SIGN_IDENTITY[sdk=iphoneos*]" = "iPhone Developer";
				COMBINE_HIDPI_IMAGES = YES;
				DEVELOPMENT_TEAM = 9E22QU7D5A;
				DYLIB_COMPATIBILITY_VERSION = 1.0.0;
				DYLIB_CURRENT_VERSION = 1.4.2;
				EXECUTABLE_PREFIX = lib;
				EXECUTABLE_SUFFIX = .dylib;
				GCC_GENERATE_DEBUGGING_SYMBOLS = YES;
				GCC_INLINES_ARE_PRIVATE_EXTERN = NO;
				GCC_OPTIMIZATION_LEVEL = 2;
				GCC_PREPROCESSOR_DEFINITIONS = (
					"'CMAKE_INTDIR=\"$(CONFIGURATION)$(EFFECTIVE_PLATFORM_NAME)\"'",
					CHROMAPRINT_API_EXPORTS,
					HAVE_CONFIG_H,
					_SCL_SECURE_NO_WARNINGS,
					_USE_MATH_DEFINES,
					__STDC_LIMIT_MACROS,
					__STDC_CONSTANT_MACROS,
				);
				GCC_SYMBOLS_PRIVATE_EXTERN = NO;
				HEADER_SEARCH_PATHS = (
					/Users/jesseditson/code/jesseditson/VinylScrobbler/chromaprint,
					/Users/jesseditson/code/acoustid/chromaprint/src,
				);
				INSTALL_PATH = "";
				LIBRARY_SEARCH_PATHS = "";
				LIBRARY_STYLE = DYNAMIC;
				ONLY_ACTIVE_ARCH = NO;
				OTHER_CFLAGS = (
					"-DNDEBUG",
					"-fPIC",
				);
				OTHER_CPLUSPLUSFLAGS = (
					"-DNDEBUG",
					"-fPIC",
				);
				OTHER_LDFLAGS = (
					"-dynamiclib",
					"-Wl,-headerpad_max_install_names",
					"-install_name",
					"/Users/jesseditson/code/jesseditson/VinylScrobbler/chromaprint/src/RelWithDebInfo${EFFECTIVE_PLATFORM_NAME}/libchromaprint.1.dylib",
					"/Users/jesseditson/code/jesseditson/VinylScrobbler/chromaprint/src/$(PROJECT_NAME).build/$(CONFIGURATION)$(EFFECTIVE_PLATFORM_NAME)/chromaprint_objs.build/Objects-normal/$(CURRENT_ARCH)/fft_lib_vdsp.o",
					"/Users/jesseditson/code/jesseditson/VinylScrobbler/chromaprint/src/$(PROJECT_NAME).build/$(CONFIGURATION)$(EFFECTIVE_PLATFORM_NAME)/chromaprint_objs.build/Objects-normal/$(CURRENT_ARCH)/audio_processor.o",
					"/Users/jesseditson/code/jesseditson/VinylScrobbler/chromaprint/src/$(PROJECT_NAME).build/$(CONFIGURATION)$(EFFECTIVE_PLATFORM_NAME)/chromaprint_objs.build/Objects-normal/$(CURRENT_ARCH)/chroma.o",
					"/Users/jesseditson/code/jesseditson/VinylScrobbler/chromaprint/src/$(PROJECT_NAME).build/$(CONFIGURATION)$(EFFECTIVE_PLATFORM_NAME)/chromaprint_objs.build/Objects-normal/$(CURRENT_ARCH)/chroma_resampler.o",
					"/Users/jesseditson/code/jesseditson/VinylScrobbler/chromaprint/src/$(PROJECT_NAME).build/$(CONFIGURATION)$(EFFECTIVE_PLATFORM_NAME)/chromaprint_objs.build/Objects-normal/$(CURRENT_ARCH)/chroma_filter.o",
					"/Users/jesseditson/code/jesseditson/VinylScrobbler/chromaprint/src/$(PROJECT_NAME).build/$(CONFIGURATION)$(EFFECTIVE_PLATFORM_NAME)/chromaprint_objs.build/Objects-normal/$(CURRENT_ARCH)/spectrum.o",
					"/Users/jesseditson/code/jesseditson/VinylScrobbler/chromaprint/src/$(PROJECT_NAME).build/$(CONFIGURATION)$(EFFECTIVE_PLATFORM_NAME)/chromaprint_objs.build/Objects-normal/$(CURRENT_ARCH)/fft.o",
					"/Users/jesseditson/code/jesseditson/VinylScrobbler/chromaprint/src/$(PROJECT_NAME).build/$(CONFIGURATION)$(EFFECTIVE_PLATFORM_NAME)/chromaprint_objs.build/Objects-normal/$(CURRENT_ARCH)/fingerprinter.o",
					"/Users/jesseditson/code/jesseditson/VinylScrobbler/chromaprint/src/$(PROJECT_NAME).build/$(CONFIGURATION)$(EFFECTIVE_PLATFORM_NAME)/chromaprint_objs.build/Objects-normal/$(CURRENT_ARCH)/image_builder.o",
					"/Users/jesseditson/code/jesseditson/VinylScrobbler/chromaprint/src/$(PROJECT_NAME).build/$(CONFIGURATION)$(EFFECTIVE_PLATFORM_NAME)/chromaprint_objs.build/Objects-normal/$(CURRENT_ARCH)/simhash.o",
					"/Users/jesseditson/code/jesseditson/VinylScrobbler/chromaprint/src/$(PROJECT_NAME).build/$(CONFIGURATION)$(EFFECTIVE_PLATFORM_NAME)/chromaprint_objs.build/Objects-normal/$(CURRENT_ARCH)/silence_remover.o",
					"/Users/jesseditson/code/jesseditson/VinylScrobbler/chromaprint/src/$(PROJECT_NAME).build/$(CONFIGURATION)$(EFFECTIVE_PLATFORM_NAME)/chromaprint_objs.build/Objects-normal/$(CURRENT_ARCH)/fingerprint_calculator.o",
					"/Users/jesseditson/code/jesseditson/VinylScrobbler/chromaprint/src/$(PROJECT_NAME).build/$(CONFIGURATION)$(EFFECTIVE_PLATFORM_NAME)/chromaprint_objs.build/Objects-normal/$(CURRENT_ARCH)/fingerprint_compressor.o",
					"/Users/jesseditson/code/jesseditson/VinylScrobbler/chromaprint/src/$(PROJECT_NAME).build/$(CONFIGURATION)$(EFFECTIVE_PLATFORM_NAME)/chromaprint_objs.build/Objects-normal/$(CURRENT_ARCH)/fingerprint_decompressor.o",
					"/Users/jesseditson/code/jesseditson/VinylScrobbler/chromaprint/src/$(PROJECT_NAME).build/$(CONFIGURATION)$(EFFECTIVE_PLATFORM_NAME)/chromaprint_objs.build/Objects-normal/$(CURRENT_ARCH)/fingerprinter_configuration.o",
					"/Users/jesseditson/code/jesseditson/VinylScrobbler/chromaprint/src/$(PROJECT_NAME).build/$(CONFIGURATION)$(EFFECTIVE_PLATFORM_NAME)/chromaprint_objs.build/Objects-normal/$(CURRENT_ARCH)/fingerprint_matcher.o",
					"/Users/jesseditson/code/jesseditson/VinylScrobbler/chromaprint/src/$(PROJECT_NAME).build/$(CONFIGURATION)$(EFFECTIVE_PLATFORM_NAME)/chromaprint_objs.build/Objects-normal/$(CURRENT_ARCH)/base64.o",
					"/Users/jesseditson/code/jesseditson/VinylScrobbler/chromaprint/src/$(PROJECT_NAME).build/$(CONFIGURATION)$(EFFECTIVE_PLATFORM_NAME)/chromaprint_objs.build/Objects-normal/$(CURRENT_ARCH)/resample2.o",
					"-lm",
					"-framework",
					Accelerate,
				);
				OTHER_REZFLAGS = "";
				PRODUCT_NAME = chromaprint.1.4.2;
				SECTORDER_FLAGS = "";
				SYMROOT = /Users/jesseditson/code/jesseditson/VinylScrobbler/chromaprint/src;
				USE_HEADERMAP = NO;
				WARNING_CFLAGS = (
					"-Wmost",
					"-Wno-four-char-constants",
					"-Wno-unknown-pragmas",
					"$(inherited)",
				);
			};
			name = RelWithDebInfo;
		};
		862BAC91BBF946A583412502 /* RelWithDebInfo */ = {
			isa = XCBuildConfiguration;
			buildSettings = {
				ARCHS = "$(ARCHS_STANDARD_32_BIT)";
				COMBINE_HIDPI_IMAGES = YES;
				GCC_GENERATE_DEBUGGING_SYMBOLS = YES;
				GCC_INLINES_ARE_PRIVATE_EXTERN = NO;
				GCC_OPTIMIZATION_LEVEL = 0;
				GCC_PREPROCESSOR_DEFINITIONS = "'CMAKE_INTDIR=\"$(CONFIGURATION)$(EFFECTIVE_PLATFORM_NAME)\"'";
				GCC_SYMBOLS_PRIVATE_EXTERN = NO;
				HEADER_SEARCH_PATHS = (
					/Users/jesseditson/code/jesseditson/VinylScrobbler/chromaprint,
					/Users/jesseditson/code/acoustid/chromaprint/src,
				);
				INSTALL_PATH = "";
				ONLY_ACTIVE_ARCH = NO;
				OTHER_LDFLAGS = " ";
				OTHER_REZFLAGS = "";
				PRODUCT_NAME = install;
				SECTORDER_FLAGS = "";
				SYMROOT = /Users/jesseditson/code/jesseditson/VinylScrobbler/chromaprint;
				USE_HEADERMAP = NO;
				WARNING_CFLAGS = (
					"-Wmost",
					"-Wno-four-char-constants",
					"-Wno-unknown-pragmas",
					"$(inherited)",
				);
			};
			name = RelWithDebInfo;
		};
		9783E10D94CB44158E08D819 /* Debug */ = {
			isa = XCBuildConfiguration;
			buildSettings = {
				COMBINE_HIDPI_IMAGES = YES;
				GCC_GENERATE_DEBUGGING_SYMBOLS = YES;
				GCC_INLINES_ARE_PRIVATE_EXTERN = NO;
				GCC_OPTIMIZATION_LEVEL = 0;
				GCC_PREPROCESSOR_DEFINITIONS = (
					"'CMAKE_INTDIR=\"$(CONFIGURATION)$(EFFECTIVE_PLATFORM_NAME)\"'",
					HAVE_CONFIG_H,
					_SCL_SECURE_NO_WARNINGS,
					_USE_MATH_DEFINES,
					__STDC_LIMIT_MACROS,
					__STDC_CONSTANT_MACROS,
				);
				GCC_SYMBOLS_PRIVATE_EXTERN = NO;
				HEADER_SEARCH_PATHS = (
					/Users/jesseditson/code/jesseditson/VinylScrobbler/chromaprint,
					/Users/jesseditson/code/acoustid/chromaprint/src,
				);
				INSTALL_PATH = "";
				OTHER_LDFLAGS = " ";
				OTHER_REZFLAGS = "";
				PRODUCT_NAME = uninstall;
				SECTORDER_FLAGS = "";
				SYMROOT = /Users/jesseditson/code/jesseditson/VinylScrobbler/chromaprint;
				USE_HEADERMAP = NO;
				WARNING_CFLAGS = (
					"-Wmost",
					"-Wno-four-char-constants",
					"-Wno-unknown-pragmas",
					"$(inherited)",
				);
			};
			name = Debug;
		};
		9A0DDB2F9E17436683FC33FA /* Debug */ = {
			isa = XCBuildConfiguration;
			buildSettings = {
				COMBINE_HIDPI_IMAGES = YES;
				GCC_GENERATE_DEBUGGING_SYMBOLS = YES;
				GCC_INLINES_ARE_PRIVATE_EXTERN = NO;
				GCC_OPTIMIZATION_LEVEL = 0;
				GCC_PREPROCESSOR_DEFINITIONS = "'CMAKE_INTDIR=\"$(CONFIGURATION)$(EFFECTIVE_PLATFORM_NAME)\"'";
				GCC_SYMBOLS_PRIVATE_EXTERN = NO;
				HEADER_SEARCH_PATHS = (
					/Users/jesseditson/code/jesseditson/VinylScrobbler/chromaprint,
					/Users/jesseditson/code/acoustid/chromaprint/src,
				);
				INSTALL_PATH = "";
				OTHER_LDFLAGS = " ";
				OTHER_REZFLAGS = "";
				PRODUCT_NAME = ZERO_CHECK;
				SECTORDER_FLAGS = "";
				SYMROOT = /Users/jesseditson/code/jesseditson/VinylScrobbler/chromaprint;
				USE_HEADERMAP = NO;
				WARNING_CFLAGS = (
					"-Wmost",
					"-Wno-four-char-constants",
					"-Wno-unknown-pragmas",
					"$(inherited)",
				);
			};
			name = Debug;
		};
		9A215318328043BD8B42311F /* Debug */ = {
			isa = XCBuildConfiguration;
			buildSettings = {
				COMBINE_HIDPI_IMAGES = YES;
				GCC_GENERATE_DEBUGGING_SYMBOLS = YES;
				GCC_INLINES_ARE_PRIVATE_EXTERN = NO;
				GCC_OPTIMIZATION_LEVEL = 0;
				GCC_PREPROCESSOR_DEFINITIONS = (
					"'CMAKE_INTDIR=\"$(CONFIGURATION)$(EFFECTIVE_PLATFORM_NAME)\"'",
					HAVE_CONFIG_H,
					_SCL_SECURE_NO_WARNINGS,
					_USE_MATH_DEFINES,
					__STDC_LIMIT_MACROS,
					__STDC_CONSTANT_MACROS,
				);
				GCC_SYMBOLS_PRIVATE_EXTERN = NO;
				HEADER_SEARCH_PATHS = (
					/Users/jesseditson/code/jesseditson/VinylScrobbler/chromaprint,
					/Users/jesseditson/code/acoustid/chromaprint/src,
				);
				INSTALL_PATH = "";
				OTHER_LDFLAGS = " ";
				OTHER_REZFLAGS = "";
				PRODUCT_NAME = docs;
				SECTORDER_FLAGS = "";
				SYMROOT = /Users/jesseditson/code/jesseditson/VinylScrobbler/chromaprint;
				USE_HEADERMAP = NO;
				WARNING_CFLAGS = (
					"-Wmost",
					"-Wno-four-char-constants",
					"-Wno-unknown-pragmas",
					"$(inherited)",
				);
			};
			name = Debug;
		};
		A4E8371A93F04FD6BB43C6EC /* RelWithDebInfo */ = {
			isa = XCBuildConfiguration;
			buildSettings = {
				COMBINE_HIDPI_IMAGES = YES;
				GCC_GENERATE_DEBUGGING_SYMBOLS = YES;
				GCC_INLINES_ARE_PRIVATE_EXTERN = NO;
				GCC_OPTIMIZATION_LEVEL = 0;
				GCC_PREPROCESSOR_DEFINITIONS = "'CMAKE_INTDIR=\"$(CONFIGURATION)$(EFFECTIVE_PLATFORM_NAME)\"'";
				GCC_SYMBOLS_PRIVATE_EXTERN = NO;
				HEADER_SEARCH_PATHS = (
					/Users/jesseditson/code/jesseditson/VinylScrobbler/chromaprint,
					/Users/jesseditson/code/acoustid/chromaprint/src,
				);
				INSTALL_PATH = "";
				OTHER_LDFLAGS = " ";
				OTHER_REZFLAGS = "";
				PRODUCT_NAME = ZERO_CHECK;
				SECTORDER_FLAGS = "";
				SYMROOT = /Users/jesseditson/code/jesseditson/VinylScrobbler/chromaprint;
				USE_HEADERMAP = NO;
				WARNING_CFLAGS = (
					"-Wmost",
					"-Wno-four-char-constants",
					"-Wno-unknown-pragmas",
					"$(inherited)",
				);
			};
			name = RelWithDebInfo;
		};
		B3F70A783F30423A87AE95B0 /* MinSizeRel */ = {
			isa = XCBuildConfiguration;
			buildSettings = {
				ARCHS = "$(ARCHS_STANDARD_32_BIT)";
				COMBINE_HIDPI_IMAGES = YES;
				CONFIGURATION_BUILD_DIR = "/Users/jesseditson/code/jesseditson/VinylScrobbler/chromaprint/src/chromaprint.build/MinSizeRel/chromaprint_objs.build/Objects-normal/";
				GCC_GENERATE_DEBUGGING_SYMBOLS = NO;
				GCC_INLINES_ARE_PRIVATE_EXTERN = NO;
				GCC_OPTIMIZATION_LEVEL = s;
				GCC_PREPROCESSOR_DEFINITIONS = (
					"'CMAKE_INTDIR=\"$(CONFIGURATION)$(EFFECTIVE_PLATFORM_NAME)\"'",
					HAVE_CONFIG_H,
					_SCL_SECURE_NO_WARNINGS,
					_USE_MATH_DEFINES,
					__STDC_LIMIT_MACROS,
					__STDC_CONSTANT_MACROS,
				);
				GCC_SYMBOLS_PRIVATE_EXTERN = NO;
				HEADER_SEARCH_PATHS = (
					/Users/jesseditson/code/jesseditson/VinylScrobbler/chromaprint,
					/Users/jesseditson/code/acoustid/chromaprint/src,
				);
				INSTALL_PATH = "";
				LIBRARY_STYLE = STATIC;
				ONLY_ACTIVE_ARCH = NO;
				OTHER_CFLAGS = (
					"-DNDEBUG",
					"-fPIC",
				);
				OTHER_CPLUSPLUSFLAGS = (
					"-DNDEBUG",
					"-fPIC",
				);
				OTHER_LIBTOOLFLAGS = " ";
				OTHER_REZFLAGS = "";
				PRODUCT_NAME = chromaprint_objs;
				SECTORDER_FLAGS = "";
				SYMROOT = /Users/jesseditson/code/jesseditson/VinylScrobbler/chromaprint/src;
				USE_HEADERMAP = NO;
				WARNING_CFLAGS = (
					"-Wmost",
					"-Wno-four-char-constants",
					"-Wno-unknown-pragmas",
					"$(inherited)",
				);
			};
			name = MinSizeRel;
		};
		B51505B033704E86B09F76BF /* MinSizeRel */ = {
			isa = XCBuildConfiguration;
			buildSettings = {
				COMBINE_HIDPI_IMAGES = YES;
				GCC_GENERATE_DEBUGGING_SYMBOLS = YES;
				GCC_INLINES_ARE_PRIVATE_EXTERN = NO;
				GCC_OPTIMIZATION_LEVEL = 0;
				GCC_PREPROCESSOR_DEFINITIONS = "'CMAKE_INTDIR=\"$(CONFIGURATION)$(EFFECTIVE_PLATFORM_NAME)\"'";
				GCC_SYMBOLS_PRIVATE_EXTERN = NO;
				HEADER_SEARCH_PATHS = (
					/Users/jesseditson/code/jesseditson/VinylScrobbler/chromaprint,
					/Users/jesseditson/code/acoustid/chromaprint/src,
				);
				INSTALL_PATH = "";
				OTHER_LDFLAGS = " ";
				OTHER_REZFLAGS = "";
				PRODUCT_NAME = ZERO_CHECK;
				SECTORDER_FLAGS = "";
				SYMROOT = /Users/jesseditson/code/jesseditson/VinylScrobbler/chromaprint;
				USE_HEADERMAP = NO;
				WARNING_CFLAGS = (
					"-Wmost",
					"-Wno-four-char-constants",
					"-Wno-unknown-pragmas",
					"$(inherited)",
				);
			};
			name = MinSizeRel;
		};
		B5B10A6AD0BB4FB586675A34 /* RelWithDebInfo */ = {
			isa = XCBuildConfiguration;
			buildSettings = {
				ARCHS = "$(ARCHS_STANDARD_32_BIT)";
				CLANG_CXX_LANGUAGE_STANDARD = "c++0x";
				CLANG_CXX_LIBRARY = "libc++";
				INSTALL_PATH = "@rpath";
				SDKROOT = /Applications/Xcode.app/Contents/Developer/Platforms/iPhoneOS.platform/Developer/SDKs/iPhoneOS10.2.sdk;
				SYMROOT = /Users/jesseditson/code/jesseditson/VinylScrobbler/chromaprint/build;
			};
			name = RelWithDebInfo;
		};
		B8115C1C8667425D8F7F1AE6 /* Release */ = {
			isa = XCBuildConfiguration;
			buildSettings = {
				COMBINE_HIDPI_IMAGES = YES;
				GCC_GENERATE_DEBUGGING_SYMBOLS = YES;
				GCC_INLINES_ARE_PRIVATE_EXTERN = NO;
				GCC_OPTIMIZATION_LEVEL = 0;
				GCC_PREPROCESSOR_DEFINITIONS = "'CMAKE_INTDIR=\"$(CONFIGURATION)$(EFFECTIVE_PLATFORM_NAME)\"'";
				GCC_SYMBOLS_PRIVATE_EXTERN = NO;
				HEADER_SEARCH_PATHS = (
					/Users/jesseditson/code/jesseditson/VinylScrobbler/chromaprint,
					/Users/jesseditson/code/acoustid/chromaprint/src,
				);
				INSTALL_PATH = "";
				OTHER_LDFLAGS = " ";
				OTHER_REZFLAGS = "";
				PRODUCT_NAME = ZERO_CHECK;
				SECTORDER_FLAGS = "";
				SYMROOT = /Users/jesseditson/code/jesseditson/VinylScrobbler/chromaprint;
				USE_HEADERMAP = NO;
				WARNING_CFLAGS = (
					"-Wmost",
					"-Wno-four-char-constants",
					"-Wno-unknown-pragmas",
					"$(inherited)",
				);
			};
			name = Release;
		};
		C12ABB0E2C994DADAE8F96E8 /* RelWithDebInfo */ = {
			isa = XCBuildConfiguration;
			buildSettings = {
				ARCHS = "$(ARCHS_STANDARD_32_BIT)";
				COMBINE_HIDPI_IMAGES = YES;
				CONFIGURATION_BUILD_DIR = "/Users/jesseditson/code/jesseditson/VinylScrobbler/chromaprint/src/chromaprint.build/RelWithDebInfo/chromaprint_objs.build/Objects-normal/";
				GCC_GENERATE_DEBUGGING_SYMBOLS = YES;
				GCC_INLINES_ARE_PRIVATE_EXTERN = NO;
				GCC_OPTIMIZATION_LEVEL = 2;
				GCC_PREPROCESSOR_DEFINITIONS = (
					"'CMAKE_INTDIR=\"$(CONFIGURATION)$(EFFECTIVE_PLATFORM_NAME)\"'",
					HAVE_CONFIG_H,
					_SCL_SECURE_NO_WARNINGS,
					_USE_MATH_DEFINES,
					__STDC_LIMIT_MACROS,
					__STDC_CONSTANT_MACROS,
				);
				GCC_SYMBOLS_PRIVATE_EXTERN = NO;
				HEADER_SEARCH_PATHS = (
					/Users/jesseditson/code/jesseditson/VinylScrobbler/chromaprint,
					/Users/jesseditson/code/acoustid/chromaprint/src,
				);
				INSTALL_PATH = "";
				LIBRARY_STYLE = STATIC;
				ONLY_ACTIVE_ARCH = NO;
				OTHER_CFLAGS = (
					"-DNDEBUG",
					"-fPIC",
				);
				OTHER_CPLUSPLUSFLAGS = (
					"-DNDEBUG",
					"-fPIC",
				);
				OTHER_LIBTOOLFLAGS = " ";
				OTHER_REZFLAGS = "";
				PRODUCT_NAME = chromaprint_objs;
				SECTORDER_FLAGS = "";
				SYMROOT = /Users/jesseditson/code/jesseditson/VinylScrobbler/chromaprint/src;
				USE_HEADERMAP = NO;
				WARNING_CFLAGS = (
					"-Wmost",
					"-Wno-four-char-constants",
					"-Wno-unknown-pragmas",
					"$(inherited)",
				);
			};
			name = RelWithDebInfo;
		};
		CC93522F5E1A4075AABA832D /* MinSizeRel */ = {
			isa = XCBuildConfiguration;
			buildSettings = {
				COMBINE_HIDPI_IMAGES = YES;
				GCC_GENERATE_DEBUGGING_SYMBOLS = YES;
				GCC_INLINES_ARE_PRIVATE_EXTERN = NO;
				GCC_OPTIMIZATION_LEVEL = 0;
				GCC_PREPROCESSOR_DEFINITIONS = "'CMAKE_INTDIR=\"$(CONFIGURATION)$(EFFECTIVE_PLATFORM_NAME)\"'";
				GCC_SYMBOLS_PRIVATE_EXTERN = NO;
				HEADER_SEARCH_PATHS = (
					/Users/jesseditson/code/jesseditson/VinylScrobbler/chromaprint,
					/Users/jesseditson/code/acoustid/chromaprint/src,
				);
				INSTALL_PATH = "";
				OTHER_LDFLAGS = " ";
				OTHER_REZFLAGS = "";
				PRODUCT_NAME = ALL_BUILD;
				SECTORDER_FLAGS = "";
				SYMROOT = /Users/jesseditson/code/jesseditson/VinylScrobbler/chromaprint;
				USE_HEADERMAP = NO;
				WARNING_CFLAGS = (
					"-Wmost",
					"-Wno-four-char-constants",
					"-Wno-unknown-pragmas",
					"$(inherited)",
				);
			};
			name = MinSizeRel;
		};
		D828C4F6F453454C9148EEA7 /* MinSizeRel */ = {
			isa = XCBuildConfiguration;
			buildSettings = {
				ARCHS = "$(ARCHS_STANDARD_32_BIT)";
				CLANG_CXX_LANGUAGE_STANDARD = "c++0x";
				CLANG_CXX_LIBRARY = "libc++";
				INSTALL_PATH = "@rpath";
				SDKROOT = /Applications/Xcode.app/Contents/Developer/Platforms/iPhoneOS.platform/Developer/SDKs/iPhoneOS10.2.sdk;
				SYMROOT = /Users/jesseditson/code/jesseditson/VinylScrobbler/chromaprint/build;
			};
			name = MinSizeRel;
		};
		E955D12FC9F745169E1D0D5D /* MinSizeRel */ = {
			isa = XCBuildConfiguration;
			buildSettings = {
				ARCHS = "$(ARCHS_STANDARD_32_BIT)";
				"CODE_SIGN_IDENTITY[sdk=iphoneos*]" = "iPhone Developer";
				COMBINE_HIDPI_IMAGES = YES;
				DEVELOPMENT_TEAM = 9E22QU7D5A;
				DYLIB_COMPATIBILITY_VERSION = 1.0.0;
				DYLIB_CURRENT_VERSION = 1.4.2;
				EXECUTABLE_PREFIX = lib;
				EXECUTABLE_SUFFIX = .dylib;
				GCC_GENERATE_DEBUGGING_SYMBOLS = NO;
				GCC_INLINES_ARE_PRIVATE_EXTERN = NO;
				GCC_OPTIMIZATION_LEVEL = s;
				GCC_PREPROCESSOR_DEFINITIONS = (
					"'CMAKE_INTDIR=\"$(CONFIGURATION)$(EFFECTIVE_PLATFORM_NAME)\"'",
					CHROMAPRINT_API_EXPORTS,
					HAVE_CONFIG_H,
					_SCL_SECURE_NO_WARNINGS,
					_USE_MATH_DEFINES,
					__STDC_LIMIT_MACROS,
					__STDC_CONSTANT_MACROS,
				);
				GCC_SYMBOLS_PRIVATE_EXTERN = NO;
				HEADER_SEARCH_PATHS = (
					/Users/jesseditson/code/jesseditson/VinylScrobbler/chromaprint,
					/Users/jesseditson/code/acoustid/chromaprint/src,
				);
				INSTALL_PATH = "";
				LIBRARY_SEARCH_PATHS = "";
				LIBRARY_STYLE = DYNAMIC;
				ONLY_ACTIVE_ARCH = NO;
				OTHER_CFLAGS = (
					"-DNDEBUG",
					"-fPIC",
				);
				OTHER_CPLUSPLUSFLAGS = (
					"-DNDEBUG",
					"-fPIC",
				);
				OTHER_LDFLAGS = (
					"-dynamiclib",
					"-Wl,-headerpad_max_install_names",
					"-install_name",
					"/Users/jesseditson/code/jesseditson/VinylScrobbler/chromaprint/src/MinSizeRel${EFFECTIVE_PLATFORM_NAME}/libchromaprint.1.dylib",
					"/Users/jesseditson/code/jesseditson/VinylScrobbler/chromaprint/src/$(PROJECT_NAME).build/$(CONFIGURATION)$(EFFECTIVE_PLATFORM_NAME)/chromaprint_objs.build/Objects-normal/$(CURRENT_ARCH)/fft_lib_vdsp.o",
					"/Users/jesseditson/code/jesseditson/VinylScrobbler/chromaprint/src/$(PROJECT_NAME).build/$(CONFIGURATION)$(EFFECTIVE_PLATFORM_NAME)/chromaprint_objs.build/Objects-normal/$(CURRENT_ARCH)/audio_processor.o",
					"/Users/jesseditson/code/jesseditson/VinylScrobbler/chromaprint/src/$(PROJECT_NAME).build/$(CONFIGURATION)$(EFFECTIVE_PLATFORM_NAME)/chromaprint_objs.build/Objects-normal/$(CURRENT_ARCH)/chroma.o",
					"/Users/jesseditson/code/jesseditson/VinylScrobbler/chromaprint/src/$(PROJECT_NAME).build/$(CONFIGURATION)$(EFFECTIVE_PLATFORM_NAME)/chromaprint_objs.build/Objects-normal/$(CURRENT_ARCH)/chroma_resampler.o",
					"/Users/jesseditson/code/jesseditson/VinylScrobbler/chromaprint/src/$(PROJECT_NAME).build/$(CONFIGURATION)$(EFFECTIVE_PLATFORM_NAME)/chromaprint_objs.build/Objects-normal/$(CURRENT_ARCH)/chroma_filter.o",
					"/Users/jesseditson/code/jesseditson/VinylScrobbler/chromaprint/src/$(PROJECT_NAME).build/$(CONFIGURATION)$(EFFECTIVE_PLATFORM_NAME)/chromaprint_objs.build/Objects-normal/$(CURRENT_ARCH)/spectrum.o",
					"/Users/jesseditson/code/jesseditson/VinylScrobbler/chromaprint/src/$(PROJECT_NAME).build/$(CONFIGURATION)$(EFFECTIVE_PLATFORM_NAME)/chromaprint_objs.build/Objects-normal/$(CURRENT_ARCH)/fft.o",
					"/Users/jesseditson/code/jesseditson/VinylScrobbler/chromaprint/src/$(PROJECT_NAME).build/$(CONFIGURATION)$(EFFECTIVE_PLATFORM_NAME)/chromaprint_objs.build/Objects-normal/$(CURRENT_ARCH)/fingerprinter.o",
					"/Users/jesseditson/code/jesseditson/VinylScrobbler/chromaprint/src/$(PROJECT_NAME).build/$(CONFIGURATION)$(EFFECTIVE_PLATFORM_NAME)/chromaprint_objs.build/Objects-normal/$(CURRENT_ARCH)/image_builder.o",
					"/Users/jesseditson/code/jesseditson/VinylScrobbler/chromaprint/src/$(PROJECT_NAME).build/$(CONFIGURATION)$(EFFECTIVE_PLATFORM_NAME)/chromaprint_objs.build/Objects-normal/$(CURRENT_ARCH)/simhash.o",
					"/Users/jesseditson/code/jesseditson/VinylScrobbler/chromaprint/src/$(PROJECT_NAME).build/$(CONFIGURATION)$(EFFECTIVE_PLATFORM_NAME)/chromaprint_objs.build/Objects-normal/$(CURRENT_ARCH)/silence_remover.o",
					"/Users/jesseditson/code/jesseditson/VinylScrobbler/chromaprint/src/$(PROJECT_NAME).build/$(CONFIGURATION)$(EFFECTIVE_PLATFORM_NAME)/chromaprint_objs.build/Objects-normal/$(CURRENT_ARCH)/fingerprint_calculator.o",
					"/Users/jesseditson/code/jesseditson/VinylScrobbler/chromaprint/src/$(PROJECT_NAME).build/$(CONFIGURATION)$(EFFECTIVE_PLATFORM_NAME)/chromaprint_objs.build/Objects-normal/$(CURRENT_ARCH)/fingerprint_compressor.o",
					"/Users/jesseditson/code/jesseditson/VinylScrobbler/chromaprint/src/$(PROJECT_NAME).build/$(CONFIGURATION)$(EFFECTIVE_PLATFORM_NAME)/chromaprint_objs.build/Objects-normal/$(CURRENT_ARCH)/fingerprint_decompressor.o",
					"/Users/jesseditson/code/jesseditson/VinylScrobbler/chromaprint/src/$(PROJECT_NAME).build/$(CONFIGURATION)$(EFFECTIVE_PLATFORM_NAME)/chromaprint_objs.build/Objects-normal/$(CURRENT_ARCH)/fingerprinter_configuration.o",
					"/Users/jesseditson/code/jesseditson/VinylScrobbler/chromaprint/src/$(PROJECT_NAME).build/$(CONFIGURATION)$(EFFECTIVE_PLATFORM_NAME)/chromaprint_objs.build/Objects-normal/$(CURRENT_ARCH)/fingerprint_matcher.o",
					"/Users/jesseditson/code/jesseditson/VinylScrobbler/chromaprint/src/$(PROJECT_NAME).build/$(CONFIGURATION)$(EFFECTIVE_PLATFORM_NAME)/chromaprint_objs.build/Objects-normal/$(CURRENT_ARCH)/base64.o",
					"/Users/jesseditson/code/jesseditson/VinylScrobbler/chromaprint/src/$(PROJECT_NAME).build/$(CONFIGURATION)$(EFFECTIVE_PLATFORM_NAME)/chromaprint_objs.build/Objects-normal/$(CURRENT_ARCH)/resample2.o",
					"-lm",
					"-framework",
					Accelerate,
				);
				OTHER_REZFLAGS = "";
				PRODUCT_NAME = chromaprint.1.4.2;
				SECTORDER_FLAGS = "";
				SYMROOT = /Users/jesseditson/code/jesseditson/VinylScrobbler/chromaprint/src;
				USE_HEADERMAP = NO;
				WARNING_CFLAGS = (
					"-Wmost",
					"-Wno-four-char-constants",
					"-Wno-unknown-pragmas",
					"$(inherited)",
				);
			};
			name = MinSizeRel;
		};
		EB3A7D0320BF4149B0E0573E /* Release */ = {
			isa = XCBuildConfiguration;
			buildSettings = {
				COMBINE_HIDPI_IMAGES = YES;
				GCC_GENERATE_DEBUGGING_SYMBOLS = YES;
				GCC_INLINES_ARE_PRIVATE_EXTERN = NO;
				GCC_OPTIMIZATION_LEVEL = 0;
				GCC_PREPROCESSOR_DEFINITIONS = (
					"'CMAKE_INTDIR=\"$(CONFIGURATION)$(EFFECTIVE_PLATFORM_NAME)\"'",
					HAVE_CONFIG_H,
					_SCL_SECURE_NO_WARNINGS,
					_USE_MATH_DEFINES,
					__STDC_LIMIT_MACROS,
					__STDC_CONSTANT_MACROS,
				);
				GCC_SYMBOLS_PRIVATE_EXTERN = NO;
				HEADER_SEARCH_PATHS = (
					/Users/jesseditson/code/jesseditson/VinylScrobbler/chromaprint,
					/Users/jesseditson/code/acoustid/chromaprint/src,
				);
				INSTALL_PATH = "";
				OTHER_LDFLAGS = " ";
				OTHER_REZFLAGS = "";
				PRODUCT_NAME = uninstall;
				SECTORDER_FLAGS = "";
				SYMROOT = /Users/jesseditson/code/jesseditson/VinylScrobbler/chromaprint;
				USE_HEADERMAP = NO;
				WARNING_CFLAGS = (
					"-Wmost",
					"-Wno-four-char-constants",
					"-Wno-unknown-pragmas",
					"$(inherited)",
				);
			};
			name = Release;
		};
		EBF783DB63E64B6BA8F9D8E1 /* Debug */ = {
			isa = XCBuildConfiguration;
			buildSettings = {
				ARCHS = "$(ARCHS_STANDARD_32_BIT)";
				COMBINE_HIDPI_IMAGES = YES;
				GCC_GENERATE_DEBUGGING_SYMBOLS = YES;
				GCC_INLINES_ARE_PRIVATE_EXTERN = NO;
				GCC_OPTIMIZATION_LEVEL = 0;
				GCC_PREPROCESSOR_DEFINITIONS = "'CMAKE_INTDIR=\"$(CONFIGURATION)$(EFFECTIVE_PLATFORM_NAME)\"'";
				GCC_SYMBOLS_PRIVATE_EXTERN = NO;
				HEADER_SEARCH_PATHS = (
					/Users/jesseditson/code/jesseditson/VinylScrobbler/chromaprint,
					/Users/jesseditson/code/acoustid/chromaprint/src,
				);
				INSTALL_PATH = "";
				ONLY_ACTIVE_ARCH = NO;
				OTHER_LDFLAGS = " ";
				OTHER_REZFLAGS = "";
				PRODUCT_NAME = install;
				SECTORDER_FLAGS = "";
				SYMROOT = /Users/jesseditson/code/jesseditson/VinylScrobbler/chromaprint;
				USE_HEADERMAP = NO;
				WARNING_CFLAGS = (
					"-Wmost",
					"-Wno-four-char-constants",
					"-Wno-unknown-pragmas",
					"$(inherited)",
				);
			};
			name = Debug;
		};
		EFC7FE8F53754C1B91FD2C9E /* Debug */ = {
			isa = XCBuildConfiguration;
			buildSettings = {
				COMBINE_HIDPI_IMAGES = YES;
				GCC_GENERATE_DEBUGGING_SYMBOLS = YES;
				GCC_INLINES_ARE_PRIVATE_EXTERN = NO;
				GCC_OPTIMIZATION_LEVEL = 0;
				GCC_PREPROCESSOR_DEFINITIONS = "'CMAKE_INTDIR=\"$(CONFIGURATION)$(EFFECTIVE_PLATFORM_NAME)\"'";
				GCC_SYMBOLS_PRIVATE_EXTERN = NO;
				HEADER_SEARCH_PATHS = (
					/Users/jesseditson/code/jesseditson/VinylScrobbler/chromaprint,
					/Users/jesseditson/code/acoustid/chromaprint/src,
				);
				INSTALL_PATH = "";
				OTHER_LDFLAGS = " ";
				OTHER_REZFLAGS = "";
				PRODUCT_NAME = ALL_BUILD;
				SECTORDER_FLAGS = "";
				SYMROOT = /Users/jesseditson/code/jesseditson/VinylScrobbler/chromaprint;
				USE_HEADERMAP = NO;
				WARNING_CFLAGS = (
					"-Wmost",
					"-Wno-four-char-constants",
					"-Wno-unknown-pragmas",
					"$(inherited)",
				);
			};
			name = Debug;
		};
		FC4DB8D7AEF44606A5E0661B /* MinSizeRel */ = {
			isa = XCBuildConfiguration;
			buildSettings = {
				ARCHS = "$(ARCHS_STANDARD_32_BIT)";
				COMBINE_HIDPI_IMAGES = YES;
				GCC_GENERATE_DEBUGGING_SYMBOLS = YES;
				GCC_INLINES_ARE_PRIVATE_EXTERN = NO;
				GCC_OPTIMIZATION_LEVEL = 0;
				GCC_PREPROCESSOR_DEFINITIONS = "'CMAKE_INTDIR=\"$(CONFIGURATION)$(EFFECTIVE_PLATFORM_NAME)\"'";
				GCC_SYMBOLS_PRIVATE_EXTERN = NO;
				HEADER_SEARCH_PATHS = (
					/Users/jesseditson/code/jesseditson/VinylScrobbler/chromaprint,
					/Users/jesseditson/code/acoustid/chromaprint/src,
				);
				INSTALL_PATH = "";
				ONLY_ACTIVE_ARCH = NO;
				OTHER_LDFLAGS = " ";
				OTHER_REZFLAGS = "";
				PRODUCT_NAME = install;
				SECTORDER_FLAGS = "";
				SYMROOT = /Users/jesseditson/code/jesseditson/VinylScrobbler/chromaprint;
				USE_HEADERMAP = NO;
				WARNING_CFLAGS = (
					"-Wmost",
					"-Wno-four-char-constants",
					"-Wno-unknown-pragmas",
					"$(inherited)",
				);
			};
			name = MinSizeRel;
		};
/* End XCBuildConfiguration section */

/* Begin XCConfigurationList section */
		28105D4F2877461EB958C670 /* Build configuration list for PBXAggregateTarget "docs" */ = {
			isa = XCConfigurationList;
			buildConfigurations = (
				9A215318328043BD8B42311F /* Debug */,
				111391C864394C3FA2EA92B0 /* Release */,
				523D75CA84FC4E598C402E2B /* MinSizeRel */,
				00E2D38A711141ABB02DE753 /* RelWithDebInfo */,
			);
			defaultConfigurationIsVisible = 0;
			defaultConfigurationName = Debug;
		};
		64B07A98F32348CE952FCCC4 /* Build configuration list for PBXNativeTarget "chromaprint" */ = {
			isa = XCConfigurationList;
			buildConfigurations = (
				5575FC742D6E4CCCAE266BDF /* Debug */,
				2B2F564FC4B342AD8D197344 /* Release */,
				E955D12FC9F745169E1D0D5D /* MinSizeRel */,
				8155CC53499A498FBF25EA90 /* RelWithDebInfo */,
			);
			defaultConfigurationIsVisible = 0;
			defaultConfigurationName = Debug;
		};
		9EA98DF065CF410CAC9A4802 /* Build configuration list for PBXAggregateTarget "ZERO_CHECK" */ = {
			isa = XCConfigurationList;
			buildConfigurations = (
				9A0DDB2F9E17436683FC33FA /* Debug */,
				B8115C1C8667425D8F7F1AE6 /* Release */,
				B51505B033704E86B09F76BF /* MinSizeRel */,
				A4E8371A93F04FD6BB43C6EC /* RelWithDebInfo */,
			);
			defaultConfigurationIsVisible = 0;
			defaultConfigurationName = Debug;
		};
		A596723B24804E518F852EA0 /* Build configuration list for PBXProject "chromaprint" */ = {
			isa = XCConfigurationList;
			buildConfigurations = (
				680AF880CC684757AB7E6195 /* Debug */,
				32C18BFA899A45BEB6B9A64C /* Release */,
				D828C4F6F453454C9148EEA7 /* MinSizeRel */,
				B5B10A6AD0BB4FB586675A34 /* RelWithDebInfo */,
			);
			defaultConfigurationIsVisible = 0;
			defaultConfigurationName = Debug;
		};
		BCDE57CAB3114607A3CE474E /* Build configuration list for PBXAggregateTarget "ALL_BUILD" */ = {
			isa = XCConfigurationList;
			buildConfigurations = (
				EFC7FE8F53754C1B91FD2C9E /* Debug */,
				4A2A714A1EA64A3B9FEE081D /* Release */,
				CC93522F5E1A4075AABA832D /* MinSizeRel */,
				375E257B66084B35897ECE1C /* RelWithDebInfo */,
			);
			defaultConfigurationIsVisible = 0;
			defaultConfigurationName = Debug;
		};
		C514E04839944061A997CFCC /* Build configuration list for PBXAggregateTarget "install" */ = {
			isa = XCConfigurationList;
			buildConfigurations = (
				EBF783DB63E64B6BA8F9D8E1 /* Debug */,
				55426E53D0B44C43BA98983F /* Release */,
				FC4DB8D7AEF44606A5E0661B /* MinSizeRel */,
				862BAC91BBF946A583412502 /* RelWithDebInfo */,
			);
			defaultConfigurationIsVisible = 0;
			defaultConfigurationName = Debug;
		};
		D7C247F339A14C8693E3E906 /* Build configuration list for PBXAggregateTarget "uninstall" */ = {
			isa = XCConfigurationList;
			buildConfigurations = (
				9783E10D94CB44158E08D819 /* Debug */,
				EB3A7D0320BF4149B0E0573E /* Release */,
				65F47BA54AE8428B97C01269 /* MinSizeRel */,
				3478DE8A20084EBE821F900A /* RelWithDebInfo */,
			);
			defaultConfigurationIsVisible = 0;
			defaultConfigurationName = Debug;
		};
		DC398D69BAC24824BE0A65E4 /* Build configuration list for PBXNativeTarget "chromaprint_objs" */ = {
			isa = XCConfigurationList;
			buildConfigurations = (
				3808BDBF73744147A4D47A56 /* Debug */,
				4E6CA6FA6BC14E5885DAB1BB /* Release */,
				B3F70A783F30423A87AE95B0 /* MinSizeRel */,
				C12ABB0E2C994DADAE8F96E8 /* RelWithDebInfo */,
			);
			defaultConfigurationIsVisible = 0;
			defaultConfigurationName = Debug;
		};
/* End XCConfigurationList section */
	};
	rootObject = E38A908B0D5646DBBF3F3206 /* Project object */;
}
