// !$*UTF8*$!
{
	archiveVersion = 1;
	classes = {
	};
	objectVersion = 46;
	objects = {

/* Begin PBXBuildFile section */
		2714B1B11CD7D4E700078D2F /* GnDataModel.swift in Sources */ = {isa = PBXBuildFile; fileRef = 2714B1B01CD7D4E700078D2F /* GnDataModel.swift */; };
		279B6EA71CD26ADD0007A597 /* GnAudioVisualizeAdapter.swift in Sources */ = {isa = PBXBuildFile; fileRef = 279B6EA61CD26ADD0007A597 /* GnAudioVisualizeAdapter.swift */; };
		27F54BF91CD1C0DB00889273 /* Main_iPhone.storyboard in Resources */ = {isa = PBXBuildFile; fileRef = 27F54BF81CD1C0DB00889273 /* Main_iPhone.storyboard */; };
		27F54BFA1CD1C0DB00889273 /* Main_iPhone.storyboard in Resources */ = {isa = PBXBuildFile; fileRef = 27F54BF81CD1C0DB00889273 /* Main_iPhone.storyboard */; };
		B41EC68D1CBEE5DB00494119 /* GnSDKObjC.framework in Frameworks */ = {isa = PBXBuildFile; fileRef = B41EC68C1CBEE5DB00494119 /* GnSDKObjC.framework */; };
		B41EC68E1CBEE5DB00494119 /* GnSDKObjC.framework in Frameworks */ = {isa = PBXBuildFile; fileRef = B41EC68C1CBEE5DB00494119 /* GnSDKObjC.framework */; };
		B41EC6911CBEE62600494119 /* gnsdk_extensions.swift in Sources */ = {isa = PBXBuildFile; fileRef = B41EC6901CBEE62600494119 /* gnsdk_extensions.swift */; };
		B44753A31CC00DA30084DBAE /* license.txt in Resources */ = {isa = PBXBuildFile; fileRef = B44753A21CC00DA30084DBAE /* license.txt */; };
		B44753A41CC00DA30084DBAE /* license.txt in Resources */ = {isa = PBXBuildFile; fileRef = B44753A21CC00DA30084DBAE /* license.txt */; };
		B44753A61CCA8C1A0084DBAE /* 1557.b in Resources */ = {isa = PBXBuildFile; fileRef = B44753A51CCA8C1A0084DBAE /* 1557.b */; };
		B44753A71CCA8C1A0084DBAE /* 1557.b in Resources */ = {isa = PBXBuildFile; fileRef = B44753A51CCA8C1A0084DBAE /* 1557.b */; };
		B44753AA1CCA8C5A0084DBAE /* GnDataModel.m in Sources */ = {isa = PBXBuildFile; fileRef = B44753A91CCA8C5A0084DBAE /* GnDataModel.m */; };
		B44753AD1CCA8C850084DBAE /* History.m in Sources */ = {isa = PBXBuildFile; fileRef = B44753AC1CCA8C850084DBAE /* History.m */; };
		B44753B01CCA8CAE0084DBAE /* Metadata.m in Sources */ = {isa = PBXBuildFile; fileRef = B44753AF1CCA8CAE0084DBAE /* Metadata.m */; };
		B44753B31CCA8CCE0084DBAE /* CoverArt.m in Sources */ = {isa = PBXBuildFile; fileRef = B44753B21CCA8CCE0084DBAE /* CoverArt.m */; };
		B44753B61CCA8CEB0084DBAE /* GnAudioVisualizeAdapter.m in Sources */ = {isa = PBXBuildFile; fileRef = B44753B51CCA8CEB0084DBAE /* GnAudioVisualizeAdapter.m */; };
		B44753D51CCA97AD0084DBAE /* Default-568h@2x.png in Resources */ = {isa = PBXBuildFile; fileRef = B44753D41CCA97AD0084DBAE /* Default-568h@2x.png */; };
		B44753DD1CCA984D0084DBAE /* downArrow.png in Resources */ = {isa = PBXBuildFile; fileRef = B44753D61CCA984D0084DBAE /* downArrow.png */; };
		B44753DE1CCA984D0084DBAE /* downArrow.png in Resources */ = {isa = PBXBuildFile; fileRef = B44753D61CCA984D0084DBAE /* downArrow.png */; };
		B44753DF1CCA984D0084DBAE /* emptyImage.png in Resources */ = {isa = PBXBuildFile; fileRef = B44753D71CCA984D0084DBAE /* emptyImage.png */; };
		B44753E01CCA984D0084DBAE /* emptyImage.png in Resources */ = {isa = PBXBuildFile; fileRef = B44753D71CCA984D0084DBAE /* emptyImage.png */; };
		B44753E11CCA984D0084DBAE /* IDNow.png in Resources */ = {isa = PBXBuildFile; fileRef = B44753D81CCA984D0084DBAE /* IDNow.png */; };
		B44753E21CCA984D0084DBAE /* IDNow.png in Resources */ = {isa = PBXBuildFile; fileRef = B44753D81CCA984D0084DBAE /* IDNow.png */; };
		B44753E31CCA984D0084DBAE /* IDNow@2x.png in Resources */ = {isa = PBXBuildFile; fileRef = B44753D91CCA984D0084DBAE /* IDNow@2x.png */; };
		B44753E41CCA984D0084DBAE /* IDNow@2x.png in Resources */ = {isa = PBXBuildFile; fileRef = B44753D91CCA984D0084DBAE /* IDNow@2x.png */; };
		B44753E51CCA984D0084DBAE /* idNowButtonImage.png in Resources */ = {isa = PBXBuildFile; fileRef = B44753DA1CCA984D0084DBAE /* idNowButtonImage.png */; };
		B44753E61CCA984D0084DBAE /* idNowButtonImage.png in Resources */ = {isa = PBXBuildFile; fileRef = B44753DA1CCA984D0084DBAE /* idNowButtonImage.png */; };
		B44753E71CCA984D0084DBAE /* NavBarImage.png in Resources */ = {isa = PBXBuildFile; fileRef = B44753DB1CCA984D0084DBAE /* NavBarImage.png */; };
		B44753E81CCA984D0084DBAE /* NavBarImage.png in Resources */ = {isa = PBXBuildFile; fileRef = B44753DB1CCA984D0084DBAE /* NavBarImage.png */; };
		B44753E91CCA984D0084DBAE /* upArrow.png in Resources */ = {isa = PBXBuildFile; fileRef = B44753DC1CCA984D0084DBAE /* upArrow.png */; };
		B44753EA1CCA984D0084DBAE /* upArrow.png in Resources */ = {isa = PBXBuildFile; fileRef = B44753DC1CCA984D0084DBAE /* upArrow.png */; };
		B44753EE1CCABD980084DBAE /* Model.xcdatamodeld in Sources */ = {isa = PBXBuildFile; fileRef = B44753EC1CCABD980084DBAE /* Model.xcdatamodeld */; };
		B44753EF1CCABD980084DBAE /* Model.xcdatamodeld in Sources */ = {isa = PBXBuildFile; fileRef = B44753EC1CCABD980084DBAE /* Model.xcdatamodeld */; };
		B4752FC41CBEE3EB0059F49D /* main.m in Sources */ = {isa = PBXBuildFile; fileRef = B4752FC31CBEE3EB0059F49D /* main.m */; };
		B4752FC71CBEE3EB0059F49D /* GnAppDelegate.m in Sources */ = {isa = PBXBuildFile; fileRef = B4752FC61CBEE3EB0059F49D /* GnAppDelegate.m */; };
		B4752FCA1CBEE3EB0059F49D /* GnViewController.m in Sources */ = {isa = PBXBuildFile; fileRef = B4752FC91CBEE3EB0059F49D /* GnViewController.m */; };
		B4752FCF1CBEE3EB0059F49D /* Assets.xcassets in Resources */ = {isa = PBXBuildFile; fileRef = B4752FCE1CBEE3EB0059F49D /* Assets.xcassets */; };
		B4752FE01CBEE4160059F49D /* GnAppDelegate.swift in Sources */ = {isa = PBXBuildFile; fileRef = B4752FDF1CBEE4160059F49D /* GnAppDelegate.swift */; };
		B4752FE21CBEE4160059F49D /* GnViewControllerSwift.swift in Sources */ = {isa = PBXBuildFile; fileRef = B4752FE11CBEE4160059F49D /* GnViewControllerSwift.swift */; };
		B4752FE71CBEE4160059F49D /* Assets.xcassets in Resources */ = {isa = PBXBuildFile; fileRef = B4752FE61CBEE4160059F49D /* Assets.xcassets */; };
		B48199A91CD1800B0073D783 /* AVFoundation.framework in Frameworks */ = {isa = PBXBuildFile; fileRef = B48199A81CD1800B0073D783 /* AVFoundation.framework */; };
		B48199AA1CD180180073D783 /* AVFoundation.framework in Frameworks */ = {isa = PBXBuildFile; fileRef = B48199A81CD1800B0073D783 /* AVFoundation.framework */; };
		B48199AC1CD1806D0073D783 /* CoreMedia.framework in Frameworks */ = {isa = PBXBuildFile; fileRef = B48199AB1CD1806D0073D783 /* CoreMedia.framework */; };
		B48199AD1CD180720073D783 /* CoreMedia.framework in Frameworks */ = {isa = PBXBuildFile; fileRef = B48199AB1CD1806D0073D783 /* CoreMedia.framework */; };
/* End PBXBuildFile section */

/* Begin PBXFileReference section */
		2714B1B01CD7D4E700078D2F /* GnDataModel.swift */ = {isa = PBXFileReference; fileEncoding = 4; lastKnownFileType = sourcecode.swift; path = GnDataModel.swift; sourceTree = "<group>"; };
		279B6EA61CD26ADD0007A597 /* GnAudioVisualizeAdapter.swift */ = {isa = PBXFileReference; fileEncoding = 4; lastKnownFileType = sourcecode.swift; path = GnAudioVisualizeAdapter.swift; sourceTree = "<group>"; };
		27F54BF81CD1C0DB00889273 /* Main_iPhone.storyboard */ = {isa = PBXFileReference; fileEncoding = 4; lastKnownFileType = file.storyboard; path = Main_iPhone.storyboard; sourceTree = "<group>"; };
		B41EC68C1CBEE5DB00494119 /* GnSDKObjC.framework */ = {isa = PBXFileReference; lastKnownFileType = wrapper.framework; path = GnSDKObjC.framework; sourceTree = "<group>"; };
		B41EC68F1CBEE61400494119 /* gnsdk-bridge-header.h */ = {isa = PBXFileReference; lastKnownFileType = sourcecode.c.h; path = "gnsdk-bridge-header.h"; sourceTree = "<group>"; };
		B41EC6901CBEE62600494119 /* gnsdk_extensions.swift */ = {isa = PBXFileReference; fileEncoding = 4; lastKnownFileType = sourcecode.swift; path = gnsdk_extensions.swift; sourceTree = "<group>"; };
		B44753A21CC00DA30084DBAE /* license.txt */ = {isa = PBXFileReference; fileEncoding = 4; lastKnownFileType = text; path = license.txt; sourceTree = "<group>"; };
		B44753A51CCA8C1A0084DBAE /* 1557.b */ = {isa = PBXFileReference; lastKnownFileType = file; path = 1557.b; sourceTree = "<group>"; };
		B44753A81CCA8C5A0084DBAE /* GnDataModel.h */ = {isa = PBXFileReference; fileEncoding = 4; lastKnownFileType = sourcecode.c.h; path = GnDataModel.h; sourceTree = "<group>"; };
		B44753A91CCA8C5A0084DBAE /* GnDataModel.m */ = {isa = PBXFileReference; fileEncoding = 4; lastKnownFileType = sourcecode.c.objc; path = GnDataModel.m; sourceTree = "<group>"; };
		B44753AB1CCA8C850084DBAE /* History.h */ = {isa = PBXFileReference; fileEncoding = 4; lastKnownFileType = sourcecode.c.h; path = History.h; sourceTree = "<group>"; };
		B44753AC1CCA8C850084DBAE /* History.m */ = {isa = PBXFileReference; fileEncoding = 4; lastKnownFileType = sourcecode.c.objc; path = History.m; sourceTree = "<group>"; };
		B44753AE1CCA8CAE0084DBAE /* Metadata.h */ = {isa = PBXFileReference; fileEncoding = 4; lastKnownFileType = sourcecode.c.h; path = Metadata.h; sourceTree = "<group>"; };
		B44753AF1CCA8CAE0084DBAE /* Metadata.m */ = {isa = PBXFileReference; fileEncoding = 4; lastKnownFileType = sourcecode.c.objc; path = Metadata.m; sourceTree = "<group>"; };
		B44753B11CCA8CCE0084DBAE /* CoverArt.h */ = {isa = PBXFileReference; fileEncoding = 4; lastKnownFileType = sourcecode.c.h; path = CoverArt.h; sourceTree = "<group>"; };
		B44753B21CCA8CCE0084DBAE /* CoverArt.m */ = {isa = PBXFileReference; fileEncoding = 4; lastKnownFileType = sourcecode.c.objc; path = CoverArt.m; sourceTree = "<group>"; };
		B44753B41CCA8CEB0084DBAE /* GnAudioVisualizeAdapter.h */ = {isa = PBXFileReference; fileEncoding = 4; lastKnownFileType = sourcecode.c.h; path = GnAudioVisualizeAdapter.h; sourceTree = "<group>"; };
		B44753B51CCA8CEB0084DBAE /* GnAudioVisualizeAdapter.m */ = {isa = PBXFileReference; fileEncoding = 4; lastKnownFileType = sourcecode.c.objc; path = GnAudioVisualizeAdapter.m; sourceTree = "<group>"; };
		B44753B71CCA8D4F0084DBAE /* MusicidObjectiveC-Prefix.pch */ = {isa = PBXFileReference; fileEncoding = 4; lastKnownFileType = sourcecode.c.h; path = "MusicidObjectiveC-Prefix.pch"; sourceTree = "<group>"; };
		B44753D41CCA97AD0084DBAE /* Default-568h@2x.png */ = {isa = PBXFileReference; lastKnownFileType = image.png; path = "Default-568h@2x.png"; sourceTree = "<group>"; };
		B44753D61CCA984D0084DBAE /* downArrow.png */ = {isa = PBXFileReference; lastKnownFileType = image.png; path = downArrow.png; sourceTree = "<group>"; };
		B44753D71CCA984D0084DBAE /* emptyImage.png */ = {isa = PBXFileReference; lastKnownFileType = image.png; path = emptyImage.png; sourceTree = "<group>"; };
		B44753D81CCA984D0084DBAE /* IDNow.png */ = {isa = PBXFileReference; lastKnownFileType = image.png; path = IDNow.png; sourceTree = "<group>"; };
		B44753D91CCA984D0084DBAE /* IDNow@2x.png */ = {isa = PBXFileReference; lastKnownFileType = image.png; path = "IDNow@2x.png"; sourceTree = "<group>"; };
		B44753DA1CCA984D0084DBAE /* idNowButtonImage.png */ = {isa = PBXFileReference; lastKnownFileType = image.png; path = idNowButtonImage.png; sourceTree = "<group>"; };
		B44753DB1CCA984D0084DBAE /* NavBarImage.png */ = {isa = PBXFileReference; lastKnownFileType = image.png; path = NavBarImage.png; sourceTree = "<group>"; };
		B44753DC1CCA984D0084DBAE /* upArrow.png */ = {isa = PBXFileReference; lastKnownFileType = image.png; path = upArrow.png; sourceTree = "<group>"; };
		B44753ED1CCABD980084DBAE /* Model.xcdatamodel */ = {isa = PBXFileReference; lastKnownFileType = wrapper.xcdatamodel; path = Model.xcdatamodel; sourceTree = "<group>"; };
		B4752FBF1CBEE3EB0059F49D /* GracenoteMusicId.app */ = {isa = PBXFileReference; explicitFileType = wrapper.application; includeInIndex = 0; path = GracenoteMusicId.app; sourceTree = BUILT_PRODUCTS_DIR; };
		B4752FC31CBEE3EB0059F49D /* main.m */ = {isa = PBXFileReference; lastKnownFileType = sourcecode.c.objc; path = main.m; sourceTree = "<group>"; };
		B4752FC51CBEE3EB0059F49D /* GnAppDelegate.h */ = {isa = PBXFileReference; lastKnownFileType = sourcecode.c.h; path = GnAppDelegate.h; sourceTree = "<group>"; };
		B4752FC61CBEE3EB0059F49D /* GnAppDelegate.m */ = {isa = PBXFileReference; lastKnownFileType = sourcecode.c.objc; path = GnAppDelegate.m; sourceTree = "<group>"; };
		B4752FC81CBEE3EB0059F49D /* GnViewController.h */ = {isa = PBXFileReference; lastKnownFileType = sourcecode.c.h; path = GnViewController.h; sourceTree = "<group>"; };
		B4752FC91CBEE3EB0059F49D /* GnViewController.m */ = {isa = PBXFileReference; lastKnownFileType = sourcecode.c.objc; path = GnViewController.m; sourceTree = "<group>"; };
		B4752FCE1CBEE3EB0059F49D /* Assets.xcassets */ = {isa = PBXFileReference; lastKnownFileType = folder.assetcatalog; path = Assets.xcassets; sourceTree = "<group>"; };
		B4752FD31CBEE3EB0059F49D /* Info.plist */ = {isa = PBXFileReference; lastKnownFileType = text.plist.xml; path = Info.plist; sourceTree = "<group>"; };
		B4752FDD1CBEE4160059F49D /* GracenoteMusicId.app */ = {isa = PBXFileReference; explicitFileType = wrapper.application; includeInIndex = 0; path = GracenoteMusicId.app; sourceTree = BUILT_PRODUCTS_DIR; };
		B4752FDF1CBEE4160059F49D /* GnAppDelegate.swift */ = {isa = PBXFileReference; lastKnownFileType = sourcecode.swift; path = GnAppDelegate.swift; sourceTree = "<group>"; };
		B4752FE11CBEE4160059F49D /* GnViewControllerSwift.swift */ = {isa = PBXFileReference; lastKnownFileType = sourcecode.swift; path = GnViewControllerSwift.swift; sourceTree = "<group>"; };
		B4752FE61CBEE4160059F49D /* Assets.xcassets */ = {isa = PBXFileReference; lastKnownFileType = folder.assetcatalog; path = Assets.xcassets; sourceTree = "<group>"; };
		B4752FEB1CBEE4160059F49D /* Info.plist */ = {isa = PBXFileReference; lastKnownFileType = text.plist.xml; path = Info.plist; sourceTree = "<group>"; };
		B48199A81CD1800B0073D783 /* AVFoundation.framework */ = {isa = PBXFileReference; lastKnownFileType = wrapper.framework; name = AVFoundation.framework; path = System/Library/Frameworks/AVFoundation.framework; sourceTree = SDKROOT; };
		B48199AB1CD1806D0073D783 /* CoreMedia.framework */ = {isa = PBXFileReference; lastKnownFileType = wrapper.framework; name = CoreMedia.framework; path = System/Library/Frameworks/CoreMedia.framework; sourceTree = SDKROOT; };
/* End PBXFileReference section */

/* Begin PBXFrameworksBuildPhase section */
		B4752FBC1CBEE3EB0059F49D /* Frameworks */ = {
			isa = PBXFrameworksBuildPhase;
			buildActionMask = 2147483647;
			files = (
				B48199AC1CD1806D0073D783 /* CoreMedia.framework in Frameworks */,
				B48199AA1CD180180073D783 /* AVFoundation.framework in Frameworks */,
				B41EC68D1CBEE5DB00494119 /* GnSDKObjC.framework in Frameworks */,
			);
			runOnlyForDeploymentPostprocessing = 0;
		};
		B4752FDA1CBEE4160059F49D /* Frameworks */ = {
			isa = PBXFrameworksBuildPhase;
			buildActionMask = 2147483647;
			files = (
				B48199AD1CD180720073D783 /* CoreMedia.framework in Frameworks */,
				B48199A91CD1800B0073D783 /* AVFoundation.framework in Frameworks */,
				B41EC68E1CBEE5DB00494119 /* GnSDKObjC.framework in Frameworks */,
			);
			runOnlyForDeploymentPostprocessing = 0;
		};
/* End PBXFrameworksBuildPhase section */

/* Begin PBXGroup section */
		B44753EB1CCA98550084DBAE /* Images */ = {
			isa = PBXGroup;
			children = (
				B44753D41CCA97AD0084DBAE /* Default-568h@2x.png */,
				B44753D61CCA984D0084DBAE /* downArrow.png */,
				B44753D71CCA984D0084DBAE /* emptyImage.png */,
				B44753D81CCA984D0084DBAE /* IDNow.png */,
				B44753D91CCA984D0084DBAE /* IDNow@2x.png */,
				B44753DA1CCA984D0084DBAE /* idNowButtonImage.png */,
				B44753DB1CCA984D0084DBAE /* NavBarImage.png */,
				B44753DC1CCA984D0084DBAE /* upArrow.png */,
			);
			name = Images;
			sourceTree = "<group>";
		};
		B4752FB61CBEE3EB0059F49D = {
			isa = PBXGroup;
			children = (
				B48199AB1CD1806D0073D783 /* CoreMedia.framework */,
				B48199A81CD1800B0073D783 /* AVFoundation.framework */,
				B41EC68C1CBEE5DB00494119 /* GnSDKObjC.framework */,
				B44753A51CCA8C1A0084DBAE /* 1557.b */,
				27F54BF81CD1C0DB00889273 /* Main_iPhone.storyboard */,
				B44753EC1CCABD980084DBAE /* Model.xcdatamodeld */,
				B44753A21CC00DA30084DBAE /* license.txt */,
				B44753EB1CCA98550084DBAE /* Images */,
				B4752FC11CBEE3EB0059F49D /* MusicIdObjectiveC */,
				B4752FDE1CBEE4160059F49D /* MusicIdSwift */,
				B4752FC01CBEE3EB0059F49D /* Products */,
			);
			sourceTree = "<group>";
		};
		B4752FC01CBEE3EB0059F49D /* Products */ = {
			isa = PBXGroup;
			children = (
				B4752FBF1CBEE3EB0059F49D /* GracenoteMusicId.app */,
				B4752FDD1CBEE4160059F49D /* GracenoteMusicId.app */,
			);
			name = Products;
			sourceTree = "<group>";
		};
		B4752FC11CBEE3EB0059F49D /* MusicIdObjectiveC */ = {
			isa = PBXGroup;
			children = (
				B4752FC51CBEE3EB0059F49D /* GnAppDelegate.h */,
				B4752FC61CBEE3EB0059F49D /* GnAppDelegate.m */,
				B4752FC81CBEE3EB0059F49D /* GnViewController.h */,
				B4752FC91CBEE3EB0059F49D /* GnViewController.m */,
				B44753A81CCA8C5A0084DBAE /* GnDataModel.h */,
				B44753A91CCA8C5A0084DBAE /* GnDataModel.m */,
				B44753B41CCA8CEB0084DBAE /* GnAudioVisualizeAdapter.h */,
				B44753B51CCA8CEB0084DBAE /* GnAudioVisualizeAdapter.m */,
				B44753AB1CCA8C850084DBAE /* History.h */,
				B44753AC1CCA8C850084DBAE /* History.m */,
				B44753AE1CCA8CAE0084DBAE /* Metadata.h */,
				B44753AF1CCA8CAE0084DBAE /* Metadata.m */,
				B44753B11CCA8CCE0084DBAE /* CoverArt.h */,
				B44753B21CCA8CCE0084DBAE /* CoverArt.m */,
				B4752FCE1CBEE3EB0059F49D /* Assets.xcassets */,
				B4752FC21CBEE3EB0059F49D /* Supporting Files */,
			);
			path = MusicIdObjectiveC;
			sourceTree = "<group>";
		};
		B4752FC21CBEE3EB0059F49D /* Supporting Files */ = {
			isa = PBXGroup;
			children = (
				B4752FC31CBEE3EB0059F49D /* main.m */,
				B44753B71CCA8D4F0084DBAE /* MusicidObjectiveC-Prefix.pch */,
				B4752FD31CBEE3EB0059F49D /* Info.plist */,
			);
			name = "Supporting Files";
			sourceTree = "<group>";
		};
		B4752FDE1CBEE4160059F49D /* MusicIdSwift */ = {
			isa = PBXGroup;
			children = (
				B41EC68F1CBEE61400494119 /* gnsdk-bridge-header.h */,
				2714B1B01CD7D4E700078D2F /* GnDataModel.swift */,
				B41EC6901CBEE62600494119 /* gnsdk_extensions.swift */,
				B4752FDF1CBEE4160059F49D /* GnAppDelegate.swift */,
				279B6EA61CD26ADD0007A597 /* GnAudioVisualizeAdapter.swift */,
				B4752FE11CBEE4160059F49D /* GnViewControllerSwift.swift */,
				B4752FE61CBEE4160059F49D /* Assets.xcassets */,
				B4752FEB1CBEE4160059F49D /* Info.plist */,
			);
			path = MusicIdSwift;
			sourceTree = "<group>";
		};
/* End PBXGroup section */

/* Begin PBXNativeTarget section */
		B4752FBE1CBEE3EB0059F49D /* GracenoteMusicId */ = {
			isa = PBXNativeTarget;
			buildConfigurationList = B4752FD61CBEE3EB0059F49D /* Build configuration list for PBXNativeTarget "GracenoteMusicId" */;
			buildPhases = (
				B4752FBB1CBEE3EB0059F49D /* Sources */,
				B4752FBC1CBEE3EB0059F49D /* Frameworks */,
				B4752FBD1CBEE3EB0059F49D /* Resources */,
			);
			buildRules = (
			);
			dependencies = (
			);
			name = GracenoteMusicId;
			productName = MusicIdObjectiveC;
			productReference = B4752FBF1CBEE3EB0059F49D /* GracenoteMusicId.app */;
			productType = "com.apple.product-type.application";
		};
		B4752FDC1CBEE4160059F49D /* GracenoteMusicIdSwift */ = {
			isa = PBXNativeTarget;
			buildConfigurationList = B4752FEC1CBEE4160059F49D /* Build configuration list for PBXNativeTarget "GracenoteMusicIdSwift" */;
			buildPhases = (
				B4752FD91CBEE4160059F49D /* Sources */,
				B4752FDA1CBEE4160059F49D /* Frameworks */,
				B4752FDB1CBEE4160059F49D /* Resources */,
			);
			buildRules = (
			);
			dependencies = (
			);
			name = GracenoteMusicIdSwift;
			productName = MusicIdSwift;
			productReference = B4752FDD1CBEE4160059F49D /* GracenoteMusicId.app */;
			productType = "com.apple.product-type.application";
		};
/* End PBXNativeTarget section */

/* Begin PBXProject section */
		B4752FB71CBEE3EB0059F49D /* Project object */ = {
			isa = PBXProject;
			attributes = {
				LastSwiftUpdateCheck = 0730;
				LastUpgradeCheck = 0730;
				ORGANIZATIONNAME = Gracenote;
				TargetAttributes = {
					B4752FBE1CBEE3EB0059F49D = {
						CreatedOnToolsVersion = 7.3;
					};
					B4752FDC1CBEE4160059F49D = {
						CreatedOnToolsVersion = 7.3;
					};
				};
			};
			buildConfigurationList = B4752FBA1CBEE3EB0059F49D /* Build configuration list for PBXProject "GracenoteMusicId" */;
			compatibilityVersion = "Xcode 3.2";
			developmentRegion = English;
			hasScannedForEncodings = 0;
			knownRegions = (
				en,
				Base,
			);
			mainGroup = B4752FB61CBEE3EB0059F49D;
			productRefGroup = B4752FC01CBEE3EB0059F49D /* Products */;
			projectDirPath = "";
			projectRoot = "";
			targets = (
				B4752FBE1CBEE3EB0059F49D /* GracenoteMusicId */,
				B4752FDC1CBEE4160059F49D /* GracenoteMusicIdSwift */,
			);
		};
/* End PBXProject section */

/* Begin PBXResourcesBuildPhase section */
		B4752FBD1CBEE3EB0059F49D /* Resources */ = {
			isa = PBXResourcesBuildPhase;
			buildActionMask = 2147483647;
			files = (
				B44753A61CCA8C1A0084DBAE /* 1557.b in Resources */,
				B44753E71CCA984D0084DBAE /* NavBarImage.png in Resources */,
				B4752FCF1CBEE3EB0059F49D /* Assets.xcassets in Resources */,
				B44753E51CCA984D0084DBAE /* idNowButtonImage.png in Resources */,
				B44753DF1CCA984D0084DBAE /* emptyImage.png in Resources */,
				B44753E31CCA984D0084DBAE /* IDNow@2x.png in Resources */,
				B44753DD1CCA984D0084DBAE /* downArrow.png in Resources */,
				B44753E11CCA984D0084DBAE /* IDNow.png in Resources */,
				27F54BF91CD1C0DB00889273 /* Main_iPhone.storyboard in Resources */,
				B44753D51CCA97AD0084DBAE /* Default-568h@2x.png in Resources */,
				B44753E91CCA984D0084DBAE /* upArrow.png in Resources */,
				B44753A31CC00DA30084DBAE /* license.txt in Resources */,
			);
			runOnlyForDeploymentPostprocessing = 0;
		};
		B4752FDB1CBEE4160059F49D /* Resources */ = {
			isa = PBXResourcesBuildPhase;
			buildActionMask = 2147483647;
			files = (
				B44753A71CCA8C1A0084DBAE /* 1557.b in Resources */,
				B44753E81CCA984D0084DBAE /* NavBarImage.png in Resources */,
				B4752FE71CBEE4160059F49D /* Assets.xcassets in Resources */,
				B44753E61CCA984D0084DBAE /* idNowButtonImage.png in Resources */,
				B44753E01CCA984D0084DBAE /* emptyImage.png in Resources */,
				B44753E41CCA984D0084DBAE /* IDNow@2x.png in Resources */,
				B44753DE1CCA984D0084DBAE /* downArrow.png in Resources */,
				B44753E21CCA984D0084DBAE /* IDNow.png in Resources */,
				B44753A41CC00DA30084DBAE /* license.txt in Resources */,
				B44753EA1CCA984D0084DBAE /* upArrow.png in Resources */,
				27F54BFA1CD1C0DB00889273 /* Main_iPhone.storyboard in Resources */,
			);
			runOnlyForDeploymentPostprocessing = 0;
		};
/* End PBXResourcesBuildPhase section */

/* Begin PBXSourcesBuildPhase section */
		B4752FBB1CBEE3EB0059F49D /* Sources */ = {
			isa = PBXSourcesBuildPhase;
			buildActionMask = 2147483647;
			files = (
				B44753B61CCA8CEB0084DBAE /* GnAudioVisualizeAdapter.m in Sources */,
				B44753B01CCA8CAE0084DBAE /* Metadata.m in Sources */,
				B44753B31CCA8CCE0084DBAE /* CoverArt.m in Sources */,
				B44753AA1CCA8C5A0084DBAE /* GnDataModel.m in Sources */,
				B4752FCA1CBEE3EB0059F49D /* GnViewController.m in Sources */,
				B44753EE1CCABD980084DBAE /* Model.xcdatamodeld in Sources */,
				B4752FC71CBEE3EB0059F49D /* GnAppDelegate.m in Sources */,
				B44753AD1CCA8C850084DBAE /* History.m in Sources */,
				B4752FC41CBEE3EB0059F49D /* main.m in Sources */,
			);
			runOnlyForDeploymentPostprocessing = 0;
		};
		B4752FD91CBEE4160059F49D /* Sources */ = {
			isa = PBXSourcesBuildPhase;
			buildActionMask = 2147483647;
			files = (
				B4752FE21CBEE4160059F49D /* GnViewControllerSwift.swift in Sources */,
				B4752FE01CBEE4160059F49D /* GnAppDelegate.swift in Sources */,
				B41EC6911CBEE62600494119 /* gnsdk_extensions.swift in Sources */,
				B44753EF1CCABD980084DBAE /* Model.xcdatamodeld in Sources */,
				2714B1B11CD7D4E700078D2F /* GnDataModel.swift in Sources */,
				279B6EA71CD26ADD0007A597 /* GnAudioVisualizeAdapter.swift in Sources */,
			);
			runOnlyForDeploymentPostprocessing = 0;
		};
/* End PBXSourcesBuildPhase section */

/* Begin XCBuildConfiguration section */
		B4752FD41CBEE3EB0059F49D /* Debug */ = {
			isa = XCBuildConfiguration;
			buildSettings = {
				ALWAYS_SEARCH_USER_PATHS = NO;
				CLANG_ANALYZER_NONNULL = YES;
				CLANG_CXX_LANGUAGE_STANDARD = "gnu++0x";
				CLANG_CXX_LIBRARY = "libc++";
				CLANG_ENABLE_MODULES = YES;
				CLANG_ENABLE_OBJC_ARC = YES;
				CLANG_WARN_BOOL_CONVERSION = YES;
				CLANG_WARN_CONSTANT_CONVERSION = YES;
				CLANG_WARN_DIRECT_OBJC_ISA_USAGE = YES_ERROR;
				CLANG_WARN_EMPTY_BODY = YES;
				CLANG_WARN_ENUM_CONVERSION = YES;
				CLANG_WARN_INT_CONVERSION = YES;
				CLANG_WARN_OBJC_ROOT_CLASS = YES_ERROR;
				CLANG_WARN_UNREACHABLE_CODE = YES;
				CLANG_WARN__DUPLICATE_METHOD_MATCH = YES;
				"CODE_SIGN_IDENTITY[sdk=iphoneos*]" = "iPhone Developer";
				COPY_PHASE_STRIP = NO;
				DEBUG_INFORMATION_FORMAT = dwarf;
				ENABLE_STRICT_OBJC_MSGSEND = YES;
				ENABLE_TESTABILITY = YES;
				GCC_C_LANGUAGE_STANDARD = gnu99;
				GCC_DYNAMIC_NO_PIC = NO;
				GCC_NO_COMMON_BLOCKS = YES;
				GCC_OPTIMIZATION_LEVEL = 0;
				GCC_PREPROCESSOR_DEFINITIONS = (
					"DEBUG=1",
					"$(inherited)",
				);
				GCC_WARN_64_TO_32_BIT_CONVERSION = YES;
				GCC_WARN_ABOUT_RETURN_TYPE = YES_ERROR;
				GCC_WARN_UNDECLARED_SELECTOR = YES;
				GCC_WARN_UNINITIALIZED_AUTOS = YES_AGGRESSIVE;
				GCC_WARN_UNUSED_FUNCTION = YES;
				GCC_WARN_UNUSED_VARIABLE = YES;
				IPHONEOS_DEPLOYMENT_TARGET = 9.3;
				MTL_ENABLE_DEBUG_INFO = YES;
				ONLY_ACTIVE_ARCH = YES;
				SDKROOT = iphoneos;
				TARGETED_DEVICE_FAMILY = "1,2";
			};
			name = Debug;
		};
		B4752FD51CBEE3EB0059F49D /* Release */ = {
			isa = XCBuildConfiguration;
			buildSettings = {
				ALWAYS_SEARCH_USER_PATHS = NO;
				CLANG_ANALYZER_NONNULL = YES;
				CLANG_CXX_LANGUAGE_STANDARD = "gnu++0x";
				CLANG_CXX_LIBRARY = "libc++";
				CLANG_ENABLE_MODULES = YES;
				CLANG_ENABLE_OBJC_ARC = YES;
				CLANG_WARN_BOOL_CONVERSION = YES;
				CLANG_WARN_CONSTANT_CONVERSION = YES;
				CLANG_WARN_DIRECT_OBJC_ISA_USAGE = YES_ERROR;
				CLANG_WARN_EMPTY_BODY = YES;
				CLANG_WARN_ENUM_CONVERSION = YES;
				CLANG_WARN_INT_CONVERSION = YES;
				CLANG_WARN_OBJC_ROOT_CLASS = YES_ERROR;
				CLANG_WARN_UNREACHABLE_CODE = YES;
				CLANG_WARN__DUPLICATE_METHOD_MATCH = YES;
				"CODE_SIGN_IDENTITY[sdk=iphoneos*]" = "iPhone Developer";
				COPY_PHASE_STRIP = NO;
				DEBUG_INFORMATION_FORMAT = "dwarf-with-dsym";
				ENABLE_NS_ASSERTIONS = NO;
				ENABLE_STRICT_OBJC_MSGSEND = YES;
				GCC_C_LANGUAGE_STANDARD = gnu99;
				GCC_NO_COMMON_BLOCKS = YES;
				GCC_WARN_64_TO_32_BIT_CONVERSION = YES;
				GCC_WARN_ABOUT_RETURN_TYPE = YES_ERROR;
				GCC_WARN_UNDECLARED_SELECTOR = YES;
				GCC_WARN_UNINITIALIZED_AUTOS = YES_AGGRESSIVE;
				GCC_WARN_UNUSED_FUNCTION = YES;
				GCC_WARN_UNUSED_VARIABLE = YES;
				IPHONEOS_DEPLOYMENT_TARGET = 9.3;
				MTL_ENABLE_DEBUG_INFO = NO;
				SDKROOT = iphoneos;
				TARGETED_DEVICE_FAMILY = "1,2";
				VALIDATE_PRODUCT = YES;
			};
			name = Release;
		};
		B4752FD71CBEE3EB0059F49D /* Debug */ = {
			isa = XCBuildConfiguration;
			buildSettings = {
				ASSETCATALOG_COMPILER_APPICON_NAME = AppIcon;
				FRAMEWORK_SEARCH_PATHS = (
					"$(inherited)",
					"$(PROJECT_DIR)",
				);
				GCC_PREFIX_HEADER = "MusicidObjectiveC/MusicidObjectiveC-Prefix.pch";
				INFOPLIST_FILE = MusicIdObjectiveC/Info.plist;
				IPHONEOS_DEPLOYMENT_TARGET = 6.0;
				LD_RUNPATH_SEARCH_PATHS = "$(inherited) @executable_path/Frameworks";
				OTHER_LDFLAGS = (
					"-lstdc++",
					"-ObjC",
				);
				PRODUCT_BUNDLE_IDENTIFIER = Gracenote.MusicIdObjectiveC;
				PRODUCT_NAME = GracenoteMusicId;
				TARGETED_DEVICE_FAMILY = 1;
			};
			name = Debug;
		};
		B4752FD81CBEE3EB0059F49D /* Release */ = {
			isa = XCBuildConfiguration;
			buildSettings = {
				ASSETCATALOG_COMPILER_APPICON_NAME = AppIcon;
				FRAMEWORK_SEARCH_PATHS = (
					"$(inherited)",
					"$(PROJECT_DIR)",
				);
				GCC_PREFIX_HEADER = "MusicidObjectiveC/MusicidObjectiveC-Prefix.pch";
				INFOPLIST_FILE = MusicIdObjectiveC/Info.plist;
				IPHONEOS_DEPLOYMENT_TARGET = 6.0;
				LD_RUNPATH_SEARCH_PATHS = "$(inherited) @executable_path/Frameworks";
				OTHER_LDFLAGS = (
					"-lstdc++",
					"-ObjC",
				);
				PRODUCT_BUNDLE_IDENTIFIER = Gracenote.MusicIdObjectiveC;
				PRODUCT_NAME = GracenoteMusicId;
				TARGETED_DEVICE_FAMILY = 1;
			};
			name = Release;
		};
		B4752FED1CBEE4160059F49D /* Debug */ = {
			isa = XCBuildConfiguration;
			buildSettings = {
				ASSETCATALOG_COMPILER_APPICON_NAME = AppIcon;
				CLANG_CXX_LIBRARY = "libc++";
				FRAMEWORK_SEARCH_PATHS = (
					"$(inherited)",
					"$(PROJECT_DIR)",
				);
				INFOPLIST_FILE = MusicIdSwift/Info.plist;
				IPHONEOS_DEPLOYMENT_TARGET = 7.0;
				LD_RUNPATH_SEARCH_PATHS = "$(inherited) @executable_path/Frameworks";
				"OTHER_LDFLAGS[arch=*]" = (
					"-lstdc++",
					"-ObjC",
				);
				PRODUCT_BUNDLE_IDENTIFIER = Gracenote.MusicIdSwift;
				PRODUCT_NAME = GracenoteMusicId;
				"SWIFT_OBJC_BRIDGING_HEADER[arch=*]" = "./MusicIdSwift/gnsdk-bridge-header.h";
				SWIFT_OPTIMIZATION_LEVEL = "-Onone";
				TARGETED_DEVICE_FAMILY = 1;
			};
			name = Debug;
		};
		B4752FEE1CBEE4160059F49D /* Release */ = {
			isa = XCBuildConfiguration;
			buildSettings = {
				ASSETCATALOG_COMPILER_APPICON_NAME = AppIcon;
				CLANG_CXX_LIBRARY = "libc++";
				FRAMEWORK_SEARCH_PATHS = (
					"$(inherited)",
					"$(PROJECT_DIR)",
				);
				INFOPLIST_FILE = MusicIdSwift/Info.plist;
				IPHONEOS_DEPLOYMENT_TARGET = 7.0;
				LD_RUNPATH_SEARCH_PATHS = "$(inherited) @executable_path/Frameworks";
				"OTHER_LDFLAGS[arch=*]" = (
					"-lstdc++",
					"-ObjC",
				);
				PRODUCT_BUNDLE_IDENTIFIER = Gracenote.MusicIdSwift;
				PRODUCT_NAME = GracenoteMusicId;
				"SWIFT_OBJC_BRIDGING_HEADER[arch=*]" = "./MusicIdSwift/gnsdk-bridge-header.h";
				TARGETED_DEVICE_FAMILY = 1;
			};
			name = Release;
		};
/* End XCBuildConfiguration section */

/* Begin XCConfigurationList section */
		B4752FBA1CBEE3EB0059F49D /* Build configuration list for PBXProject "GracenoteMusicId" */ = {
			isa = XCConfigurationList;
			buildConfigurations = (
				B4752FD41CBEE3EB0059F49D /* Debug */,
				B4752FD51CBEE3EB0059F49D /* Release */,
			);
			defaultConfigurationIsVisible = 0;
			defaultConfigurationName = Release;
		};
		B4752FD61CBEE3EB0059F49D /* Build configuration list for PBXNativeTarget "GracenoteMusicId" */ = {
			isa = XCConfigurationList;
			buildConfigurations = (
				B4752FD71CBEE3EB0059F49D /* Debug */,
				B4752FD81CBEE3EB0059F49D /* Release */,
			);
			defaultConfigurationIsVisible = 0;
			defaultConfigurationName = Release;
		};
		B4752FEC1CBEE4160059F49D /* Build configuration list for PBXNativeTarget "GracenoteMusicIdSwift" */ = {
			isa = XCConfigurationList;
			buildConfigurations = (
				B4752FED1CBEE4160059F49D /* Debug */,
				B4752FEE1CBEE4160059F49D /* Release */,
			);
			defaultConfigurationIsVisible = 0;
			defaultConfigurationName = Release;
		};
/* End XCConfigurationList section */

/* Begin XCVersionGroup section */
		B44753EC1CCABD980084DBAE /* Model.xcdatamodeld */ = {
			isa = XCVersionGroup;
			children = (
				B44753ED1CCABD980084DBAE /* Model.xcdatamodel */,
			);
			currentVersion = B44753ED1CCABD980084DBAE /* Model.xcdatamodel */;
			path = Model.xcdatamodeld;
			sourceTree = "<group>";
			versionGroupType = wrapper.xcdatamodel;
		};
/* End XCVersionGroup section */
	};
	rootObject = B4752FB71CBEE3EB0059F49D /* Project object */;
}
